{
  "version": 4,
  "terraform_version": "1.10.5",
  "serial": 4092,
  "lineage": "1b003695-6874-2a42-e7f0-b9bc0757bce0",
  "outputs": {
    "private_subnet_1_id": {
      "value": "subnet-0f9ad854eacfd2183",
      "type": "string"
    },
    "public_subnet2_cidr_block": {
      "value": "10.123.2.0/24",
      "type": "string"
    },
    "public_subnet_1_id": {
      "value": "subnet-08ecd799ca3dbb6e1",
      "type": "string"
    },
    "public_subnet_2_id": {
      "value": "subnet-0edd318876dc286c4",
      "type": "string"
    },
    "vpc2_id": {
      "value": "vpc-0a0880238d4a57703",
      "type": "string"
    },
    "vpc_1_cidr": {
      "value": "10.123.0.0/16",
      "type": "string"
    },
    "vpc_2_cidr": {
      "value": "192.168.0.0/16",
      "type": "string"
    },
    "vpc_id": {
      "value": "vpc-080424e43cca7ac1c",
      "type": "string"
    }
  },
  "resources": [
    {
      "module": "module.cloudwatch",
      "mode": "managed",
      "type": "aws_cloudwatch_log_group",
      "name": "yada",
      "provider": "provider[\"registry.terraform.io/hashicorp/aws\"]",
      "instances": [
        {
          "schema_version": 0,
          "attributes": {
            "arn": "arn:aws:logs:eu-west-2:233966445372:log-group:Yada",
            "id": "Yada",
            "kms_key_id": "",
            "name": "Yada",
            "name_prefix": null,
            "retention_in_days": 0,
            "tags": {
              "Application": "serviceA",
              "Environment": "production"
            },
            "tags_all": {
              "Application": "serviceA",
              "Environment": "production"
            }
          },
          "sensitive_attributes": [],
          "private": "bnVsbA=="
        }
      ]
    },
    {
      "module": "module.cloudwatch",
      "mode": "managed",
      "type": "aws_cloudwatch_metric_alarm",
      "name": "read_capacity_alarm",
      "provider": "provider[\"registry.terraform.io/hashicorp/aws\"]",
      "instances": [
        {
          "schema_version": 1,
          "attributes": {
            "actions_enabled": true,
            "alarm_actions": [],
            "alarm_description": "This metric monitors DynamoDB read capacity usage",
            "alarm_name": "terraform-test-read-capacity",
            "arn": "arn:aws:cloudwatch:eu-west-2:233966445372:alarm:terraform-test-read-capacity",
            "comparison_operator": "LessThanThreshold",
            "datapoints_to_alarm": 0,
            "dimensions": {},
            "evaluate_low_sample_count_percentiles": "",
            "evaluation_periods": 5,
            "extended_statistic": "",
            "id": "terraform-test-read-capacity",
            "insufficient_data_actions": [],
            "metric_name": "ConsumedReadCapacityUnits",
            "metric_query": [],
            "namespace": "AWS/DynamoDB",
            "ok_actions": [],
            "period": 60,
            "statistic": "Average",
            "tags": {},
            "tags_all": {},
            "threshold": 50,
            "threshold_metric_id": "",
            "treat_missing_data": "missing",
            "unit": ""
          },
          "sensitive_attributes": [],
          "private": "eyJzY2hlbWFfdmVyc2lvbiI6IjEifQ=="
        }
      ]
    },
    {
      "module": "module.cloudwatch",
      "mode": "managed",
      "type": "aws_cloudwatch_metric_alarm",
      "name": "write_capacity_alarm",
      "provider": "provider[\"registry.terraform.io/hashicorp/aws\"]",
      "instances": [
        {
          "schema_version": 1,
          "attributes": {
            "actions_enabled": true,
            "alarm_actions": [],
            "alarm_description": "This metric monitors DynamoDB write capacity usage",
            "alarm_name": "terraform-test-write-capacity",
            "arn": "arn:aws:cloudwatch:eu-west-2:233966445372:alarm:terraform-test-write-capacity",
            "comparison_operator": "LessThanThreshold",
            "datapoints_to_alarm": 0,
            "dimensions": {},
            "evaluate_low_sample_count_percentiles": "",
            "evaluation_periods": 5,
            "extended_statistic": "",
            "id": "terraform-test-write-capacity",
            "insufficient_data_actions": [],
            "metric_name": "ConsumedWriteCapacityUnits",
            "metric_query": [],
            "namespace": "AWS/DynamoDB",
            "ok_actions": [],
            "period": 60,
            "statistic": "Average",
            "tags": {},
            "tags_all": {},
            "threshold": 50,
            "threshold_metric_id": "",
            "treat_missing_data": "missing",
            "unit": ""
          },
          "sensitive_attributes": [],
          "private": "eyJzY2hlbWFfdmVyc2lvbiI6IjEifQ=="
        }
      ]
    },
    {
      "module": "module.document_db",
      "mode": "data",
      "type": "aws_ami",
      "name": "ubuntu-ami",
      "provider": "provider[\"registry.terraform.io/hashicorp/aws\"]",
      "instances": [
        {
          "schema_version": 0,
          "attributes": {
            "architecture": "x86_64",
            "arn": "arn:aws:ec2:eu-west-2::image/ami-0fef583e486727263",
            "block_device_mappings": [
              {
                "device_name": "/dev/sda1",
                "ebs": {
                  "delete_on_termination": "true",
                  "encrypted": "false",
                  "iops": "0",
                  "snapshot_id": "snap-0350df490e829a935",
                  "throughput": "0",
                  "volume_size": "8",
                  "volume_type": "gp2"
                },
                "no_device": "",
                "virtual_name": ""
              },
              {
                "device_name": "/dev/sdb",
                "ebs": {},
                "no_device": "",
                "virtual_name": "ephemeral0"
              },
              {
                "device_name": "/dev/sdc",
                "ebs": {},
                "no_device": "",
                "virtual_name": "ephemeral1"
              }
            ],
            "creation_date": "2025-03-27T06:51:40.000Z",
            "description": "Canonical, Ubuntu, 22.04, amd64 jammy image",
            "ena_support": true,
            "executable_users": null,
            "filter": [
              {
                "name": "name",
                "values": [
                  "ubuntu/images/hvm-ssd/ubuntu-jammy-22.04-amd64-server-*"
                ]
              }
            ],
            "hypervisor": "xen",
            "id": "ami-0fef583e486727263",
            "image_id": "ami-0fef583e486727263",
            "image_location": "amazon/ubuntu/images/hvm-ssd/ubuntu-jammy-22.04-amd64-server-20250327",
            "image_owner_alias": "amazon",
            "image_type": "machine",
            "kernel_id": null,
            "most_recent": true,
            "name": "ubuntu/images/hvm-ssd/ubuntu-jammy-22.04-amd64-server-20250327",
            "name_regex": null,
            "owner_id": "099720109477",
            "owners": [
              "099720109477"
            ],
            "platform": null,
            "platform_details": "Linux/UNIX",
            "product_codes": [],
            "public": true,
            "ramdisk_id": null,
            "root_device_name": "/dev/sda1",
            "root_device_type": "ebs",
            "root_snapshot_id": "snap-0350df490e829a935",
            "sriov_net_support": "simple",
            "state": "available",
            "state_reason": {
              "code": "UNSET",
              "message": "UNSET"
            },
            "tags": {},
            "usage_operation": "RunInstances",
            "virtualization_type": "hvm"
          },
          "sensitive_attributes": []
        }
      ]
    },
    {
      "module": "module.document_db",
      "mode": "managed",
      "type": "aws_docdb_cluster",
      "name": "default",
      "provider": "provider[\"registry.terraform.io/hashicorp/aws\"]",
      "instances": [
        {
          "schema_version": 0,
          "attributes": {
            "apply_immediately": null,
            "arn": "arn:aws:rds:eu-west-2:233966445372:cluster:terraform-docdb-cluster-demo",
            "availability_zones": [
              "eu-west-2a",
              "eu-west-2b"
            ],
            "backup_retention_period": 1,
            "cluster_identifier": "terraform-docdb-cluster-demo",
            "cluster_identifier_prefix": null,
            "cluster_members": [],
            "cluster_resource_id": "cluster-NPBMVALM7AFPBSTQ4FARXD6FHA",
            "db_cluster_parameter_group_name": "default.docdb5.0",
            "db_subnet_group_name": "public_subnet_group_document_db",
            "deletion_protection": false,
            "enabled_cloudwatch_logs_exports": null,
            "endpoint": "terraform-docdb-cluster-demo.cluster-canauy4hzzx2.eu-west-2.docdb.amazonaws.com",
            "engine": "docdb",
            "engine_version": "5.0.0",
            "final_snapshot_identifier": null,
            "global_cluster_identifier": "",
            "hosted_zone_id": "Z31U74G60GD398",
            "id": "terraform-docdb-cluster-demo",
            "kms_key_id": "",
            "master_password": "MahaPitaji82",
            "master_username": "Kritagya",
            "port": 27017,
            "preferred_backup_window": "05:04-05:34",
            "preferred_maintenance_window": "mon:04:00-mon:04:30",
            "reader_endpoint": "terraform-docdb-cluster-demo.cluster-ro-canauy4hzzx2.eu-west-2.docdb.amazonaws.com",
            "skip_final_snapshot": true,
            "snapshot_identifier": null,
            "storage_encrypted": false,
            "tags": null,
            "tags_all": {},
            "timeouts": null,
            "vpc_security_group_ids": [
              "sg-0e5d6c778c7d159b1"
            ]
          },
          "sensitive_attributes": [
            [
              {
                "type": "get_attr",
                "value": "master_password"
              }
            ]
          ],
          "private": "eyJlMmJmYjczMC1lY2FhLTExZTYtOGY4OC0zNDM2M2JjN2M0YzAiOnsiY3JlYXRlIjo3MjAwMDAwMDAwMDAwLCJkZWxldGUiOjcyMDAwMDAwMDAwMDAsInVwZGF0ZSI6NzIwMDAwMDAwMDAwMH19",
          "dependencies": [
            "module.document_db.aws_docdb_subnet_group.default",
            "module.document_db.aws_security_group.ec2_sg",
            "module.document_db.aws_security_group.rds_sg",
            "module.vpc.aws_subnet.mtc_public_subnet",
            "module.vpc.aws_subnet.mtc_public_subnet_2",
            "module.vpc.aws_vpc.mtc_vpc"
          ]
        }
      ]
    },
    {
      "module": "module.document_db",
      "mode": "managed",
      "type": "aws_docdb_cluster_instance",
      "name": "cluster_instances",
      "provider": "provider[\"registry.terraform.io/hashicorp/aws\"]",
      "instances": [
        {
          "index_key": 0,
          "schema_version": 0,
          "attributes": {
            "apply_immediately": null,
            "arn": "arn:aws:rds:eu-west-2:233966445372:db:terraform-docdb-cluster-demo-0",
            "auto_minor_version_upgrade": true,
            "availability_zone": "eu-west-2a",
            "ca_cert_identifier": "rds-ca-rsa2048-g1",
            "cluster_identifier": "terraform-docdb-cluster-demo",
            "db_subnet_group_name": "public_subnet_group_document_db",
            "dbi_resource_id": "db-ZACTLI2KXJP74YDZF2UKLNMRDU",
            "endpoint": "terraform-docdb-cluster-demo-0.canauy4hzzx2.eu-west-2.docdb.amazonaws.com",
            "engine": "docdb",
            "engine_version": "5.0.0",
            "id": "terraform-docdb-cluster-demo-0",
            "identifier": "terraform-docdb-cluster-demo-0",
            "identifier_prefix": null,
            "instance_class": "db.t3.medium",
            "kms_key_id": "",
            "port": 27017,
            "preferred_backup_window": "05:04-05:34",
            "preferred_maintenance_window": "sun:00:58-sun:01:28",
            "promotion_tier": 0,
            "publicly_accessible": false,
            "storage_encrypted": false,
            "tags": {
              "Environment": "dev",
              "Name": "DocDB Instance"
            },
            "tags_all": {
              "Environment": "dev",
              "Name": "DocDB Instance"
            },
            "timeouts": null,
            "writer": true
          },
          "sensitive_attributes": [],
          "private": "eyJlMmJmYjczMC1lY2FhLTExZTYtOGY4OC0zNDM2M2JjN2M0YzAiOnsiY3JlYXRlIjo1NDAwMDAwMDAwMDAwLCJkZWxldGUiOjU0MDAwMDAwMDAwMDAsInVwZGF0ZSI6NTQwMDAwMDAwMDAwMH19",
          "dependencies": [
            "module.document_db.aws_docdb_cluster.default",
            "module.document_db.aws_docdb_subnet_group.default",
            "module.document_db.aws_security_group.ec2_sg",
            "module.document_db.aws_security_group.rds_sg",
            "module.vpc.aws_subnet.mtc_public_subnet",
            "module.vpc.aws_subnet.mtc_public_subnet_2",
            "module.vpc.aws_vpc.mtc_vpc"
          ]
        }
      ]
    },
    {
      "module": "module.document_db",
      "mode": "managed",
      "type": "aws_docdb_subnet_group",
      "name": "default",
      "provider": "provider[\"registry.terraform.io/hashicorp/aws\"]",
      "instances": [
        {
          "schema_version": 0,
          "attributes": {
            "arn": "arn:aws:rds:eu-west-2:233966445372:subgrp:public_subnet_group_document_db",
            "description": "Managed by Terraform",
            "id": "public_subnet_group_document_db",
            "name": "public_subnet_group_document_db",
            "name_prefix": null,
            "subnet_ids": [
              "subnet-08ecd799ca3dbb6e1",
              "subnet-0edd318876dc286c4"
            ],
            "tags": {
              "Name": "document_db_subnet_group"
            },
            "tags_all": {
              "Name": "document_db_subnet_group"
            }
          },
          "sensitive_attributes": [],
          "private": "bnVsbA==",
          "dependencies": [
            "module.vpc.aws_subnet.mtc_public_subnet",
            "module.vpc.aws_subnet.mtc_public_subnet_2",
            "module.vpc.aws_vpc.mtc_vpc"
          ]
        }
      ]
    },
    {
      "module": "module.document_db",
      "mode": "managed",
      "type": "aws_instance",
      "name": "rds_connector",
      "provider": "provider[\"registry.terraform.io/hashicorp/aws\"]",
      "instances": [
        {
          "schema_version": 1,
          "attributes": {
            "ami": "ami-0fef583e486727263",
            "arn": "arn:aws:ec2:eu-west-2:233966445372:instance/i-09245636161522476",
            "associate_public_ip_address": true,
            "availability_zone": "eu-west-2a",
            "capacity_reservation_specification": [
              {
                "capacity_reservation_preference": "open",
                "capacity_reservation_target": []
              }
            ],
            "cpu_core_count": 1,
            "cpu_threads_per_core": 1,
            "credit_specification": [
              {
                "cpu_credits": "standard"
              }
            ],
            "disable_api_termination": false,
            "ebs_block_device": [],
            "ebs_optimized": false,
            "enclave_options": [
              {
                "enabled": false
              }
            ],
            "ephemeral_block_device": [],
            "get_password_data": false,
            "hibernation": false,
            "host_id": null,
            "iam_instance_profile": "",
            "id": "i-09245636161522476",
            "instance_initiated_shutdown_behavior": "stop",
            "instance_state": "running",
            "instance_type": "t2.micro",
            "ipv6_address_count": 0,
            "ipv6_addresses": [],
            "key_name": "KritagyaTerraform-document-db-credentials",
            "launch_template": [],
            "metadata_options": [
              {
                "http_endpoint": "enabled",
                "http_put_response_hop_limit": 1,
                "http_tokens": "optional",
                "instance_metadata_tags": "disabled"
              }
            ],
            "monitoring": false,
            "network_interface": [],
            "outpost_arn": "",
            "password_data": "",
            "placement_group": "",
            "placement_partition_number": null,
            "primary_network_interface_id": "eni-0bb40f99e3deb8bf5",
            "private_dns": "ip-10-123-1-83.eu-west-2.compute.internal",
            "private_ip": "10.123.1.83",
            "public_dns": "ec2-18-169-166-75.eu-west-2.compute.amazonaws.com",
            "public_ip": "18.169.166.75",
            "root_block_device": [
              {
                "delete_on_termination": true,
                "device_name": "/dev/sda1",
                "encrypted": false,
                "iops": 100,
                "kms_key_id": "",
                "tags": {},
                "throughput": 0,
                "volume_id": "vol-0211a0cc4f995d64a",
                "volume_size": 8,
                "volume_type": "gp2"
              }
            ],
            "secondary_private_ips": [],
            "security_groups": [
              "sg-0e7b54a3d59458035"
            ],
            "source_dest_check": true,
            "subnet_id": "subnet-08ecd799ca3dbb6e1",
            "tags": {
              "Name": "document_db_instance"
            },
            "tags_all": {
              "Name": "document_db_instance"
            },
            "tenancy": "default",
            "timeouts": null,
            "user_data": null,
            "user_data_base64": null,
            "volume_tags": null,
            "vpc_security_group_ids": [
              "sg-0e7b54a3d59458035"
            ]
          },
          "sensitive_attributes": [],
          "private": "eyJlMmJmYjczMC1lY2FhLTExZTYtOGY4OC0zNDM2M2JjN2M0YzAiOnsiY3JlYXRlIjo2MDAwMDAwMDAwMDAsImRlbGV0ZSI6MTIwMDAwMDAwMDAwMCwidXBkYXRlIjo2MDAwMDAwMDAwMDB9LCJzY2hlbWFfdmVyc2lvbiI6IjEifQ==",
          "dependencies": [
            "module.document_db.aws_key_pair.document_db_instance_key",
            "module.document_db.aws_security_group.ec2_sg",
            "module.document_db.data.aws_ami.ubuntu-ami",
            "module.document_db.tls_private_key.document_db_instance_key",
            "module.vpc.aws_subnet.mtc_public_subnet",
            "module.vpc.aws_vpc.mtc_vpc"
          ]
        }
      ]
    },
    {
      "module": "module.document_db",
      "mode": "managed",
      "type": "aws_key_pair",
      "name": "document_db_instance_key",
      "provider": "provider[\"registry.terraform.io/hashicorp/aws\"]",
      "instances": [
        {
          "schema_version": 1,
          "attributes": {
            "arn": "arn:aws:ec2:eu-west-2:233966445372:key-pair/KritagyaTerraform-document-db-credentials",
            "fingerprint": "9e:c0:28:f1:f6:20:7a:31:9a:9f:50:5c:21:f3:49:18",
            "id": "KritagyaTerraform-document-db-credentials",
            "key_name": "KritagyaTerraform-document-db-credentials",
            "key_name_prefix": "",
            "key_pair_id": "key-07386e75054d562ef",
            "public_key": "ssh-rsa AAAAB3NzaC1yc2EAAAADAQABAAACAQCY8OPZdW+LURGuW0ffpNi2gLwoH/Iwt22y/ApS0qgx/xonsOdzMVk8xqS0wPJzdsX/u7NlhMrgJjPi6w4KGYbYMAsTeBSKziFr7aetGjCYeziQpkM6AxJvJkcfLe4V/YHkUj9aQ2416TzTOAlVCmvEUpYwd9tXJHhbAu0kSYfRiMAJBVU96hqov/774srtBFeWyk6LXrnoot0MyI7FQrS14lI86EOFE/qxxb96REEsamr62+3qq9D212V12u5b40tdvYRqAcOpt6QHE39kNQhuIFvfAcmGb+OsECSLtsA1VFUypL3lA0ni4MqP/UDK5wEbkXOnBFAkuB91f+8H+iS7pdFIh/cMkGtMEZtnM+D8N/pp81DmB+4Hjck0TY5rm/1nYW840JL5rMsC8iwaoXMPniMIq92n3P3fiQVuzJM0a079kLsWRWIspuj6eMQln4aoKZycWq0mZI2y3zLZ+ePASQfvMzJWE8dss9keV32/XYM2RQwcNGNDvAEnEqYaP/MechGDoiR3OTw7Flxq4u7E5mqxq7xx+Sa/Y+W7uRmQl9yyeetIllSOSxOyPBrE5+OURaW7xi1joiNxm7tVlaRYLL9UmANndS7OEjXWxhrYRrbRwCptLqMowlqxEwuhF9sZlyAUFzpymG3a/GHsKthIc/JM3kMKXF+wxMiVPNWUpQ==",
            "tags": {},
            "tags_all": {}
          },
          "sensitive_attributes": [],
          "private": "eyJzY2hlbWFfdmVyc2lvbiI6IjEifQ==",
          "dependencies": [
            "module.document_db.tls_private_key.document_db_instance_key"
          ]
        }
      ]
    },
    {
      "module": "module.document_db",
      "mode": "managed",
      "type": "aws_security_group",
      "name": "ec2_sg",
      "provider": "provider[\"registry.terraform.io/hashicorp/aws\"]",
      "instances": [
        {
          "schema_version": 1,
          "attributes": {
            "arn": "arn:aws:ec2:eu-west-2:233966445372:security-group/sg-0e7b54a3d59458035",
            "description": "Managed by Terraform",
            "egress": [
              {
                "cidr_blocks": [
                  "0.0.0.0/0"
                ],
                "description": "",
                "from_port": 0,
                "ipv6_cidr_blocks": [],
                "prefix_list_ids": [],
                "protocol": "-1",
                "security_groups": [],
                "self": false,
                "to_port": 0
              },
              {
                "cidr_blocks": [
                  "10.0.0.0/16"
                ],
                "description": "",
                "from_port": 27017,
                "ipv6_cidr_blocks": [],
                "prefix_list_ids": [],
                "protocol": "tcp",
                "security_groups": [],
                "self": false,
                "to_port": 27017
              }
            ],
            "id": "sg-0e7b54a3d59458035",
            "ingress": [
              {
                "cidr_blocks": [
                  "0.0.0.0/0"
                ],
                "description": "",
                "from_port": 22,
                "ipv6_cidr_blocks": [],
                "prefix_list_ids": [],
                "protocol": "tcp",
                "security_groups": [],
                "self": false,
                "to_port": 22
              }
            ],
            "name": "ec2-public-access2025040615462902150000000c",
            "name_prefix": "ec2-public-access",
            "owner_id": "233966445372",
            "revoke_rules_on_delete": false,
            "tags": {
              "Name": "EC2 Security Group"
            },
            "tags_all": {
              "Name": "EC2 Security Group"
            },
            "timeouts": null,
            "vpc_id": "vpc-080424e43cca7ac1c"
          },
          "sensitive_attributes": [],
          "private": "eyJlMmJmYjczMC1lY2FhLTExZTYtOGY4OC0zNDM2M2JjN2M0YzAiOnsiY3JlYXRlIjo2MDAwMDAwMDAwMDAsImRlbGV0ZSI6OTAwMDAwMDAwMDAwfSwic2NoZW1hX3ZlcnNpb24iOiIxIn0=",
          "dependencies": [
            "module.vpc.aws_vpc.mtc_vpc"
          ]
        }
      ]
    },
    {
      "module": "module.document_db",
      "mode": "managed",
      "type": "aws_security_group",
      "name": "rds_sg",
      "provider": "provider[\"registry.terraform.io/hashicorp/aws\"]",
      "instances": [
        {
          "schema_version": 1,
          "attributes": {
            "arn": "arn:aws:ec2:eu-west-2:233966445372:security-group/sg-0e5d6c778c7d159b1",
            "description": "Managed by Terraform",
            "egress": [
              {
                "cidr_blocks": [
                  "0.0.0.0/0"
                ],
                "description": "",
                "from_port": 0,
                "ipv6_cidr_blocks": [],
                "prefix_list_ids": [],
                "protocol": "-1",
                "security_groups": [],
                "self": false,
                "to_port": 0
              }
            ],
            "id": "sg-0e5d6c778c7d159b1",
            "ingress": [
              {
                "cidr_blocks": [],
                "description": "",
                "from_port": 27017,
                "ipv6_cidr_blocks": [],
                "prefix_list_ids": [],
                "protocol": "tcp",
                "security_groups": [
                  "sg-0e7b54a3d59458035"
                ],
                "self": false,
                "to_port": 27017
              }
            ],
            "name": "rds-access2025040615463135530000000e",
            "name_prefix": "rds-access",
            "owner_id": "233966445372",
            "revoke_rules_on_delete": false,
            "tags": {
              "Name": "RDS Security Group"
            },
            "tags_all": {
              "Name": "RDS Security Group"
            },
            "timeouts": null,
            "vpc_id": "vpc-080424e43cca7ac1c"
          },
          "sensitive_attributes": [],
          "private": "eyJlMmJmYjczMC1lY2FhLTExZTYtOGY4OC0zNDM2M2JjN2M0YzAiOnsiY3JlYXRlIjo2MDAwMDAwMDAwMDAsImRlbGV0ZSI6OTAwMDAwMDAwMDAwfSwic2NoZW1hX3ZlcnNpb24iOiIxIn0=",
          "dependencies": [
            "module.document_db.aws_security_group.ec2_sg",
            "module.vpc.aws_vpc.mtc_vpc"
          ]
        }
      ]
    },
    {
      "module": "module.document_db",
      "mode": "managed",
      "type": "local_file",
      "name": "private_key",
      "provider": "provider[\"registry.terraform.io/hashicorp/local\"]",
      "instances": [
        {
          "schema_version": 0,
          "attributes": {
            "content": "-----BEGIN RSA PRIVATE KEY-----\nMIIJKQIBAAKCAgEAmPDj2XVvi1ERrltH36TYtoC8KB/yMLdtsvwKUtKoMf8aJ7Dn\nczFZPMaktMDyc3bF/7uzZYTK4CYz4usOChmG2DALE3gUis4ha+2nrRowmHs4kKZD\nOgMSbyZHHy3uFf2B5FI/WkNuNek80zgJVQprxFKWMHfbVyR4WwLtJEmH0YjACQVV\nPeoaqL/+++LK7QRXlspOi1656KLdDMiOxUK0teJSPOhDhRP6scW/ekRBLGpq+tvt\n6qvQ9tdlddruW+NLXb2EagHDqbekBxN/ZDUIbiBb3wHJhm/jrBAki7bANVRVMqS9\n5QNJ4uDKj/1AyucBG5FzpwRQJLgfdX/vB/oku6XRSIf3DJBrTBGbZzPg/Df6afNQ\n5gfuB43JNE2Oa5v9Z2FvONCS+azLAvIsGqFzD54jCKvdp9z934kFbsyTNGtO/ZC7\nFkViLKbo+njEJZ+GqCmcnFqtJmSNst8y2fnjwEkH7zMyVhPHbLPZHld9v12DNkUM\nHDRjQ7wBJxKmGj/zHnIRg6Ikdzk8OxZcauLuxOZqsau8cfkmv2Plu7kZkJfcsnnr\nSJZUjksTsjwaxOfjlEWlu8YtY6IjcZu7VZWkWCy/VJgDZ3UuzhI11sYa2Ea20cAq\nbS6jKMJasRMLoRfbGZcgFBc6cpht2vxh7CrYSHPyTN5DClxfsMTIlTzVlKUCAwEA\nAQKCAgBVLRuIWXn02gKB2z5tFG7JPWsM4bXNYerLWskZFU8tAQj8/+323o33Zh4G\nuMqOeaCN62he6pTePwh4oTYhc9QAhMk2X5L5NxGv/Rx8MHDOCxoWnTIlld5nXqcP\ne1H0l0oG8bNsvs8bYTlJ3RR9cx9PqDsS5T2YC6yn6zpNElJ85K8mlvzBTabpQnxs\npgMj+14YkbUqs2fQYxu+6ddxjtP70/6/Aw/PhrAA38PjAS5W4TGRYnjfUC9BufY8\nq+BB9pVbsJeVPkRNOgQ1GKvDEDIQux7PVTx6Dch7ZEYmNXJYgQ4t9Uf4ylsU6uKF\nTKMQHZUlWF1Tr/g+avjCRKzIAY0AxEK/NmqTuRz6CNw4itTjPGxlmfcUj8p3ZAVv\nAgM9JBRHBFNryaKJad6Sbvhhqt5V8osuqZyKTfAlUdWs1RIBwJUaK9js3EnPmneP\nqcKx7h4d9BspVSvc5yWUhTQb8APKvKVbrONjiOsAFqCdABg5A1qrrATqJwJaQ+GB\n+8XCfzGYjM5xStZHFdCt/A71RgY7m/yTmLusLKWXlVlyNlSuTPetBdJjvaKBcD3B\npYPXNRMelAE+K2XEQA4nT8reyY5jMpYqARyO8Qpr+na7f4pDv4zV+aHEqwmNwqXj\nXvZGNX8actfN52IXb43OAn76o+JWc9jblnRcXesLpSUB5sLExQKCAQEAwS8SK0h4\nhk401Ne5AKCtf8OS8TarhGY60LNYWYl5qFWvtu+/Qw7Ffq23U4kpT0OyDSHDfS/2\n4Z3DkpEoLlz5BAX17aYYmLsbr2NUmCst0Ve/RAX6KATQOwQTe9Hm1YYPNBmkZOc0\nRZ+kmAZY6pfgLd1ehLDwSNh9pjX7rclkuSU48DdukM4FRvT09qVTAKVj/+TXTAna\nN9jQxZh6B6nGGcKHwrjoTxt9ySPMQ7fsDi+Shgp54NFzmZQS7akTWhgS9SR052CV\n2hMYOS4YD+sT7OP1EXCst1QkIc7lrDnGcmx3ii5UHieh5xR6sKANFFOxbdmhdO9S\nAWEWUkj2IegxswKCAQEAyqvv8s099c9+vEg55T8oIIGfLp8xuCJrcg1Q6ekbHTPX\nHLAi6rUsqlg1vx5+sPa1ZSybjYahrmiqFAu8dAKo/5X+tzmnkgXuDopeDYaoKfsQ\nBMymyFqJuKcThpWCySGVnL9E0j3qN9KrBlIhzOU/MC7fe52rR2KsZgxUWmf+/Yqy\nvrC/rbyGm9Hgd2VxOFDCe7MzZFbEgGDjl8rtdTWLD7mLJzLewKVJzkn4s9Q1IDDC\nIbCicAnJUWkV4EvoqYgSHwaYkv+ViOP/tjyCv30ZolJ54a7tYmYRMAZR76YyzGRi\n131c+HacMHQCzkA2McYpEqDFZU0p1Mt9OBNDejMERwKCAQAFaXgs1j7qJE6+l7yL\nE/VIWwZG061CbErBhgS3nW5XFO9zRIwrKMLHpb45DOKnYdIfJA8B9tIHyA+uj3p8\nsgYX4sLdAYY24ScJZtL74FnMP5UQJsq3TEs5HAgfs+Wvna3XW9CLMx73xF0sFSFw\nkQiqwEThmsNghxAeE+0VFUtJFI3fzO3ACMWFE1+5eTA2GGwQwyx06OHAJsbSgk8I\n3+y41AZRojR/4tlHRUV3sDNgwlxsfOalMbj3WHqfRdlQ8NO3ImpUARSxo09Oasgp\nygAo5sn6zxlHmYfZmp48kPHKSteee2XH4nxaqOw2/oTfSOjzluE7EWlOuJWTgI/E\nq2iZAoIBAQDBOio8EGg5esm3Exl3sr48N7kfhxGtH8vW4lE5olCCiBFYPaocof1i\nr1UW0Sky6RRK0LvBtBFkKk+1avcSmBKuE0DVSbe05chwvoUrWi3sUHyWRtPgg0l4\n7noUP2mA/28YEde4puUuscDy9s1Y/1w+QQI7ZjiNh8scRDcMNsiKzHjci8FEEFE6\nMGBVFTdb3Mt/inu992fDihyTdRruO81Igbrk9YAgpbX3YtkmAnVgKnx8CF7meL4i\nyxDbVyQMtjmosO44gEr+R3peMdTqYohVFVM000VqIivS4MOvu4IFEtSV5OUF0nfZ\nTlH6eIfy7p3sL7Hjgi0Wv6e0FdGoqQkzAoIBAQCsH8hTzltqala8L5oyOyTauD7M\nWI4TdbPSH3vK8Yxas/RreNAHOjl3X0+asXofxBhBLw/nBhbSerXjEHq09KCExr4s\nT/97r1Fyps1nH8qKgnKh4M32YkvEi99q2i/7cnEZYlG2oMw1AMf1zE/GyN97/RFo\nfeD3nrZ6y8gNxTOM1gcXLoV9AP4OkQEvIPiHRMGjT8Ou64/P3714Csr/RTtikRGW\nxtMAZTrXwx8Ad3v5VMXRiRF5R6wLcsevlz8lQugAldYAqf18s1IOx7dto/SR2aBl\n4XhA2temxI3KsCfxrfYNmQ3lWkdLZvcLh9wlm/39n63ZpOAZEWlrSNa6vnvc\n-----END RSA PRIVATE KEY-----\n",
            "content_base64": null,
            "content_base64sha256": "ZG2mJ9UbiSMXnA338MJuaehqONqVx9FYdhgkQImjjKo=",
            "content_base64sha512": "Kk/LBltRmH8vLPzekLGuzttsdEatkrV8PTuUinQKxUFEBGhfdzX1/92P0fA2VSP5i5ypCoUCgp99qGjlc3C/3w==",
            "content_md5": "f5ffc1f3ab99b56b6763e3a14fcdee7c",
            "content_sha1": "3d55196627c257798ff5509f68b2b81d011c2535",
            "content_sha256": "646da627d51b8923179c0df7f0c26e69e86a38da95c7d1587618244089a38caa",
            "content_sha512": "2a4fcb065b51987f2f2cfcde90b1aecedb6c7446ad92b57c3d3b948a740ac5414404685f7735f5ffdd8fd1f0365523f98b9ca90a8502829f7da868e57370bfdf",
            "directory_permission": "0777",
            "file_permission": "0600",
            "filename": "document_db_module/KritagyaTerraform-document-db-credentials.pem",
            "id": "3d55196627c257798ff5509f68b2b81d011c2535",
            "sensitive_content": null,
            "source": null
          },
          "sensitive_attributes": [
            [
              {
                "type": "get_attr",
                "value": "sensitive_content"
              }
            ],
            [
              {
                "type": "get_attr",
                "value": "content"
              }
            ]
          ],
          "dependencies": [
            "module.document_db.tls_private_key.document_db_instance_key"
          ]
        }
      ]
    },
    {
      "module": "module.document_db",
      "mode": "managed",
      "type": "tls_private_key",
      "name": "document_db_instance_key",
      "provider": "provider[\"registry.terraform.io/hashicorp/tls\"]",
      "instances": [
        {
          "schema_version": 1,
          "attributes": {
            "algorithm": "RSA",
            "ecdsa_curve": "P224",
            "id": "856142c20c7185eb0bc3ab567f7b83467e6b1d66",
            "private_key_openssh": "-----BEGIN OPENSSH PRIVATE KEY-----\nb3BlbnNzaC1rZXktdjEAAAAABG5vbmUAAAAEbm9uZQAAAAAAAAABAAACFwAAAAdz\nc2gtcnNhAAAAAwEAAQAAAgEAmPDj2XVvi1ERrltH36TYtoC8KB/yMLdtsvwKUtKo\nMf8aJ7DnczFZPMaktMDyc3bF/7uzZYTK4CYz4usOChmG2DALE3gUis4ha+2nrRow\nmHs4kKZDOgMSbyZHHy3uFf2B5FI/WkNuNek80zgJVQprxFKWMHfbVyR4WwLtJEmH\n0YjACQVVPeoaqL/+++LK7QRXlspOi1656KLdDMiOxUK0teJSPOhDhRP6scW/ekRB\nLGpq+tvt6qvQ9tdlddruW+NLXb2EagHDqbekBxN/ZDUIbiBb3wHJhm/jrBAki7bA\nNVRVMqS95QNJ4uDKj/1AyucBG5FzpwRQJLgfdX/vB/oku6XRSIf3DJBrTBGbZzPg\n/Df6afNQ5gfuB43JNE2Oa5v9Z2FvONCS+azLAvIsGqFzD54jCKvdp9z934kFbsyT\nNGtO/ZC7FkViLKbo+njEJZ+GqCmcnFqtJmSNst8y2fnjwEkH7zMyVhPHbLPZHld9\nv12DNkUMHDRjQ7wBJxKmGj/zHnIRg6Ikdzk8OxZcauLuxOZqsau8cfkmv2Plu7kZ\nkJfcsnnrSJZUjksTsjwaxOfjlEWlu8YtY6IjcZu7VZWkWCy/VJgDZ3UuzhI11sYa\n2Ea20cAqbS6jKMJasRMLoRfbGZcgFBc6cpht2vxh7CrYSHPyTN5DClxfsMTIlTzV\nlKUAAAc4U75rl1O+a5cAAAAHc3NoLXJzYQAAAgEAmPDj2XVvi1ERrltH36TYtoC8\nKB/yMLdtsvwKUtKoMf8aJ7DnczFZPMaktMDyc3bF/7uzZYTK4CYz4usOChmG2DAL\nE3gUis4ha+2nrRowmHs4kKZDOgMSbyZHHy3uFf2B5FI/WkNuNek80zgJVQprxFKW\nMHfbVyR4WwLtJEmH0YjACQVVPeoaqL/+++LK7QRXlspOi1656KLdDMiOxUK0teJS\nPOhDhRP6scW/ekRBLGpq+tvt6qvQ9tdlddruW+NLXb2EagHDqbekBxN/ZDUIbiBb\n3wHJhm/jrBAki7bANVRVMqS95QNJ4uDKj/1AyucBG5FzpwRQJLgfdX/vB/oku6XR\nSIf3DJBrTBGbZzPg/Df6afNQ5gfuB43JNE2Oa5v9Z2FvONCS+azLAvIsGqFzD54j\nCKvdp9z934kFbsyTNGtO/ZC7FkViLKbo+njEJZ+GqCmcnFqtJmSNst8y2fnjwEkH\n7zMyVhPHbLPZHld9v12DNkUMHDRjQ7wBJxKmGj/zHnIRg6Ikdzk8OxZcauLuxOZq\nsau8cfkmv2Plu7kZkJfcsnnrSJZUjksTsjwaxOfjlEWlu8YtY6IjcZu7VZWkWCy/\nVJgDZ3UuzhI11sYa2Ea20cAqbS6jKMJasRMLoRfbGZcgFBc6cpht2vxh7CrYSHPy\nTN5DClxfsMTIlTzVlKUAAAADAQABAAACAFUtG4hZefTaAoHbPm0Ubsk9awzhtc1h\n6stayRkVTy0BCPz/7fbejfdmHga4yo55oI3raF7qlN4/CHihNiFz1ACEyTZfkvk3\nEa/9HHwwcM4LGhadMiWV3mdepw97UfSXSgbxs2y+zxthOUndFH1zH0+oOxLlPZgL\nrKfrOk0SUnzkryaW/MFNpulCfGymAyP7XhiRtSqzZ9BjG77p13GO0/vT/r8DD8+G\nsADfw+MBLlbhMZFieN9QL0G59jyr4EH2lVuwl5U+RE06BDUYq8MQMhC7Hs9VPHoN\nyHtkRiY1cliBDi31R/jKWxTq4oVMoxAdlSVYXVOv+D5q+MJErMgBjQDEQr82apO5\nHPoI3DiK1OM8bGWZ9xSPyndkBW8CAz0kFEcEU2vJoolp3pJu+GGq3lXyiy6pnIpN\n8CVR1azVEgHAlRor2OzcSc+ad4+pwrHuHh30GylVK9znJZSFNBvwA8q8pVus42OI\n6wAWoJ0AGDkDWqusBOonAlpD4YH7xcJ/MZiMznFK1kcV0K38DvVGBjub/JOYu6ws\npZeVWXI2VK5M960F0mO9ooFwPcGlg9c1Ex6UAT4rZcRADidPyt7JjmMylioBHI7x\nCmv6drt/ikO/jNX5ocSrCY3CpeNe9kY1fxpy183nYhdvjc4Cfvqj4lZz2NuWdFxd\n6wulJQHmwsTFAAABAQCsH8hTzltqala8L5oyOyTauD7MWI4TdbPSH3vK8Yxas/Rr\neNAHOjl3X0+asXofxBhBLw/nBhbSerXjEHq09KCExr4sT/97r1Fyps1nH8qKgnKh\n4M32YkvEi99q2i/7cnEZYlG2oMw1AMf1zE/GyN97/RFofeD3nrZ6y8gNxTOM1gcX\nLoV9AP4OkQEvIPiHRMGjT8Ou64/P3714Csr/RTtikRGWxtMAZTrXwx8Ad3v5VMXR\niRF5R6wLcsevlz8lQugAldYAqf18s1IOx7dto/SR2aBl4XhA2temxI3KsCfxrfYN\nmQ3lWkdLZvcLh9wlm/39n63ZpOAZEWlrSNa6vnvcAAABAQDBLxIrSHiGTjTU17kA\noK1/w5LxNquEZjrQs1hZiXmoVa+2779DDsV+rbdTiSlPQ7INIcN9L/bhncOSkSgu\nXPkEBfXtphiYuxuvY1SYKy3RV79EBfooBNA7BBN70ebVhg80GaRk5zRFn6SYBljq\nl+At3V6EsPBI2H2mNfutyWS5JTjwN26QzgVG9PT2pVMApWP/5NdMCdo32NDFmHoH\nqcYZwofCuOhPG33JI8xDt+wOL5KGCnng0XOZlBLtqRNaGBL1JHTnYJXaExg5LhgP\n6xPs4/URcKy3VCQhzuWsOcZybHeKLlQeJ6HnFHqwoA0UU7Ft2aF071IBYRZSSPYh\n6DGzAAABAQDKq+/yzT31z368SDnlPygggZ8unzG4ImtyDVDp6RsdM9ccsCLqtSyq\nWDW/Hn6w9rVlLJuNhqGuaKoUC7x0Aqj/lf63OaeSBe4Oil4Nhqgp+xAEzKbIWom4\npxOGlYLJIZWcv0TSPeo30qsGUiHM5T8wLt97natHYqxmDFRaZ/79irK+sL+tvIab\n0eB3ZXE4UMJ7szNkVsSAYOOXyu11NYsPuYsnMt7ApUnOSfiz1DUgMMIhsKJwCclR\naRXgS+ipiBIfBpiS/5WI4/+2PIK/fRmiUnnhru1iZhEwBlHvpjLMZGLXfVz4dpww\ndALOQDYxxikSoMVlTSnUy304E0N6MwRHAAAAAAEC\n-----END OPENSSH PRIVATE KEY-----\n",
            "private_key_pem": "-----BEGIN RSA PRIVATE KEY-----\nMIIJKQIBAAKCAgEAmPDj2XVvi1ERrltH36TYtoC8KB/yMLdtsvwKUtKoMf8aJ7Dn\nczFZPMaktMDyc3bF/7uzZYTK4CYz4usOChmG2DALE3gUis4ha+2nrRowmHs4kKZD\nOgMSbyZHHy3uFf2B5FI/WkNuNek80zgJVQprxFKWMHfbVyR4WwLtJEmH0YjACQVV\nPeoaqL/+++LK7QRXlspOi1656KLdDMiOxUK0teJSPOhDhRP6scW/ekRBLGpq+tvt\n6qvQ9tdlddruW+NLXb2EagHDqbekBxN/ZDUIbiBb3wHJhm/jrBAki7bANVRVMqS9\n5QNJ4uDKj/1AyucBG5FzpwRQJLgfdX/vB/oku6XRSIf3DJBrTBGbZzPg/Df6afNQ\n5gfuB43JNE2Oa5v9Z2FvONCS+azLAvIsGqFzD54jCKvdp9z934kFbsyTNGtO/ZC7\nFkViLKbo+njEJZ+GqCmcnFqtJmSNst8y2fnjwEkH7zMyVhPHbLPZHld9v12DNkUM\nHDRjQ7wBJxKmGj/zHnIRg6Ikdzk8OxZcauLuxOZqsau8cfkmv2Plu7kZkJfcsnnr\nSJZUjksTsjwaxOfjlEWlu8YtY6IjcZu7VZWkWCy/VJgDZ3UuzhI11sYa2Ea20cAq\nbS6jKMJasRMLoRfbGZcgFBc6cpht2vxh7CrYSHPyTN5DClxfsMTIlTzVlKUCAwEA\nAQKCAgBVLRuIWXn02gKB2z5tFG7JPWsM4bXNYerLWskZFU8tAQj8/+323o33Zh4G\nuMqOeaCN62he6pTePwh4oTYhc9QAhMk2X5L5NxGv/Rx8MHDOCxoWnTIlld5nXqcP\ne1H0l0oG8bNsvs8bYTlJ3RR9cx9PqDsS5T2YC6yn6zpNElJ85K8mlvzBTabpQnxs\npgMj+14YkbUqs2fQYxu+6ddxjtP70/6/Aw/PhrAA38PjAS5W4TGRYnjfUC9BufY8\nq+BB9pVbsJeVPkRNOgQ1GKvDEDIQux7PVTx6Dch7ZEYmNXJYgQ4t9Uf4ylsU6uKF\nTKMQHZUlWF1Tr/g+avjCRKzIAY0AxEK/NmqTuRz6CNw4itTjPGxlmfcUj8p3ZAVv\nAgM9JBRHBFNryaKJad6Sbvhhqt5V8osuqZyKTfAlUdWs1RIBwJUaK9js3EnPmneP\nqcKx7h4d9BspVSvc5yWUhTQb8APKvKVbrONjiOsAFqCdABg5A1qrrATqJwJaQ+GB\n+8XCfzGYjM5xStZHFdCt/A71RgY7m/yTmLusLKWXlVlyNlSuTPetBdJjvaKBcD3B\npYPXNRMelAE+K2XEQA4nT8reyY5jMpYqARyO8Qpr+na7f4pDv4zV+aHEqwmNwqXj\nXvZGNX8actfN52IXb43OAn76o+JWc9jblnRcXesLpSUB5sLExQKCAQEAwS8SK0h4\nhk401Ne5AKCtf8OS8TarhGY60LNYWYl5qFWvtu+/Qw7Ffq23U4kpT0OyDSHDfS/2\n4Z3DkpEoLlz5BAX17aYYmLsbr2NUmCst0Ve/RAX6KATQOwQTe9Hm1YYPNBmkZOc0\nRZ+kmAZY6pfgLd1ehLDwSNh9pjX7rclkuSU48DdukM4FRvT09qVTAKVj/+TXTAna\nN9jQxZh6B6nGGcKHwrjoTxt9ySPMQ7fsDi+Shgp54NFzmZQS7akTWhgS9SR052CV\n2hMYOS4YD+sT7OP1EXCst1QkIc7lrDnGcmx3ii5UHieh5xR6sKANFFOxbdmhdO9S\nAWEWUkj2IegxswKCAQEAyqvv8s099c9+vEg55T8oIIGfLp8xuCJrcg1Q6ekbHTPX\nHLAi6rUsqlg1vx5+sPa1ZSybjYahrmiqFAu8dAKo/5X+tzmnkgXuDopeDYaoKfsQ\nBMymyFqJuKcThpWCySGVnL9E0j3qN9KrBlIhzOU/MC7fe52rR2KsZgxUWmf+/Yqy\nvrC/rbyGm9Hgd2VxOFDCe7MzZFbEgGDjl8rtdTWLD7mLJzLewKVJzkn4s9Q1IDDC\nIbCicAnJUWkV4EvoqYgSHwaYkv+ViOP/tjyCv30ZolJ54a7tYmYRMAZR76YyzGRi\n131c+HacMHQCzkA2McYpEqDFZU0p1Mt9OBNDejMERwKCAQAFaXgs1j7qJE6+l7yL\nE/VIWwZG061CbErBhgS3nW5XFO9zRIwrKMLHpb45DOKnYdIfJA8B9tIHyA+uj3p8\nsgYX4sLdAYY24ScJZtL74FnMP5UQJsq3TEs5HAgfs+Wvna3XW9CLMx73xF0sFSFw\nkQiqwEThmsNghxAeE+0VFUtJFI3fzO3ACMWFE1+5eTA2GGwQwyx06OHAJsbSgk8I\n3+y41AZRojR/4tlHRUV3sDNgwlxsfOalMbj3WHqfRdlQ8NO3ImpUARSxo09Oasgp\nygAo5sn6zxlHmYfZmp48kPHKSteee2XH4nxaqOw2/oTfSOjzluE7EWlOuJWTgI/E\nq2iZAoIBAQDBOio8EGg5esm3Exl3sr48N7kfhxGtH8vW4lE5olCCiBFYPaocof1i\nr1UW0Sky6RRK0LvBtBFkKk+1avcSmBKuE0DVSbe05chwvoUrWi3sUHyWRtPgg0l4\n7noUP2mA/28YEde4puUuscDy9s1Y/1w+QQI7ZjiNh8scRDcMNsiKzHjci8FEEFE6\nMGBVFTdb3Mt/inu992fDihyTdRruO81Igbrk9YAgpbX3YtkmAnVgKnx8CF7meL4i\nyxDbVyQMtjmosO44gEr+R3peMdTqYohVFVM000VqIivS4MOvu4IFEtSV5OUF0nfZ\nTlH6eIfy7p3sL7Hjgi0Wv6e0FdGoqQkzAoIBAQCsH8hTzltqala8L5oyOyTauD7M\nWI4TdbPSH3vK8Yxas/RreNAHOjl3X0+asXofxBhBLw/nBhbSerXjEHq09KCExr4s\nT/97r1Fyps1nH8qKgnKh4M32YkvEi99q2i/7cnEZYlG2oMw1AMf1zE/GyN97/RFo\nfeD3nrZ6y8gNxTOM1gcXLoV9AP4OkQEvIPiHRMGjT8Ou64/P3714Csr/RTtikRGW\nxtMAZTrXwx8Ad3v5VMXRiRF5R6wLcsevlz8lQugAldYAqf18s1IOx7dto/SR2aBl\n4XhA2temxI3KsCfxrfYNmQ3lWkdLZvcLh9wlm/39n63ZpOAZEWlrSNa6vnvc\n-----END RSA PRIVATE KEY-----\n",
            "private_key_pem_pkcs8": "-----BEGIN PRIVATE KEY-----\nMIIJQwIBADANBgkqhkiG9w0BAQEFAASCCS0wggkpAgEAAoICAQCY8OPZdW+LURGu\nW0ffpNi2gLwoH/Iwt22y/ApS0qgx/xonsOdzMVk8xqS0wPJzdsX/u7NlhMrgJjPi\n6w4KGYbYMAsTeBSKziFr7aetGjCYeziQpkM6AxJvJkcfLe4V/YHkUj9aQ2416TzT\nOAlVCmvEUpYwd9tXJHhbAu0kSYfRiMAJBVU96hqov/774srtBFeWyk6LXrnoot0M\nyI7FQrS14lI86EOFE/qxxb96REEsamr62+3qq9D212V12u5b40tdvYRqAcOpt6QH\nE39kNQhuIFvfAcmGb+OsECSLtsA1VFUypL3lA0ni4MqP/UDK5wEbkXOnBFAkuB91\nf+8H+iS7pdFIh/cMkGtMEZtnM+D8N/pp81DmB+4Hjck0TY5rm/1nYW840JL5rMsC\n8iwaoXMPniMIq92n3P3fiQVuzJM0a079kLsWRWIspuj6eMQln4aoKZycWq0mZI2y\n3zLZ+ePASQfvMzJWE8dss9keV32/XYM2RQwcNGNDvAEnEqYaP/MechGDoiR3OTw7\nFlxq4u7E5mqxq7xx+Sa/Y+W7uRmQl9yyeetIllSOSxOyPBrE5+OURaW7xi1joiNx\nm7tVlaRYLL9UmANndS7OEjXWxhrYRrbRwCptLqMowlqxEwuhF9sZlyAUFzpymG3a\n/GHsKthIc/JM3kMKXF+wxMiVPNWUpQIDAQABAoICAFUtG4hZefTaAoHbPm0Ubsk9\nawzhtc1h6stayRkVTy0BCPz/7fbejfdmHga4yo55oI3raF7qlN4/CHihNiFz1ACE\nyTZfkvk3Ea/9HHwwcM4LGhadMiWV3mdepw97UfSXSgbxs2y+zxthOUndFH1zH0+o\nOxLlPZgLrKfrOk0SUnzkryaW/MFNpulCfGymAyP7XhiRtSqzZ9BjG77p13GO0/vT\n/r8DD8+GsADfw+MBLlbhMZFieN9QL0G59jyr4EH2lVuwl5U+RE06BDUYq8MQMhC7\nHs9VPHoNyHtkRiY1cliBDi31R/jKWxTq4oVMoxAdlSVYXVOv+D5q+MJErMgBjQDE\nQr82apO5HPoI3DiK1OM8bGWZ9xSPyndkBW8CAz0kFEcEU2vJoolp3pJu+GGq3lXy\niy6pnIpN8CVR1azVEgHAlRor2OzcSc+ad4+pwrHuHh30GylVK9znJZSFNBvwA8q8\npVus42OI6wAWoJ0AGDkDWqusBOonAlpD4YH7xcJ/MZiMznFK1kcV0K38DvVGBjub\n/JOYu6wspZeVWXI2VK5M960F0mO9ooFwPcGlg9c1Ex6UAT4rZcRADidPyt7JjmMy\nlioBHI7xCmv6drt/ikO/jNX5ocSrCY3CpeNe9kY1fxpy183nYhdvjc4Cfvqj4lZz\n2NuWdFxd6wulJQHmwsTFAoIBAQDBLxIrSHiGTjTU17kAoK1/w5LxNquEZjrQs1hZ\niXmoVa+2779DDsV+rbdTiSlPQ7INIcN9L/bhncOSkSguXPkEBfXtphiYuxuvY1SY\nKy3RV79EBfooBNA7BBN70ebVhg80GaRk5zRFn6SYBljql+At3V6EsPBI2H2mNfut\nyWS5JTjwN26QzgVG9PT2pVMApWP/5NdMCdo32NDFmHoHqcYZwofCuOhPG33JI8xD\nt+wOL5KGCnng0XOZlBLtqRNaGBL1JHTnYJXaExg5LhgP6xPs4/URcKy3VCQhzuWs\nOcZybHeKLlQeJ6HnFHqwoA0UU7Ft2aF071IBYRZSSPYh6DGzAoIBAQDKq+/yzT31\nz368SDnlPygggZ8unzG4ImtyDVDp6RsdM9ccsCLqtSyqWDW/Hn6w9rVlLJuNhqGu\naKoUC7x0Aqj/lf63OaeSBe4Oil4Nhqgp+xAEzKbIWom4pxOGlYLJIZWcv0TSPeo3\n0qsGUiHM5T8wLt97natHYqxmDFRaZ/79irK+sL+tvIab0eB3ZXE4UMJ7szNkVsSA\nYOOXyu11NYsPuYsnMt7ApUnOSfiz1DUgMMIhsKJwCclRaRXgS+ipiBIfBpiS/5WI\n4/+2PIK/fRmiUnnhru1iZhEwBlHvpjLMZGLXfVz4dpwwdALOQDYxxikSoMVlTSnU\ny304E0N6MwRHAoIBAAVpeCzWPuokTr6XvIsT9UhbBkbTrUJsSsGGBLedblcU73NE\njCsowselvjkM4qdh0h8kDwH20gfID66PenyyBhfiwt0BhjbhJwlm0vvgWcw/lRAm\nyrdMSzkcCB+z5a+drddb0IszHvfEXSwVIXCRCKrAROGaw2CHEB4T7RUVS0kUjd/M\n7cAIxYUTX7l5MDYYbBDDLHTo4cAmxtKCTwjf7LjUBlGiNH/i2UdFRXewM2DCXGx8\n5qUxuPdYep9F2VDw07cialQBFLGjT05qyCnKACjmyfrPGUeZh9manjyQ8cpK1557\nZcfifFqo7Db+hN9I6POW4TsRaU64lZOAj8SraJkCggEBAME6KjwQaDl6ybcTGXey\nvjw3uR+HEa0fy9biUTmiUIKIEVg9qhyh/WKvVRbRKTLpFErQu8G0EWQqT7Vq9xKY\nEq4TQNVJt7TlyHC+hStaLexQfJZG0+CDSXjuehQ/aYD/bxgR17im5S6xwPL2zVj/\nXD5BAjtmOI2HyxxENww2yIrMeNyLwUQQUTowYFUVN1vcy3+Ke733Z8OKHJN1Gu47\nzUiBuuT1gCCltfdi2SYCdWAqfHwIXuZ4viLLENtXJAy2Oaiw7jiASv5Hel4x1Opi\niFUVUzTTRWoiK9Lgw6+7ggUS1JXk5QXSd9lOUfp4h/LunewvseOCLRa/p7QV0aip\nCTMCggEBAKwfyFPOW2pqVrwvmjI7JNq4PsxYjhN1s9Ife8rxjFqz9Gt40Ac6OXdf\nT5qxeh/EGEEvD+cGFtJ6teMQerT0oITGvixP/3uvUXKmzWcfyoqCcqHgzfZiS8SL\n32raL/tycRliUbagzDUAx/XMT8bI33v9EWh94PeetnrLyA3FM4zWBxcuhX0A/g6R\nAS8g+IdEwaNPw67rj8/fvXgKyv9FO2KREZbG0wBlOtfDHwB3e/lUxdGJEXlHrAty\nx6+XPyVC6ACV1gCp/XyzUg7Ht22j9JHZoGXheEDa16bEjcqwJ/Gt9g2ZDeVaR0tm\n9wuH3CWb/f2frdmk4BkRaWtI1rq+e9w=\n-----END PRIVATE KEY-----\n",
            "public_key_fingerprint_md5": "27:75:62:2a:0a:40:a7:b6:e7:c0:5c:cd:d2:b5:31:d8",
            "public_key_fingerprint_sha256": "SHA256:1pC49Vm178RcYrMtEN4M8z68CIbtOm4+0fVdhcsRK88",
            "public_key_openssh": "ssh-rsa AAAAB3NzaC1yc2EAAAADAQABAAACAQCY8OPZdW+LURGuW0ffpNi2gLwoH/Iwt22y/ApS0qgx/xonsOdzMVk8xqS0wPJzdsX/u7NlhMrgJjPi6w4KGYbYMAsTeBSKziFr7aetGjCYeziQpkM6AxJvJkcfLe4V/YHkUj9aQ2416TzTOAlVCmvEUpYwd9tXJHhbAu0kSYfRiMAJBVU96hqov/774srtBFeWyk6LXrnoot0MyI7FQrS14lI86EOFE/qxxb96REEsamr62+3qq9D212V12u5b40tdvYRqAcOpt6QHE39kNQhuIFvfAcmGb+OsECSLtsA1VFUypL3lA0ni4MqP/UDK5wEbkXOnBFAkuB91f+8H+iS7pdFIh/cMkGtMEZtnM+D8N/pp81DmB+4Hjck0TY5rm/1nYW840JL5rMsC8iwaoXMPniMIq92n3P3fiQVuzJM0a079kLsWRWIspuj6eMQln4aoKZycWq0mZI2y3zLZ+ePASQfvMzJWE8dss9keV32/XYM2RQwcNGNDvAEnEqYaP/MechGDoiR3OTw7Flxq4u7E5mqxq7xx+Sa/Y+W7uRmQl9yyeetIllSOSxOyPBrE5+OURaW7xi1joiNxm7tVlaRYLL9UmANndS7OEjXWxhrYRrbRwCptLqMowlqxEwuhF9sZlyAUFzpymG3a/GHsKthIc/JM3kMKXF+wxMiVPNWUpQ==\n",
            "public_key_pem": "-----BEGIN PUBLIC KEY-----\nMIICIjANBgkqhkiG9w0BAQEFAAOCAg8AMIICCgKCAgEAmPDj2XVvi1ERrltH36TY\ntoC8KB/yMLdtsvwKUtKoMf8aJ7DnczFZPMaktMDyc3bF/7uzZYTK4CYz4usOChmG\n2DALE3gUis4ha+2nrRowmHs4kKZDOgMSbyZHHy3uFf2B5FI/WkNuNek80zgJVQpr\nxFKWMHfbVyR4WwLtJEmH0YjACQVVPeoaqL/+++LK7QRXlspOi1656KLdDMiOxUK0\nteJSPOhDhRP6scW/ekRBLGpq+tvt6qvQ9tdlddruW+NLXb2EagHDqbekBxN/ZDUI\nbiBb3wHJhm/jrBAki7bANVRVMqS95QNJ4uDKj/1AyucBG5FzpwRQJLgfdX/vB/ok\nu6XRSIf3DJBrTBGbZzPg/Df6afNQ5gfuB43JNE2Oa5v9Z2FvONCS+azLAvIsGqFz\nD54jCKvdp9z934kFbsyTNGtO/ZC7FkViLKbo+njEJZ+GqCmcnFqtJmSNst8y2fnj\nwEkH7zMyVhPHbLPZHld9v12DNkUMHDRjQ7wBJxKmGj/zHnIRg6Ikdzk8OxZcauLu\nxOZqsau8cfkmv2Plu7kZkJfcsnnrSJZUjksTsjwaxOfjlEWlu8YtY6IjcZu7VZWk\nWCy/VJgDZ3UuzhI11sYa2Ea20cAqbS6jKMJasRMLoRfbGZcgFBc6cpht2vxh7CrY\nSHPyTN5DClxfsMTIlTzVlKUCAwEAAQ==\n-----END PUBLIC KEY-----\n",
            "rsa_bits": 4096
          },
          "sensitive_attributes": [
            [
              {
                "type": "get_attr",
                "value": "private_key_pem_pkcs8"
              }
            ],
            [
              {
                "type": "get_attr",
                "value": "private_key_openssh"
              }
            ],
            [
              {
                "type": "get_attr",
                "value": "private_key_pem"
              }
            ]
          ]
        }
      ]
    },
    {
      "module": "module.ec2",
      "mode": "data",
      "type": "aws_ami",
      "name": "ubuntu_ami",
      "provider": "provider[\"registry.terraform.io/hashicorp/aws\"]",
      "instances": [
        {
          "schema_version": 0,
          "attributes": {
            "architecture": "x86_64",
            "arn": "arn:aws:ec2:eu-west-2::image/ami-0fef583e486727263",
            "block_device_mappings": [
              {
                "device_name": "/dev/sda1",
                "ebs": {
                  "delete_on_termination": "true",
                  "encrypted": "false",
                  "iops": "0",
                  "snapshot_id": "snap-0350df490e829a935",
                  "throughput": "0",
                  "volume_size": "8",
                  "volume_type": "gp2"
                },
                "no_device": "",
                "virtual_name": ""
              },
              {
                "device_name": "/dev/sdb",
                "ebs": {},
                "no_device": "",
                "virtual_name": "ephemeral0"
              },
              {
                "device_name": "/dev/sdc",
                "ebs": {},
                "no_device": "",
                "virtual_name": "ephemeral1"
              }
            ],
            "creation_date": "2025-03-27T06:51:40.000Z",
            "description": "Canonical, Ubuntu, 22.04, amd64 jammy image",
            "ena_support": true,
            "executable_users": null,
            "filter": [
              {
                "name": "name",
                "values": [
                  "ubuntu/images/hvm-ssd/ubuntu-jammy-22.04-amd64-server-*"
                ]
              }
            ],
            "hypervisor": "xen",
            "id": "ami-0fef583e486727263",
            "image_id": "ami-0fef583e486727263",
            "image_location": "amazon/ubuntu/images/hvm-ssd/ubuntu-jammy-22.04-amd64-server-20250327",
            "image_owner_alias": "amazon",
            "image_type": "machine",
            "kernel_id": null,
            "most_recent": true,
            "name": "ubuntu/images/hvm-ssd/ubuntu-jammy-22.04-amd64-server-20250327",
            "name_regex": null,
            "owner_id": "099720109477",
            "owners": [
              "099720109477"
            ],
            "platform": null,
            "platform_details": "Linux/UNIX",
            "product_codes": [],
            "public": true,
            "ramdisk_id": null,
            "root_device_name": "/dev/sda1",
            "root_device_type": "ebs",
            "root_snapshot_id": "snap-0350df490e829a935",
            "sriov_net_support": "simple",
            "state": "available",
            "state_reason": {
              "code": "UNSET",
              "message": "UNSET"
            },
            "tags": {},
            "usage_operation": "RunInstances",
            "virtualization_type": "hvm"
          },
          "sensitive_attributes": []
        }
      ]
    },
    {
      "module": "module.ec2",
      "mode": "managed",
      "type": "aws_instance",
      "name": "example",
      "provider": "provider[\"registry.terraform.io/hashicorp/aws\"]",
      "instances": [
        {
          "schema_version": 1,
          "attributes": {
            "ami": "ami-0fef583e486727263",
            "arn": "arn:aws:ec2:eu-west-2:233966445372:instance/i-09c76e31982dca25e",
            "associate_public_ip_address": true,
            "availability_zone": "eu-west-2b",
            "capacity_reservation_specification": [
              {
                "capacity_reservation_preference": "open",
                "capacity_reservation_target": []
              }
            ],
            "cpu_core_count": 1,
            "cpu_threads_per_core": 1,
            "credit_specification": [
              {
                "cpu_credits": "standard"
              }
            ],
            "disable_api_termination": false,
            "ebs_block_device": [],
            "ebs_optimized": false,
            "enclave_options": [
              {
                "enabled": false
              }
            ],
            "ephemeral_block_device": [],
            "get_password_data": false,
            "hibernation": false,
            "host_id": null,
            "iam_instance_profile": "",
            "id": "i-09c76e31982dca25e",
            "instance_initiated_shutdown_behavior": "stop",
            "instance_state": "running",
            "instance_type": "t2.micro",
            "ipv6_address_count": 0,
            "ipv6_addresses": [],
            "key_name": "KeyEC2",
            "launch_template": [],
            "metadata_options": [
              {
                "http_endpoint": "enabled",
                "http_put_response_hop_limit": 1,
                "http_tokens": "optional",
                "instance_metadata_tags": "disabled"
              }
            ],
            "monitoring": false,
            "network_interface": [],
            "outpost_arn": "",
            "password_data": "",
            "placement_group": "",
            "placement_partition_number": null,
            "primary_network_interface_id": "eni-06e25d371e9b3c76a",
            "private_dns": "ip-10-123-2-230.eu-west-2.compute.internal",
            "private_ip": "10.123.2.230",
            "public_dns": "ec2-13-40-188-84.eu-west-2.compute.amazonaws.com",
            "public_ip": "13.40.188.84",
            "root_block_device": [
              {
                "delete_on_termination": true,
                "device_name": "/dev/sda1",
                "encrypted": false,
                "iops": 3000,
                "kms_key_id": "",
                "tags": {},
                "throughput": 125,
                "volume_id": "vol-03671db464f5a988a",
                "volume_size": 20,
                "volume_type": "gp3"
              }
            ],
            "secondary_private_ips": [],
            "security_groups": [],
            "source_dest_check": true,
            "subnet_id": "subnet-0edd318876dc286c4",
            "tags": {
              "Name": "tf-example"
            },
            "tags_all": {
              "Name": "tf-example"
            },
            "tenancy": "default",
            "timeouts": null,
            "user_data": "7215ad56c8d057d9ad8e56a49201d95bcbae897d",
            "user_data_base64": null,
            "volume_tags": null,
            "vpc_security_group_ids": [
              "sg-0ecc6da131d41aa6e"
            ]
          },
          "sensitive_attributes": [
            [
              {
                "type": "get_attr",
                "value": "user_data"
              }
            ]
          ],
          "private": "eyJlMmJmYjczMC1lY2FhLTExZTYtOGY4OC0zNDM2M2JjN2M0YzAiOnsiY3JlYXRlIjo2MDAwMDAwMDAwMDAsImRlbGV0ZSI6MTIwMDAwMDAwMDAwMCwidXBkYXRlIjo2MDAwMDAwMDAwMDB9LCJzY2hlbWFfdmVyc2lvbiI6IjEifQ==",
          "dependencies": [
            "module.ec2.aws_security_group.example_sg",
            "module.ec2.data.aws_ami.ubuntu_ami",
            "module.vpc.aws_subnet.mtc_public_subnet_2",
            "module.vpc.aws_vpc.mtc_vpc"
          ]
        }
      ]
    },
    {
      "module": "module.ec2",
      "mode": "managed",
      "type": "aws_key_pair",
      "name": "example",
      "provider": "provider[\"registry.terraform.io/hashicorp/aws\"]",
      "instances": [
        {
          "schema_version": 1,
          "attributes": {
            "arn": "arn:aws:ec2:eu-west-2:233966445372:key-pair/KeyEC2",
            "fingerprint": "71:d5:98:81:41:53:a8:0f:5b:cf:3d:e4:03:eb:fc:41",
            "id": "KeyEC2",
            "key_name": "KeyEC2",
            "key_name_prefix": "",
            "key_pair_id": "key-054a878630bc96065",
            "public_key": "ssh-rsa AAAAB3NzaC1yc2EAAAADAQABAAACAQDGpKv33EvVfkgUEzMNq/Kgv8JsxdZGc4S06Fho8mfbaFsFVKijbhCS1NmSSvwnTb2eHDTUpA1kR6Jn0vL1qfYo8Eb/O13z7g2WpaRg0b5vbZsWy04GxF8FeNmYcwA+4JQPITUDqYNHrjatLVpl3yvtcDcNYnB/+2dQIFlKJCQdRtrHRZ9tzbLukGNd1bROIc0kikgnuImrqDWmyMT52/Uxj3I0Ljtf+JhnmAU1PQw4dkfw/yA7BawAhKuwLTiPTroTbwS7oKwWV0u000g64jxe35CyHyn6oGqfjl9NSgo723uzH6TmI7oNtCiaAnDRxBSgJCuxD8PC8dAO2Tpg8yaLud4znL5qXMR25wsOEaY0imk/E11KUbimLvMUo+Qbu45gLWh5+lYOQb4LGwZHUvcMjOEUBCJ7fSTgTxQK2YTUQDDcBPvJX0K5q/MJpbSJsPuhEhgMD9OmoOay77kiy3O+hivnFa+jPiBAzE06Io+kG1yR+fA838fbaepNCvm5RVmYN9fWlMC0UPBHTAiwlChJcczG8q4QNp1QqF7gp3vZ7nqOnGLRY4qe8GI/vNkBe5E6Conue2fETT9ERHOTPn4kQMCLHId8LXiiTamBjGwUh8Pdo1wfsRtGI7MEp3ihPTdhjtOG4b47y3foSu1yJalYnZUey4TynIqexBQ7g92lMw==",
            "tags": {},
            "tags_all": {}
          },
          "sensitive_attributes": [],
          "private": "eyJzY2hlbWFfdmVyc2lvbiI6IjEifQ==",
          "dependencies": [
            "module.ec2.tls_private_key.example"
          ]
        }
      ]
    },
    {
      "module": "module.ec2",
      "mode": "managed",
      "type": "aws_security_group",
      "name": "example_sg",
      "provider": "provider[\"registry.terraform.io/hashicorp/aws\"]",
      "instances": [
        {
          "schema_version": 1,
          "attributes": {
            "arn": "arn:aws:ec2:eu-west-2:233966445372:security-group/sg-0ecc6da131d41aa6e",
            "description": "Allow SSH, HTTP, and HTTPS",
            "egress": [
              {
                "cidr_blocks": [
                  "0.0.0.0/0"
                ],
                "description": "",
                "from_port": 0,
                "ipv6_cidr_blocks": [],
                "prefix_list_ids": [],
                "protocol": "-1",
                "security_groups": [],
                "self": false,
                "to_port": 0
              }
            ],
            "id": "sg-0ecc6da131d41aa6e",
            "ingress": [
              {
                "cidr_blocks": [
                  "0.0.0.0/0"
                ],
                "description": "",
                "from_port": 22,
                "ipv6_cidr_blocks": [],
                "prefix_list_ids": [],
                "protocol": "tcp",
                "security_groups": [],
                "self": false,
                "to_port": 22
              },
              {
                "cidr_blocks": [
                  "0.0.0.0/0"
                ],
                "description": "",
                "from_port": 443,
                "ipv6_cidr_blocks": [],
                "prefix_list_ids": [],
                "protocol": "tcp",
                "security_groups": [],
                "self": false,
                "to_port": 443
              },
              {
                "cidr_blocks": [
                  "0.0.0.0/0"
                ],
                "description": "",
                "from_port": 80,
                "ipv6_cidr_blocks": [],
                "prefix_list_ids": [],
                "protocol": "tcp",
                "security_groups": [],
                "self": false,
                "to_port": 80
              }
            ],
            "name": "example-sg",
            "name_prefix": "",
            "owner_id": "233966445372",
            "revoke_rules_on_delete": false,
            "tags": {},
            "tags_all": {},
            "timeouts": null,
            "vpc_id": "vpc-080424e43cca7ac1c"
          },
          "sensitive_attributes": [],
          "private": "eyJlMmJmYjczMC1lY2FhLTExZTYtOGY4OC0zNDM2M2JjN2M0YzAiOnsiY3JlYXRlIjo2MDAwMDAwMDAwMDAsImRlbGV0ZSI6OTAwMDAwMDAwMDAwfSwic2NoZW1hX3ZlcnNpb24iOiIxIn0=",
          "dependencies": [
            "module.vpc.aws_vpc.mtc_vpc"
          ]
        }
      ]
    },
    {
      "module": "module.ec2",
      "mode": "managed",
      "type": "local_file",
      "name": "private_key",
      "provider": "provider[\"registry.terraform.io/hashicorp/local\"]",
      "instances": [
        {
          "schema_version": 0,
          "attributes": {
            "content": "-----BEGIN RSA PRIVATE KEY-----\nMIIJKgIBAAKCAgEAxqSr99xL1X5IFBMzDavyoL/CbMXWRnOEtOhYaPJn22hbBVSo\no24QktTZkkr8J029nhw01KQNZEeiZ9Ly9an2KPBG/ztd8+4NlqWkYNG+b22bFstO\nBsRfBXjZmHMAPuCUDyE1A6mDR642rS1aZd8r7XA3DWJwf/tnUCBZSiQkHUbax0Wf\nbc2y7pBjXdW0TiHNJIpIJ7iJq6g1psjE+dv1MY9yNC47X/iYZ5gFNT0MOHZH8P8g\nOwWsAISrsC04j066E28Eu6CsFldLtNNIOuI8Xt+Qsh8p+qBqn45fTUoKO9t7sx+k\n5iO6DbQomgJw0cQUoCQrsQ/DwvHQDtk6YPMmi7neM5y+alzEducLDhGmNIppPxNd\nSlG4pi7zFKPkG7uOYC1oefpWDkG+CxsGR1L3DIzhFAQie30k4E8UCtmE1EAw3AT7\nyV9CuavzCaW0ibD7oRIYDA/TpqDmsu+5IstzvoYr5xWvoz4gQMxNOiKPpBtckfnw\nPN/H22nqTQr5uUVZmDfX1pTAtFDwR0wIsJQoSXHMxvKuEDadUKhe4Kd72e56jpxi\n0WOKnvBiP7zZAXuROgqJ7ntnxE0/RERzkz5+JEDAixyHfC14ok2pgYxsFIfD3aNc\nH7EbRiOzBKd4oT03YY7ThuG+O8t36ErtciWpWJ2VHsuE8pyKnsQUO4PdpTMCAwEA\nAQKCAgEApVUb+OG3kItZzLOqM3/hIuBYH5aOYPb3Bme4ZikUPi7eS1KKRfRvAPb9\n2+BjfQccgoOxiSa+Kq/gwY93Pvdmde5++SJdcZC6aJ+XcCpC2ZWdltxCJim9eN18\nJoHZO3xKX0lhSZoGNVwQEBWGfvHAKxDSEWbUggEqnSs/hhEMqf12TJNrPcYOXrd4\nrPoY50sE5pvdsInMtD394cKLB/eGXeipwjqUmq1blCWYeBZGnJv+Bt0h4142KfxC\nthD9WXHKODCX/N6fPL0NuwR7wt7YJpLnaQm9M+fetsyWD8tHN0jX7V+yLQahbZR8\nkqrjYgRUsnFImEepxRDk/ebZyyW19u8K8A1aStMbKUHnIvTYOzI2q05CyY6jLvjj\nFpgpSlDu1bjTfQlGUFzvzm9egJksxGBUkMkWUzJJJB5l5FqGx52txt1uD6W2k59B\n7SM+NgBwCg14TNaXGyJRJJhBp3XiRic90ZhU0vAR+lvHaRe8eh4kWlaZARyy4gqk\nj6KNhFXWA/2ZecxGZr5Uw7wu4z/mQ4Rqq2KNqabr3z0VAip5uE/JkXSh7Bn0sEgG\naUmmPZkUZbEoSKmbC8mccXOKl4Hp2vDjM0llBSsARIweKlHw63rGc7rKLC3Irzm2\n03+qI7vqPlQLso9NeWWAsNw5Ei2F0Ynux5rinTmFXvohk1+yPlkCggEBAM15rRlI\nbAP1b4h3H2ssreR0qfA/W1P7xVvYoRNwHmrhqdN31ggW5KulFEhil715EZw6w7J5\nDhTi8HbOmv1xCqc95N3iiesyD9FKy6zY9g19BjIpPoNqj2vZNciermxzENgf80vX\nledJDruX6g+zAFfILgsBwdMwzSWDAMDmhC9EHCVesY9EixO2F6vkTNulLKY3kWKT\nioBC7DGQoNKMZfNkR1FWbiYH0z0kiEatO5nVUL8jYDr549GgVddBznjLQs7knAxk\nNa55V/vd2XR8yns7cBRUnkDkoC+i/h6gFK8lty3IPQBXIrpH4H43e1xuZgiB3NwI\nvXC1YAH5bcmNRX0CggEBAPd87fzi75u/dbE0WeY+urecol4dXdVLA3z/NIO/xxuN\nNpI3FgP/3L0aFrny4j+iC34UW/9PSdbdhiMn6JOCqebxi6igaWNgAVJ0CHbRH7Hd\nbJG5Qu49k5ugQBejWOA1K/UXrTrstdb17xvH1S+s6kzE4gkALOY/I6RrOsdLKQS1\nQsK2/CxIYrfSGGFghrM+dVkZydMi6HkpIvTkW5vKny8cmV3tZ4aW+H0cdFgHXd1o\nK+5BONwCmkFlWaXAgLHssmWJ7vT9qobgBFZfbLbxpK0UB49si7F0TE+2D4FySEcs\nctCewDSYH99U0s3voKKHt/rAfY4GcNI33aAZkSMl1G8CggEBAKL2EpQPvSMyn9+C\nYpe0msGqyTCyfvNPpgoe+DkbXfR0vyTpUQWfaoK7bSevkhsCjzXx4U2F9uYXypDf\ncUr6QXG8g+x6g9nWHXdnM7wFYrf15VkZHuxJMjBd1+sh9sIqTDyssl//PnNtnNKp\nPEhxNh9osyOlpBykAr/yc0GKUWHPSedVf8tZmFfsvj9k1JQLHytAvPyKeXkaGouA\n4hu6oAz2Bh37R2bAJAfFFpO/RprN9LlzDBoaIFYcLJiJJ4Dj7Dt8Ukr9mxmiQWaP\nX6ykYE52KIDnT4+2A1lkktilK2JxriMQQVkownEtGl3gEOWQ5TlwDUMxZ1Whc+B8\n+1azxV0CggEBAJkgJgvSyZffBU3H61unMlXKxzdeCiGfUSA0suRVczcbz0j2ZlvB\nIm2qR6dznQLsGxo+NJGqGDCmTYlQ9vjV3pOyncuOvMYsr4S5oEcLqwWcz8D2FHBd\njwe6Rg2aFrJak8EIjjkoHnZLIk9Y/BGMdkdbhdM11ZH8POxNIEgQu+da01ywZSRt\nAQ9lIYqWc6FRor+nUhWdwqK8jhFhfUDORGGc21OfQO+oV0Tppx6UKEKGYq/+kNSn\nk5OkxqvkiHwNzG9AwaW5kZnz3xsl3ZjvuAkSnH7kFSaNo22qYruf3xKScNOddaTU\n/ttqmyep/QSy3mV6VfTbDVE0GZ8mUoOhs2cCggEAfrqJRgH+8TJyygpIsFJbarNh\nkprhV9Lx2OQHshOuIc38ViKvkhI9IVGY5ovLHLQ5gfXT7ogCg/paUc+ji4Wtqjxq\np3m7jK2ksZgIV4LdB+sU4KDjMb0QCGNo+6QGyxK8Wb6o6Uh5mzhc84UxTHiHHUel\ndYyUgzob/s/s4C5mR8z82XWu47zYo7nv1cu3Ja9cJzhCQnl7+oibJslSiXI8TVb9\nzrbRQgm6tC5AaVDWgvCvrh1V0sbEyg/mKlwcs73IwIryk5bk4uAmxsDc7lVeHiFx\nixFkQHjnvVkbcqVXEYTh8fynd9P493ClQ2gEH4tozWFxf6S+esDr0+WgNmZ2aA==\n-----END RSA PRIVATE KEY-----\n",
            "content_base64": null,
            "content_base64sha256": "dHpC8IsT0wJcsHdwMlOfmt7t7Dnilbnc+Nhc/MNQWvQ=",
            "content_base64sha512": "cSjld+wA2T1xreH3OgcA/1MwIUg3g6W2gVUvh6KHly5ajnr+bxFhm+Bk6o9WOPpzEgDTuSBu2KQtkDgdlvnUZA==",
            "content_md5": "ce54b4beebbf8c255067b6d2caebeeb7",
            "content_sha1": "671bcfe1a0be04364275636eccc174a6c215a1ab",
            "content_sha256": "747a42f08b13d3025cb0777032539f9adeedec39e295b9dcf8d85cfcc3505af4",
            "content_sha512": "7128e577ec00d93d71ade1f73a0700ff533021483783a5b681552f87a287972e5a8e7afe6f11619be064ea8f5638fa731200d3b9206ed8a42d90381d96f9d464",
            "directory_permission": "0777",
            "file_permission": "0600",
            "filename": "ec2_module/KeyEC2.pem",
            "id": "671bcfe1a0be04364275636eccc174a6c215a1ab",
            "sensitive_content": null,
            "source": null
          },
          "sensitive_attributes": [
            [
              {
                "type": "get_attr",
                "value": "content"
              }
            ],
            [
              {
                "type": "get_attr",
                "value": "sensitive_content"
              }
            ]
          ],
          "dependencies": [
            "module.ec2.tls_private_key.example"
          ]
        }
      ]
    },
    {
      "module": "module.ec2",
      "mode": "managed",
      "type": "tls_private_key",
      "name": "example",
      "provider": "provider[\"registry.terraform.io/hashicorp/tls\"]",
      "instances": [
        {
          "schema_version": 1,
          "attributes": {
            "algorithm": "RSA",
            "ecdsa_curve": "P224",
            "id": "03c9309d1ecf2b76b26f22314156ab818f973c24",
            "private_key_openssh": "-----BEGIN OPENSSH PRIVATE KEY-----\nb3BlbnNzaC1rZXktdjEAAAAABG5vbmUAAAAEbm9uZQAAAAAAAAABAAACFwAAAAdz\nc2gtcnNhAAAAAwEAAQAAAgEAxqSr99xL1X5IFBMzDavyoL/CbMXWRnOEtOhYaPJn\n22hbBVSoo24QktTZkkr8J029nhw01KQNZEeiZ9Ly9an2KPBG/ztd8+4NlqWkYNG+\nb22bFstOBsRfBXjZmHMAPuCUDyE1A6mDR642rS1aZd8r7XA3DWJwf/tnUCBZSiQk\nHUbax0Wfbc2y7pBjXdW0TiHNJIpIJ7iJq6g1psjE+dv1MY9yNC47X/iYZ5gFNT0M\nOHZH8P8gOwWsAISrsC04j066E28Eu6CsFldLtNNIOuI8Xt+Qsh8p+qBqn45fTUoK\nO9t7sx+k5iO6DbQomgJw0cQUoCQrsQ/DwvHQDtk6YPMmi7neM5y+alzEducLDhGm\nNIppPxNdSlG4pi7zFKPkG7uOYC1oefpWDkG+CxsGR1L3DIzhFAQie30k4E8UCtmE\n1EAw3AT7yV9CuavzCaW0ibD7oRIYDA/TpqDmsu+5IstzvoYr5xWvoz4gQMxNOiKP\npBtckfnwPN/H22nqTQr5uUVZmDfX1pTAtFDwR0wIsJQoSXHMxvKuEDadUKhe4Kd7\n2e56jpxi0WOKnvBiP7zZAXuROgqJ7ntnxE0/RERzkz5+JEDAixyHfC14ok2pgYxs\nFIfD3aNcH7EbRiOzBKd4oT03YY7ThuG+O8t36ErtciWpWJ2VHsuE8pyKnsQUO4Pd\npTMAAAc4wql7B8KpewcAAAAHc3NoLXJzYQAAAgEAxqSr99xL1X5IFBMzDavyoL/C\nbMXWRnOEtOhYaPJn22hbBVSoo24QktTZkkr8J029nhw01KQNZEeiZ9Ly9an2KPBG\n/ztd8+4NlqWkYNG+b22bFstOBsRfBXjZmHMAPuCUDyE1A6mDR642rS1aZd8r7XA3\nDWJwf/tnUCBZSiQkHUbax0Wfbc2y7pBjXdW0TiHNJIpIJ7iJq6g1psjE+dv1MY9y\nNC47X/iYZ5gFNT0MOHZH8P8gOwWsAISrsC04j066E28Eu6CsFldLtNNIOuI8Xt+Q\nsh8p+qBqn45fTUoKO9t7sx+k5iO6DbQomgJw0cQUoCQrsQ/DwvHQDtk6YPMmi7ne\nM5y+alzEducLDhGmNIppPxNdSlG4pi7zFKPkG7uOYC1oefpWDkG+CxsGR1L3DIzh\nFAQie30k4E8UCtmE1EAw3AT7yV9CuavzCaW0ibD7oRIYDA/TpqDmsu+5IstzvoYr\n5xWvoz4gQMxNOiKPpBtckfnwPN/H22nqTQr5uUVZmDfX1pTAtFDwR0wIsJQoSXHM\nxvKuEDadUKhe4Kd72e56jpxi0WOKnvBiP7zZAXuROgqJ7ntnxE0/RERzkz5+JEDA\nixyHfC14ok2pgYxsFIfD3aNcH7EbRiOzBKd4oT03YY7ThuG+O8t36ErtciWpWJ2V\nHsuE8pyKnsQUO4PdpTMAAAADAQABAAACAQClVRv44beQi1nMs6ozf+Ei4Fgflo5g\n9vcGZ7hmKRQ+Lt5LUopF9G8A9v3b4GN9BxyCg7GJJr4qr+DBj3c+92Z17n75Il1x\nkLpon5dwKkLZlZ2W3EImKb143Xwmgdk7fEpfSWFJmgY1XBAQFYZ+8cArENIRZtSC\nASqdKz+GEQyp/XZMk2s9xg5et3is+hjnSwTmm92wicy0Pf3hwosH94Zd6KnCOpSa\nrVuUJZh4Fkacm/4G3SHjXjYp/EK2EP1Zcco4MJf83p88vQ27BHvC3tgmkudpCb0z\n5962zJYPy0c3SNftX7ItBqFtlHySquNiBFSycUiYR6nFEOT95tnLJbX27wrwDVpK\n0xspQeci9Ng7MjarTkLJjqMu+OMWmClKUO7VuNN9CUZQXO/Ob16AmSzEYFSQyRZT\nMkkkHmXkWobHna3G3W4PpbaTn0HtIz42AHAKDXhM1pcbIlEkmEGndeJGJz3RmFTS\n8BH6W8dpF7x6HiRaVpkBHLLiCqSPoo2EVdYD/Zl5zEZmvlTDvC7jP+ZDhGqrYo2p\npuvfPRUCKnm4T8mRdKHsGfSwSAZpSaY9mRRlsShIqZsLyZxxc4qXgena8OMzSWUF\nKwBEjB4qUfDresZzusosLcivObbTf6oju+o+VAuyj015ZYCw3DkSLYXRie7HmuKd\nOYVe+iGTX7I+WQAAAQB+uolGAf7xMnLKCkiwUltqs2GSmuFX0vHY5AeyE64hzfxW\nIq+SEj0hUZjmi8sctDmB9dPuiAKD+lpRz6OLha2qPGqnebuMraSxmAhXgt0H6xTg\noOMxvRAIY2j7pAbLErxZvqjpSHmbOFzzhTFMeIcdR6V1jJSDOhv+z+zgLmZHzPzZ\nda7jvNijue/Vy7clr1wnOEJCeXv6iJsmyVKJcjxNVv3OttFCCbq0LkBpUNaC8K+u\nHVXSxsTKD+YqXByzvcjAivKTluTi4CbGwNzuVV4eIXGLEWRAeOe9WRtypVcRhOHx\n/Kd30/j3cKVDaAQfi2jNYXF/pL56wOvT5aA2ZnZoAAABAQDNea0ZSGwD9W+Idx9r\nLK3kdKnwP1tT+8Vb2KETcB5q4anTd9YIFuSrpRRIYpe9eRGcOsOyeQ4U4vB2zpr9\ncQqnPeTd4onrMg/RSsus2PYNfQYyKT6Dao9r2TXInq5scxDYH/NL15XnSQ67l+oP\nswBXyC4LAcHTMM0lgwDA5oQvRBwlXrGPRIsTther5EzbpSymN5Fik4qAQuwxkKDS\njGXzZEdRVm4mB9M9JIhGrTuZ1VC/I2A6+ePRoFXXQc54y0LO5JwMZDWueVf73dl0\nfMp7O3AUVJ5A5KAvov4eoBSvJbctyD0AVyK6R+B+N3tcbmYIgdzcCL1wtWAB+W3J\njUV9AAABAQD3fO384u+bv3WxNFnmPrq3nKJeHV3VSwN8/zSDv8cbjTaSNxYD/9y9\nGha58uI/ogt+FFv/T0nW3YYjJ+iTgqnm8YuooGljYAFSdAh20R+x3WyRuULuPZOb\noEAXo1jgNSv1F6067LXW9e8bx9UvrOpMxOIJACzmPyOkazrHSykEtULCtvwsSGK3\n0hhhYIazPnVZGcnTIuh5KSL05Fubyp8vHJld7WeGlvh9HHRYB13daCvuQTjcAppB\nZVmlwICx7LJlie70/aqG4ARWX2y28aStFAePbIuxdExPtg+BckhHLHLQnsA0mB/f\nVNLN76Cih7f6wH2OBnDSN92gGZEjJdRvAAAAAAEC\n-----END OPENSSH PRIVATE KEY-----\n",
            "private_key_pem": "-----BEGIN RSA PRIVATE KEY-----\nMIIJKgIBAAKCAgEAxqSr99xL1X5IFBMzDavyoL/CbMXWRnOEtOhYaPJn22hbBVSo\no24QktTZkkr8J029nhw01KQNZEeiZ9Ly9an2KPBG/ztd8+4NlqWkYNG+b22bFstO\nBsRfBXjZmHMAPuCUDyE1A6mDR642rS1aZd8r7XA3DWJwf/tnUCBZSiQkHUbax0Wf\nbc2y7pBjXdW0TiHNJIpIJ7iJq6g1psjE+dv1MY9yNC47X/iYZ5gFNT0MOHZH8P8g\nOwWsAISrsC04j066E28Eu6CsFldLtNNIOuI8Xt+Qsh8p+qBqn45fTUoKO9t7sx+k\n5iO6DbQomgJw0cQUoCQrsQ/DwvHQDtk6YPMmi7neM5y+alzEducLDhGmNIppPxNd\nSlG4pi7zFKPkG7uOYC1oefpWDkG+CxsGR1L3DIzhFAQie30k4E8UCtmE1EAw3AT7\nyV9CuavzCaW0ibD7oRIYDA/TpqDmsu+5IstzvoYr5xWvoz4gQMxNOiKPpBtckfnw\nPN/H22nqTQr5uUVZmDfX1pTAtFDwR0wIsJQoSXHMxvKuEDadUKhe4Kd72e56jpxi\n0WOKnvBiP7zZAXuROgqJ7ntnxE0/RERzkz5+JEDAixyHfC14ok2pgYxsFIfD3aNc\nH7EbRiOzBKd4oT03YY7ThuG+O8t36ErtciWpWJ2VHsuE8pyKnsQUO4PdpTMCAwEA\nAQKCAgEApVUb+OG3kItZzLOqM3/hIuBYH5aOYPb3Bme4ZikUPi7eS1KKRfRvAPb9\n2+BjfQccgoOxiSa+Kq/gwY93Pvdmde5++SJdcZC6aJ+XcCpC2ZWdltxCJim9eN18\nJoHZO3xKX0lhSZoGNVwQEBWGfvHAKxDSEWbUggEqnSs/hhEMqf12TJNrPcYOXrd4\nrPoY50sE5pvdsInMtD394cKLB/eGXeipwjqUmq1blCWYeBZGnJv+Bt0h4142KfxC\nthD9WXHKODCX/N6fPL0NuwR7wt7YJpLnaQm9M+fetsyWD8tHN0jX7V+yLQahbZR8\nkqrjYgRUsnFImEepxRDk/ebZyyW19u8K8A1aStMbKUHnIvTYOzI2q05CyY6jLvjj\nFpgpSlDu1bjTfQlGUFzvzm9egJksxGBUkMkWUzJJJB5l5FqGx52txt1uD6W2k59B\n7SM+NgBwCg14TNaXGyJRJJhBp3XiRic90ZhU0vAR+lvHaRe8eh4kWlaZARyy4gqk\nj6KNhFXWA/2ZecxGZr5Uw7wu4z/mQ4Rqq2KNqabr3z0VAip5uE/JkXSh7Bn0sEgG\naUmmPZkUZbEoSKmbC8mccXOKl4Hp2vDjM0llBSsARIweKlHw63rGc7rKLC3Irzm2\n03+qI7vqPlQLso9NeWWAsNw5Ei2F0Ynux5rinTmFXvohk1+yPlkCggEBAM15rRlI\nbAP1b4h3H2ssreR0qfA/W1P7xVvYoRNwHmrhqdN31ggW5KulFEhil715EZw6w7J5\nDhTi8HbOmv1xCqc95N3iiesyD9FKy6zY9g19BjIpPoNqj2vZNciermxzENgf80vX\nledJDruX6g+zAFfILgsBwdMwzSWDAMDmhC9EHCVesY9EixO2F6vkTNulLKY3kWKT\nioBC7DGQoNKMZfNkR1FWbiYH0z0kiEatO5nVUL8jYDr549GgVddBznjLQs7knAxk\nNa55V/vd2XR8yns7cBRUnkDkoC+i/h6gFK8lty3IPQBXIrpH4H43e1xuZgiB3NwI\nvXC1YAH5bcmNRX0CggEBAPd87fzi75u/dbE0WeY+urecol4dXdVLA3z/NIO/xxuN\nNpI3FgP/3L0aFrny4j+iC34UW/9PSdbdhiMn6JOCqebxi6igaWNgAVJ0CHbRH7Hd\nbJG5Qu49k5ugQBejWOA1K/UXrTrstdb17xvH1S+s6kzE4gkALOY/I6RrOsdLKQS1\nQsK2/CxIYrfSGGFghrM+dVkZydMi6HkpIvTkW5vKny8cmV3tZ4aW+H0cdFgHXd1o\nK+5BONwCmkFlWaXAgLHssmWJ7vT9qobgBFZfbLbxpK0UB49si7F0TE+2D4FySEcs\nctCewDSYH99U0s3voKKHt/rAfY4GcNI33aAZkSMl1G8CggEBAKL2EpQPvSMyn9+C\nYpe0msGqyTCyfvNPpgoe+DkbXfR0vyTpUQWfaoK7bSevkhsCjzXx4U2F9uYXypDf\ncUr6QXG8g+x6g9nWHXdnM7wFYrf15VkZHuxJMjBd1+sh9sIqTDyssl//PnNtnNKp\nPEhxNh9osyOlpBykAr/yc0GKUWHPSedVf8tZmFfsvj9k1JQLHytAvPyKeXkaGouA\n4hu6oAz2Bh37R2bAJAfFFpO/RprN9LlzDBoaIFYcLJiJJ4Dj7Dt8Ukr9mxmiQWaP\nX6ykYE52KIDnT4+2A1lkktilK2JxriMQQVkownEtGl3gEOWQ5TlwDUMxZ1Whc+B8\n+1azxV0CggEBAJkgJgvSyZffBU3H61unMlXKxzdeCiGfUSA0suRVczcbz0j2ZlvB\nIm2qR6dznQLsGxo+NJGqGDCmTYlQ9vjV3pOyncuOvMYsr4S5oEcLqwWcz8D2FHBd\njwe6Rg2aFrJak8EIjjkoHnZLIk9Y/BGMdkdbhdM11ZH8POxNIEgQu+da01ywZSRt\nAQ9lIYqWc6FRor+nUhWdwqK8jhFhfUDORGGc21OfQO+oV0Tppx6UKEKGYq/+kNSn\nk5OkxqvkiHwNzG9AwaW5kZnz3xsl3ZjvuAkSnH7kFSaNo22qYruf3xKScNOddaTU\n/ttqmyep/QSy3mV6VfTbDVE0GZ8mUoOhs2cCggEAfrqJRgH+8TJyygpIsFJbarNh\nkprhV9Lx2OQHshOuIc38ViKvkhI9IVGY5ovLHLQ5gfXT7ogCg/paUc+ji4Wtqjxq\np3m7jK2ksZgIV4LdB+sU4KDjMb0QCGNo+6QGyxK8Wb6o6Uh5mzhc84UxTHiHHUel\ndYyUgzob/s/s4C5mR8z82XWu47zYo7nv1cu3Ja9cJzhCQnl7+oibJslSiXI8TVb9\nzrbRQgm6tC5AaVDWgvCvrh1V0sbEyg/mKlwcs73IwIryk5bk4uAmxsDc7lVeHiFx\nixFkQHjnvVkbcqVXEYTh8fynd9P493ClQ2gEH4tozWFxf6S+esDr0+WgNmZ2aA==\n-----END RSA PRIVATE KEY-----\n",
            "private_key_pem_pkcs8": "-----BEGIN PRIVATE KEY-----\nMIIJRAIBADANBgkqhkiG9w0BAQEFAASCCS4wggkqAgEAAoICAQDGpKv33EvVfkgU\nEzMNq/Kgv8JsxdZGc4S06Fho8mfbaFsFVKijbhCS1NmSSvwnTb2eHDTUpA1kR6Jn\n0vL1qfYo8Eb/O13z7g2WpaRg0b5vbZsWy04GxF8FeNmYcwA+4JQPITUDqYNHrjat\nLVpl3yvtcDcNYnB/+2dQIFlKJCQdRtrHRZ9tzbLukGNd1bROIc0kikgnuImrqDWm\nyMT52/Uxj3I0Ljtf+JhnmAU1PQw4dkfw/yA7BawAhKuwLTiPTroTbwS7oKwWV0u0\n00g64jxe35CyHyn6oGqfjl9NSgo723uzH6TmI7oNtCiaAnDRxBSgJCuxD8PC8dAO\n2Tpg8yaLud4znL5qXMR25wsOEaY0imk/E11KUbimLvMUo+Qbu45gLWh5+lYOQb4L\nGwZHUvcMjOEUBCJ7fSTgTxQK2YTUQDDcBPvJX0K5q/MJpbSJsPuhEhgMD9OmoOay\n77kiy3O+hivnFa+jPiBAzE06Io+kG1yR+fA838fbaepNCvm5RVmYN9fWlMC0UPBH\nTAiwlChJcczG8q4QNp1QqF7gp3vZ7nqOnGLRY4qe8GI/vNkBe5E6Conue2fETT9E\nRHOTPn4kQMCLHId8LXiiTamBjGwUh8Pdo1wfsRtGI7MEp3ihPTdhjtOG4b47y3fo\nSu1yJalYnZUey4TynIqexBQ7g92lMwIDAQABAoICAQClVRv44beQi1nMs6ozf+Ei\n4Fgflo5g9vcGZ7hmKRQ+Lt5LUopF9G8A9v3b4GN9BxyCg7GJJr4qr+DBj3c+92Z1\n7n75Il1xkLpon5dwKkLZlZ2W3EImKb143Xwmgdk7fEpfSWFJmgY1XBAQFYZ+8cAr\nENIRZtSCASqdKz+GEQyp/XZMk2s9xg5et3is+hjnSwTmm92wicy0Pf3hwosH94Zd\n6KnCOpSarVuUJZh4Fkacm/4G3SHjXjYp/EK2EP1Zcco4MJf83p88vQ27BHvC3tgm\nkudpCb0z5962zJYPy0c3SNftX7ItBqFtlHySquNiBFSycUiYR6nFEOT95tnLJbX2\n7wrwDVpK0xspQeci9Ng7MjarTkLJjqMu+OMWmClKUO7VuNN9CUZQXO/Ob16AmSzE\nYFSQyRZTMkkkHmXkWobHna3G3W4PpbaTn0HtIz42AHAKDXhM1pcbIlEkmEGndeJG\nJz3RmFTS8BH6W8dpF7x6HiRaVpkBHLLiCqSPoo2EVdYD/Zl5zEZmvlTDvC7jP+ZD\nhGqrYo2ppuvfPRUCKnm4T8mRdKHsGfSwSAZpSaY9mRRlsShIqZsLyZxxc4qXgena\n8OMzSWUFKwBEjB4qUfDresZzusosLcivObbTf6oju+o+VAuyj015ZYCw3DkSLYXR\nie7HmuKdOYVe+iGTX7I+WQKCAQEAzXmtGUhsA/VviHcfayyt5HSp8D9bU/vFW9ih\nE3AeauGp03fWCBbkq6UUSGKXvXkRnDrDsnkOFOLwds6a/XEKpz3k3eKJ6zIP0UrL\nrNj2DX0GMik+g2qPa9k1yJ6ubHMQ2B/zS9eV50kOu5fqD7MAV8guCwHB0zDNJYMA\nwOaEL0QcJV6xj0SLE7YXq+RM26UspjeRYpOKgELsMZCg0oxl82RHUVZuJgfTPSSI\nRq07mdVQvyNgOvnj0aBV10HOeMtCzuScDGQ1rnlX+93ZdHzKeztwFFSeQOSgL6L+\nHqAUryW3Lcg9AFciukfgfjd7XG5mCIHc3Ai9cLVgAfltyY1FfQKCAQEA93zt/OLv\nm791sTRZ5j66t5yiXh1d1UsDfP80g7/HG402kjcWA//cvRoWufLiP6ILfhRb/09J\n1t2GIyfok4Kp5vGLqKBpY2ABUnQIdtEfsd1skblC7j2Tm6BAF6NY4DUr9RetOuy1\n1vXvG8fVL6zqTMTiCQAs5j8jpGs6x0spBLVCwrb8LEhit9IYYWCGsz51WRnJ0yLo\neSki9ORbm8qfLxyZXe1nhpb4fRx0WAdd3Wgr7kE43AKaQWVZpcCAseyyZYnu9P2q\nhuAEVl9stvGkrRQHj2yLsXRMT7YPgXJIRyxy0J7ANJgf31TSze+gooe3+sB9jgZw\n0jfdoBmRIyXUbwKCAQEAovYSlA+9IzKf34Jil7SawarJMLJ+80+mCh74ORtd9HS/\nJOlRBZ9qgrttJ6+SGwKPNfHhTYX25hfKkN9xSvpBcbyD7HqD2dYdd2czvAVit/Xl\nWRke7EkyMF3X6yH2wipMPKyyX/8+c22c0qk8SHE2H2izI6WkHKQCv/JzQYpRYc9J\n51V/y1mYV+y+P2TUlAsfK0C8/Ip5eRoai4DiG7qgDPYGHftHZsAkB8UWk79Gms30\nuXMMGhogVhwsmIkngOPsO3xSSv2bGaJBZo9frKRgTnYogOdPj7YDWWSS2KUrYnGu\nIxBBWSjCcS0aXeAQ5ZDlOXANQzFnVaFz4Hz7VrPFXQKCAQEAmSAmC9LJl98FTcfr\nW6cyVcrHN14KIZ9RIDSy5FVzNxvPSPZmW8EibapHp3OdAuwbGj40kaoYMKZNiVD2\n+NXek7Kdy468xiyvhLmgRwurBZzPwPYUcF2PB7pGDZoWslqTwQiOOSgedksiT1j8\nEYx2R1uF0zXVkfw87E0gSBC751rTXLBlJG0BD2UhipZzoVGiv6dSFZ3CoryOEWF9\nQM5EYZzbU59A76hXROmnHpQoQoZir/6Q1KeTk6TGq+SIfA3Mb0DBpbmRmfPfGyXd\nmO+4CRKcfuQVJo2jbapiu5/fEpJw0511pNT+22qbJ6n9BLLeZXpV9NsNUTQZnyZS\ng6GzZwKCAQB+uolGAf7xMnLKCkiwUltqs2GSmuFX0vHY5AeyE64hzfxWIq+SEj0h\nUZjmi8sctDmB9dPuiAKD+lpRz6OLha2qPGqnebuMraSxmAhXgt0H6xTgoOMxvRAI\nY2j7pAbLErxZvqjpSHmbOFzzhTFMeIcdR6V1jJSDOhv+z+zgLmZHzPzZda7jvNij\nue/Vy7clr1wnOEJCeXv6iJsmyVKJcjxNVv3OttFCCbq0LkBpUNaC8K+uHVXSxsTK\nD+YqXByzvcjAivKTluTi4CbGwNzuVV4eIXGLEWRAeOe9WRtypVcRhOHx/Kd30/j3\ncKVDaAQfi2jNYXF/pL56wOvT5aA2ZnZo\n-----END PRIVATE KEY-----\n",
            "public_key_fingerprint_md5": "cb:42:43:b8:65:86:87:e7:f4:84:e0:48:ff:c2:fd:a1",
            "public_key_fingerprint_sha256": "SHA256:y3ahKFxz1vs19kH5YrPNCtDq5vVoWRbS7VGan7e2wqQ",
            "public_key_openssh": "ssh-rsa AAAAB3NzaC1yc2EAAAADAQABAAACAQDGpKv33EvVfkgUEzMNq/Kgv8JsxdZGc4S06Fho8mfbaFsFVKijbhCS1NmSSvwnTb2eHDTUpA1kR6Jn0vL1qfYo8Eb/O13z7g2WpaRg0b5vbZsWy04GxF8FeNmYcwA+4JQPITUDqYNHrjatLVpl3yvtcDcNYnB/+2dQIFlKJCQdRtrHRZ9tzbLukGNd1bROIc0kikgnuImrqDWmyMT52/Uxj3I0Ljtf+JhnmAU1PQw4dkfw/yA7BawAhKuwLTiPTroTbwS7oKwWV0u000g64jxe35CyHyn6oGqfjl9NSgo723uzH6TmI7oNtCiaAnDRxBSgJCuxD8PC8dAO2Tpg8yaLud4znL5qXMR25wsOEaY0imk/E11KUbimLvMUo+Qbu45gLWh5+lYOQb4LGwZHUvcMjOEUBCJ7fSTgTxQK2YTUQDDcBPvJX0K5q/MJpbSJsPuhEhgMD9OmoOay77kiy3O+hivnFa+jPiBAzE06Io+kG1yR+fA838fbaepNCvm5RVmYN9fWlMC0UPBHTAiwlChJcczG8q4QNp1QqF7gp3vZ7nqOnGLRY4qe8GI/vNkBe5E6Conue2fETT9ERHOTPn4kQMCLHId8LXiiTamBjGwUh8Pdo1wfsRtGI7MEp3ihPTdhjtOG4b47y3foSu1yJalYnZUey4TynIqexBQ7g92lMw==\n",
            "public_key_pem": "-----BEGIN PUBLIC KEY-----\nMIICIjANBgkqhkiG9w0BAQEFAAOCAg8AMIICCgKCAgEAxqSr99xL1X5IFBMzDavy\noL/CbMXWRnOEtOhYaPJn22hbBVSoo24QktTZkkr8J029nhw01KQNZEeiZ9Ly9an2\nKPBG/ztd8+4NlqWkYNG+b22bFstOBsRfBXjZmHMAPuCUDyE1A6mDR642rS1aZd8r\n7XA3DWJwf/tnUCBZSiQkHUbax0Wfbc2y7pBjXdW0TiHNJIpIJ7iJq6g1psjE+dv1\nMY9yNC47X/iYZ5gFNT0MOHZH8P8gOwWsAISrsC04j066E28Eu6CsFldLtNNIOuI8\nXt+Qsh8p+qBqn45fTUoKO9t7sx+k5iO6DbQomgJw0cQUoCQrsQ/DwvHQDtk6YPMm\ni7neM5y+alzEducLDhGmNIppPxNdSlG4pi7zFKPkG7uOYC1oefpWDkG+CxsGR1L3\nDIzhFAQie30k4E8UCtmE1EAw3AT7yV9CuavzCaW0ibD7oRIYDA/TpqDmsu+5Istz\nvoYr5xWvoz4gQMxNOiKPpBtckfnwPN/H22nqTQr5uUVZmDfX1pTAtFDwR0wIsJQo\nSXHMxvKuEDadUKhe4Kd72e56jpxi0WOKnvBiP7zZAXuROgqJ7ntnxE0/RERzkz5+\nJEDAixyHfC14ok2pgYxsFIfD3aNcH7EbRiOzBKd4oT03YY7ThuG+O8t36ErtciWp\nWJ2VHsuE8pyKnsQUO4PdpTMCAwEAAQ==\n-----END PUBLIC KEY-----\n",
            "rsa_bits": 4096
          },
          "sensitive_attributes": [
            [
              {
                "type": "get_attr",
                "value": "private_key_openssh"
              }
            ],
            [
              {
                "type": "get_attr",
                "value": "private_key_pem_pkcs8"
              }
            ],
            [
              {
                "type": "get_attr",
                "value": "private_key_pem"
              }
            ]
          ]
        }
      ]
    },
    {
      "module": "module.eks",
      "mode": "managed",
      "type": "aws_eks_cluster",
      "name": "eks",
      "provider": "provider[\"registry.terraform.io/hashicorp/aws\"]",
      "instances": [
        {
          "schema_version": 0,
          "attributes": {
            "arn": "arn:aws:eks:eu-west-2:233966445372:cluster/my-eks-cluster",
            "certificate_authority": [
              {
                "data": "LS0tLS1CRUdJTiBDRVJUSUZJQ0FURS0tLS0tCk1JSURCVENDQWUyZ0F3SUJBZ0lJSldnRXNBbThNSW93RFFZSktvWklodmNOQVFFTEJRQXdGVEVUTUJFR0ExVUUKQXhNS2EzVmlaWEp1WlhSbGN6QWVGdzB5TlRBME1EWXhOVFExTkRCYUZ3MHpOVEEwTURReE5UVXdOREJhTUJVeApFekFSQmdOVkJBTVRDbXQxWW1WeWJtVjBaWE13Z2dFaU1BMEdDU3FHU0liM0RRRUJBUVVBQTRJQkR3QXdnZ0VLCkFvSUJBUUNhdm9kVWFib3UzVmtSTWhJbWtsbDBtS2g0TjI0VVdreDlIdkxvR1psNlFRR0svRDJZQUhOS1RQOWkKTzEvc0cwZjVYaHRqVDBPMG83MjJLQmJkM0tBWlhtb2NzQkhXR0Q1Tm9YSWRtN1d1YTlkTEZoL1k2RGR5OVlPRAptalIwUitHWGVqYkNNZDlHcTg0Tm5DUUlqTmxQTnhucEk5R2diS1k5U2VpRlVDVTlZeTJFN29SOHZ4ZWJNUFEyCmFOSkw0QmNEZ1BNK25JRzZkN2xnN0xTWEhmcnFMbmgwblhUTDFWUXpheUdFL3hJL09xaTNLbjhJSDRtUHJMdlcKQUR3cGR3SEIxQTYzZXRFMEs2bThUVG9McElUVStHclNzWVlMWTFpU2JmMHBGanlFYmJaeExQcVJadnFKelpoQwpGODhTKzFkTkJnYjZJN1MvVVFGaG1MSEd1d3lEQWdNQkFBR2pXVEJYTUE0R0ExVWREd0VCL3dRRUF3SUNwREFQCkJnTlZIUk1CQWY4RUJUQURBUUgvTUIwR0ExVWREZ1FXQkJTNWV3Qis1aWROb3FTR3NEa09JeUU1cVdvdG9EQVYKQmdOVkhSRUVEakFNZ2dwcmRXSmxjbTVsZEdWek1BMEdDU3FHU0liM0RRRUJDd1VBQTRJQkFRQUJyVitjMWZSVgpmUktENElkWjZMaFNjZ3Vwb2pZZCttZ2w4TFFKelZWaXRZU0tCenNwc0ZQNnp5cHJ2N21KbkdiZFpaUzhVV1VGCjhXbThMUUlUUWRMWTVFWnhqMDMrSnVqWWpFK2JoRTBibVhNcE91NW1yY0FZSHRnZjVwYzcrTmk4amdkOXlYT1YKWUF6U3VlZjFkTEM2SXloV25hc2NmLy9lVHVpOTlwbHkwRzB2ODB6R0VEOUZVZjQ5RkcwUmI5ZVIrT3Nrcm9MMgp3WVhDYTJ3N3FwYkYyRnhUajllbnpDekhqSUM0VUtKRGFQdFkwV0U4UjB5UlRlYnRrUXVDNXUrMW5CTDVSMEJXCmhGdEl6czhJK2lkUm1peDU1dVRYbG1ZWlA5OTdic2ZaUTl0djdsaUd5bGdpclhhaXd2bml0Lzhxb2FvbkdDa1UKOVcyYUFHYm5uZ3pGCi0tLS0tRU5EIENFUlRJRklDQVRFLS0tLS0K"
              }
            ],
            "created_at": "2025-04-06 15:46:41.382 +0000 UTC",
            "enabled_cluster_log_types": [],
            "encryption_config": [],
            "endpoint": "https://76161011CF66311D469A46E43B5DB047.gr7.eu-west-2.eks.amazonaws.com",
            "id": "my-eks-cluster",
            "identity": [
              {
                "oidc": [
                  {
                    "issuer": "https://oidc.eks.eu-west-2.amazonaws.com/id/76161011CF66311D469A46E43B5DB047"
                  }
                ]
              }
            ],
            "kubernetes_network_config": [
              {
                "ip_family": "ipv4",
                "service_ipv4_cidr": "172.20.0.0/16"
              }
            ],
            "name": "my-eks-cluster",
            "platform_version": "eks.6",
            "role_arn": "arn:aws:iam::233966445372:role/eks-cluster-role2",
            "status": "ACTIVE",
            "tags": {},
            "tags_all": {},
            "timeouts": null,
            "version": "1.32",
            "vpc_config": [
              {
                "cluster_security_group_id": "sg-0aeeecf74c3b5ff74",
                "endpoint_private_access": false,
                "endpoint_public_access": true,
                "public_access_cidrs": [
                  "0.0.0.0/0"
                ],
                "security_group_ids": [],
                "subnet_ids": [
                  "subnet-08ecd799ca3dbb6e1",
                  "subnet-0edd318876dc286c4"
                ],
                "vpc_id": "vpc-080424e43cca7ac1c"
              }
            ]
          },
          "sensitive_attributes": [],
          "private": "eyJlMmJmYjczMC1lY2FhLTExZTYtOGY4OC0zNDM2M2JjN2M0YzAiOnsiY3JlYXRlIjoxODAwMDAwMDAwMDAwLCJkZWxldGUiOjkwMDAwMDAwMDAwMCwidXBkYXRlIjozNjAwMDAwMDAwMDAwfX0=",
          "dependencies": [
            "module.eks.aws_iam_role.eks_role",
            "module.vpc.aws_subnet.mtc_public_subnet",
            "module.vpc.aws_subnet.mtc_public_subnet_2",
            "module.vpc.aws_vpc.mtc_vpc"
          ]
        }
      ]
    },
    {
      "module": "module.eks",
      "mode": "managed",
      "type": "aws_eks_cluster",
      "name": "example",
      "provider": "provider[\"registry.terraform.io/hashicorp/aws\"]",
      "instances": [
        {
          "schema_version": 0,
          "attributes": {
            "arn": "arn:aws:eks:eu-west-2:233966445372:cluster/KritagyaTerraformEKS",
            "certificate_authority": [
              {
                "data": "LS0tLS1CRUdJTiBDRVJUSUZJQ0FURS0tLS0tCk1JSURCVENDQWUyZ0F3SUJBZ0lJYXNMS1hzaERUWVV3RFFZSktvWklodmNOQVFFTEJRQXdGVEVUTUJFR0ExVUUKQXhNS2EzVmlaWEp1WlhSbGN6QWVGdzB5TlRBME1EWXhOVFExTkRWYUZ3MHpOVEEwTURReE5UVXdORFZhTUJVeApFekFSQmdOVkJBTVRDbXQxWW1WeWJtVjBaWE13Z2dFaU1BMEdDU3FHU0liM0RRRUJBUVVBQTRJQkR3QXdnZ0VLCkFvSUJBUURNS3ljRlJ6SkhoZmsyVGJON000eTdsVHJZdkRmdXZ0czVRQmorWjNJbHN6ak9nNllxKzlSd201OTMKSE1UZUdqZHVUMXNMemlONUtXNTliL2ZpaFJlUlp1OVhHYWdRUyt2bWxxRGtzRzV1QmtjVVhSUko0Mk9mS1A0bAp2OFF3M2VVNlZsYXlDV1U0aUkzbnBteHNsVi9oSDlKUWhVTXhDK1Awa01neUd6OE1LODVnTXBuQmxYaUc1MVlEClhvZjZiRWlJODFRRVJTZEtDckJYY0JHRnBNME05cWRxNG82K2gzTFk0MFZuWDkzN0I0b25tMU9QSWd0QXRwZHkKTzQyN2tnSFo3cVk0bnZYUENjWjhNZXQ2QjZFUkpnRVpkZnE1ZXB1WmYzbEtqU21NMkVOMHRhcC9ibVhkZE5rcgpqVmdWLzZib1VQbXRpRWQ3dUNBZy9jcmVmclgzQWdNQkFBR2pXVEJYTUE0R0ExVWREd0VCL3dRRUF3SUNwREFQCkJnTlZIUk1CQWY4RUJUQURBUUgvTUIwR0ExVWREZ1FXQkJURTY2SlF4SWZnU24vNzN5VVZMVDVYV3pYRnl6QVYKQmdOVkhSRUVEakFNZ2dwcmRXSmxjbTVsZEdWek1BMEdDU3FHU0liM0RRRUJDd1VBQTRJQkFRQ3FaK1lLYXpHNgpHa3dzQUN6VGtoRkM0djJEME5uajZlRFE3TkozLzlXcU5GWkljZEVwL2dNcmpFNzB0cXhIZ3ZYSUU1NU5vVnF5CjVUbU9LeEVjc05SaWR4THdZcHd2NjJpTDRaK3QxUTBQTHlGc2lmTXpIMWp3L00wTGJwQm02TnhJd0dwUGhreTUKdEJTeUY5cGpydm5CclNyNjkwWmREOE9aeVJtNGlsYmlMY2w1NTc4cDhyck5aWUljRUR6TTZXNmVPWjkvdFBWcgpGUDlPUXpDeGhnMDhJcldVbWZ3ODlBWjYrN2E0eWQ4NEJHdzJTUktaZURhVmUyWmFnZlN4VzN4cUkvUnBvSVFRCmVHNHVWc1ZzK0VtMFk0eVoydjhPNHdETXhabnR5TGRVZVN5cVZRdUdGTUhIalJlWkhVM3RCSEkvVXNNS0lYa3MKbmtSU3NScnJORnJECi0tLS0tRU5EIENFUlRJRklDQVRFLS0tLS0K"
              }
            ],
            "created_at": "2025-04-06 15:46:40.886 +0000 UTC",
            "enabled_cluster_log_types": [],
            "encryption_config": [],
            "endpoint": "https://8F1D8EE513455D2A5309F5E328A7F214.gr7.eu-west-2.eks.amazonaws.com",
            "id": "KritagyaTerraformEKS",
            "identity": [
              {
                "oidc": [
                  {
                    "issuer": "https://oidc.eks.eu-west-2.amazonaws.com/id/8F1D8EE513455D2A5309F5E328A7F214"
                  }
                ]
              }
            ],
            "kubernetes_network_config": [
              {
                "ip_family": "ipv4",
                "service_ipv4_cidr": "172.20.0.0/16"
              }
            ],
            "name": "KritagyaTerraformEKS",
            "platform_version": "eks.22",
            "role_arn": "arn:aws:iam::233966445372:role/eks-cluster-role",
            "status": "ACTIVE",
            "tags": {},
            "tags_all": {},
            "timeouts": null,
            "version": "1.31",
            "vpc_config": [
              {
                "cluster_security_group_id": "sg-0786e325420363ea7",
                "endpoint_private_access": false,
                "endpoint_public_access": true,
                "public_access_cidrs": [
                  "0.0.0.0/0"
                ],
                "security_group_ids": [],
                "subnet_ids": [
                  "subnet-08ecd799ca3dbb6e1",
                  "subnet-0edd318876dc286c4",
                  "subnet-0f9ad854eacfd2183"
                ],
                "vpc_id": "vpc-080424e43cca7ac1c"
              }
            ]
          },
          "sensitive_attributes": [],
          "private": "eyJlMmJmYjczMC1lY2FhLTExZTYtOGY4OC0zNDM2M2JjN2M0YzAiOnsiY3JlYXRlIjoxODAwMDAwMDAwMDAwLCJkZWxldGUiOjkwMDAwMDAwMDAwMCwidXBkYXRlIjozNjAwMDAwMDAwMDAwfX0=",
          "dependencies": [
            "module.iam_role.aws_iam_role.eks_cluster_role",
            "module.vpc.aws_subnet.mtc_private_subnet",
            "module.vpc.aws_subnet.mtc_public_subnet",
            "module.vpc.aws_subnet.mtc_public_subnet_2",
            "module.vpc.aws_vpc.mtc_vpc"
          ]
        }
      ]
    },
    {
      "module": "module.eks",
      "mode": "managed",
      "type": "aws_eks_node_group",
      "name": "node_group",
      "provider": "provider[\"registry.terraform.io/hashicorp/aws\"]",
      "instances": [
        {
          "schema_version": 0,
          "attributes": {
            "ami_type": "AL2023_x86_64_STANDARD",
            "arn": "arn:aws:eks:eu-west-2:233966445372:nodegroup/my-eks-cluster/eks-node-group/c2cb05e8-0c9a-446a-42cd-20ed89e8b718",
            "capacity_type": "ON_DEMAND",
            "cluster_name": "my-eks-cluster",
            "disk_size": 20,
            "force_update_version": null,
            "id": "my-eks-cluster:eks-node-group",
            "instance_types": [
              "t3.medium"
            ],
            "labels": {},
            "launch_template": [],
            "node_group_name": "eks-node-group",
            "node_group_name_prefix": "",
            "node_role_arn": "arn:aws:iam::233966445372:role/eks-node-group-role2",
            "release_version": "1.32.1-20250317",
            "remote_access": [],
            "resources": [
              {
                "autoscaling_groups": [
                  {
                    "name": "eks-eks-node-group-c2cb05e8-0c9a-446a-42cd-20ed89e8b718"
                  }
                ],
                "remote_access_security_group_id": ""
              }
            ],
            "scaling_config": [
              {
                "desired_size": 2,
                "max_size": 3,
                "min_size": 1
              }
            ],
            "status": "ACTIVE",
            "subnet_ids": [
              "subnet-08ecd799ca3dbb6e1",
              "subnet-0edd318876dc286c4"
            ],
            "tags": {},
            "tags_all": {},
            "taint": [],
            "timeouts": null,
            "update_config": [
              {
                "max_unavailable": 1,
                "max_unavailable_percentage": 0
              }
            ],
            "version": "1.32"
          },
          "sensitive_attributes": [],
          "private": "eyJlMmJmYjczMC1lY2FhLTExZTYtOGY4OC0zNDM2M2JjN2M0YzAiOnsiY3JlYXRlIjozNjAwMDAwMDAwMDAwLCJkZWxldGUiOjM2MDAwMDAwMDAwMDAsInVwZGF0ZSI6MzYwMDAwMDAwMDAwMH19",
          "dependencies": [
            "module.eks.aws_eks_cluster.eks",
            "module.eks.aws_iam_role.eks_role",
            "module.eks.aws_iam_role.node_group_role",
            "module.vpc.aws_subnet.mtc_public_subnet",
            "module.vpc.aws_subnet.mtc_public_subnet_2",
            "module.vpc.aws_vpc.mtc_vpc"
          ]
        }
      ]
    },
    {
      "module": "module.eks",
      "mode": "managed",
      "type": "aws_iam_role",
      "name": "eks_role",
      "provider": "provider[\"registry.terraform.io/hashicorp/aws\"]",
      "instances": [
        {
          "schema_version": 0,
          "attributes": {
            "arn": "arn:aws:iam::233966445372:role/eks-cluster-role2",
            "assume_role_policy": "{\"Version\":\"2012-10-17\",\"Statement\":[{\"Effect\":\"Allow\",\"Principal\":{\"Service\":\"eks.amazonaws.com\"},\"Action\":\"sts:AssumeRole\"}]}",
            "create_date": "2025-04-06T15:46:17Z",
            "description": "",
            "force_detach_policies": false,
            "id": "eks-cluster-role2",
            "inline_policy": [
              {
                "name": "",
                "policy": ""
              }
            ],
            "managed_policy_arns": [
              "arn:aws:iam::aws:policy/AmazonEKSClusterPolicy"
            ],
            "max_session_duration": 3600,
            "name": "eks-cluster-role2",
            "name_prefix": "",
            "path": "/",
            "permissions_boundary": null,
            "tags": {},
            "tags_all": {},
            "unique_id": "AROATM6L4UM6GSF4V4YV4"
          },
          "sensitive_attributes": [],
          "private": "bnVsbA=="
        }
      ]
    },
    {
      "module": "module.eks",
      "mode": "managed",
      "type": "aws_iam_role",
      "name": "node_group_role",
      "provider": "provider[\"registry.terraform.io/hashicorp/aws\"]",
      "instances": [
        {
          "schema_version": 0,
          "attributes": {
            "arn": "arn:aws:iam::233966445372:role/eks-node-group-role2",
            "assume_role_policy": "{\"Version\":\"2012-10-17\",\"Statement\":[{\"Effect\":\"Allow\",\"Principal\":{\"Service\":\"ec2.amazonaws.com\"},\"Action\":\"sts:AssumeRole\"}]}",
            "create_date": "2025-04-06T15:46:15Z",
            "description": "",
            "force_detach_policies": false,
            "id": "eks-node-group-role2",
            "inline_policy": [
              {
                "name": "",
                "policy": ""
              }
            ],
            "managed_policy_arns": [
              "arn:aws:iam::aws:policy/AmazonEC2ContainerRegistryReadOnly",
              "arn:aws:iam::aws:policy/AmazonEKSWorkerNodePolicy",
              "arn:aws:iam::aws:policy/AmazonEKS_CNI_Policy"
            ],
            "max_session_duration": 3600,
            "name": "eks-node-group-role2",
            "name_prefix": "",
            "path": "/",
            "permissions_boundary": null,
            "tags": {},
            "tags_all": {},
            "unique_id": "AROATM6L4UM6BYSFPOCN5"
          },
          "sensitive_attributes": [],
          "private": "bnVsbA=="
        }
      ]
    },
    {
      "module": "module.eks",
      "mode": "managed",
      "type": "aws_iam_role_policy_attachment",
      "name": "eks_policy",
      "provider": "provider[\"registry.terraform.io/hashicorp/aws\"]",
      "instances": [
        {
          "schema_version": 0,
          "attributes": {
            "id": "eks-cluster-role2-2025040615462129220000000b",
            "policy_arn": "arn:aws:iam::aws:policy/AmazonEKSClusterPolicy",
            "role": "eks-cluster-role2"
          },
          "sensitive_attributes": [],
          "private": "bnVsbA==",
          "dependencies": [
            "module.eks.aws_iam_role.eks_role"
          ]
        }
      ]
    },
    {
      "module": "module.eks",
      "mode": "managed",
      "type": "aws_iam_role_policy_attachment",
      "name": "node_group_policy",
      "provider": "provider[\"registry.terraform.io/hashicorp/aws\"]",
      "instances": [
        {
          "index_key": "arn:aws:iam::aws:policy/AmazonEC2ContainerRegistryReadOnly",
          "schema_version": 0,
          "attributes": {
            "id": "eks-node-group-role2-2025040615462072990000000a",
            "policy_arn": "arn:aws:iam::aws:policy/AmazonEC2ContainerRegistryReadOnly",
            "role": "eks-node-group-role2"
          },
          "sensitive_attributes": [],
          "private": "bnVsbA==",
          "dependencies": [
            "module.eks.aws_iam_role.node_group_role"
          ]
        },
        {
          "index_key": "arn:aws:iam::aws:policy/AmazonEKSWorkerNodePolicy",
          "schema_version": 0,
          "attributes": {
            "id": "eks-node-group-role2-20250406154620611500000009",
            "policy_arn": "arn:aws:iam::aws:policy/AmazonEKSWorkerNodePolicy",
            "role": "eks-node-group-role2"
          },
          "sensitive_attributes": [],
          "private": "bnVsbA==",
          "dependencies": [
            "module.eks.aws_iam_role.node_group_role"
          ]
        },
        {
          "index_key": "arn:aws:iam::aws:policy/AmazonEKS_CNI_Policy",
          "schema_version": 0,
          "attributes": {
            "id": "eks-node-group-role2-20250406154620597500000008",
            "policy_arn": "arn:aws:iam::aws:policy/AmazonEKS_CNI_Policy",
            "role": "eks-node-group-role2"
          },
          "sensitive_attributes": [],
          "private": "bnVsbA==",
          "dependencies": [
            "module.eks.aws_iam_role.node_group_role"
          ]
        }
      ]
    },
    {
      "module": "module.elasticache",
      "mode": "managed",
      "type": "aws_elasticache_cluster",
      "name": "memcached",
      "provider": "provider[\"registry.terraform.io/hashicorp/aws\"]",
      "instances": [
        {
          "schema_version": 0,
          "attributes": {
            "apply_immediately": null,
            "arn": "arn:aws:elasticache:eu-west-2:233966445372:cluster:memcached-cluster",
            "availability_zone": "eu-west-2b",
            "az_mode": "single-az",
            "cache_nodes": [
              {
                "address": "memcached-cluster.vsycrg.0001.euw2.cache.amazonaws.com",
                "availability_zone": "eu-west-2b",
                "id": "0001",
                "port": 11211
              }
            ],
            "cluster_address": "memcached-cluster.vsycrg.cfg.euw2.cache.amazonaws.com",
            "cluster_id": "memcached-cluster",
            "configuration_endpoint": "memcached-cluster.vsycrg.cfg.euw2.cache.amazonaws.com:11211",
            "engine": "memcached",
            "engine_version": "1.6.22",
            "engine_version_actual": "1.6.22",
            "final_snapshot_identifier": null,
            "id": "memcached-cluster",
            "maintenance_window": "sun:01:00-sun:02:00",
            "node_type": "cache.t3.micro",
            "notification_topic_arn": null,
            "num_cache_nodes": 1,
            "parameter_group_name": "default.memcached1.6",
            "port": 11211,
            "preferred_availability_zones": null,
            "replication_group_id": null,
            "security_group_ids": [],
            "security_group_names": [],
            "snapshot_arns": null,
            "snapshot_name": null,
            "snapshot_retention_limit": 0,
            "snapshot_window": "",
            "subnet_group_name": "example-subnet-group",
            "tags": {},
            "tags_all": {}
          },
          "sensitive_attributes": [],
          "private": "bnVsbA==",
          "dependencies": [
            "module.elasticache.aws_elasticache_subnet_group.example",
            "module.vpc.aws_subnet.mtc_public_subnet",
            "module.vpc.aws_subnet.mtc_public_subnet_2",
            "module.vpc.aws_vpc.mtc_vpc"
          ]
        }
      ]
    },
    {
      "module": "module.elasticache",
      "mode": "managed",
      "type": "aws_elasticache_replication_group",
      "name": "redis",
      "provider": "provider[\"registry.terraform.io/hashicorp/aws\"]",
      "instances": [
        {
          "schema_version": 1,
          "attributes": {
            "apply_immediately": null,
            "arn": "arn:aws:elasticache:eu-west-2:233966445372:replicationgroup:redis-replication-group",
            "at_rest_encryption_enabled": false,
            "auth_token": "",
            "auto_minor_version_upgrade": true,
            "automatic_failover_enabled": false,
            "availability_zones": null,
            "cluster_enabled": false,
            "cluster_mode": [
              {
                "num_node_groups": 1,
                "replicas_per_node_group": 0
              }
            ],
            "configuration_endpoint_address": null,
            "data_tiering_enabled": false,
            "engine": "redis",
            "engine_version": "7.x",
            "engine_version_actual": "7.1.0",
            "final_snapshot_identifier": null,
            "global_replication_group_id": null,
            "id": "redis-replication-group",
            "kms_key_id": "",
            "maintenance_window": "fri:01:00-fri:02:00",
            "member_clusters": [
              "redis-replication-group-001"
            ],
            "multi_az_enabled": false,
            "node_type": "cache.t3.micro",
            "notification_topic_arn": null,
            "number_cache_clusters": 1,
            "parameter_group_name": "default.redis7",
            "port": 6379,
            "primary_endpoint_address": "redis-replication-group.vsycrg.ng.0001.euw2.cache.amazonaws.com",
            "reader_endpoint_address": "redis-replication-group-ro.vsycrg.ng.0001.euw2.cache.amazonaws.com",
            "replication_group_description": "Redis cluster for caching",
            "replication_group_id": "redis-replication-group",
            "security_group_ids": [],
            "security_group_names": [],
            "snapshot_arns": null,
            "snapshot_name": null,
            "snapshot_retention_limit": 0,
            "snapshot_window": "02:30-03:30",
            "subnet_group_name": "example-subnet-group",
            "tags": {
              "Name": "RedisReplicationGroup"
            },
            "tags_all": {
              "Name": "RedisReplicationGroup"
            },
            "timeouts": null,
            "transit_encryption_enabled": false,
            "user_group_ids": []
          },
          "sensitive_attributes": [
            [
              {
                "type": "get_attr",
                "value": "auth_token"
              }
            ]
          ],
          "private": "eyJlMmJmYjczMC1lY2FhLTExZTYtOGY4OC0zNDM2M2JjN2M0YzAiOnsiY3JlYXRlIjozNjAwMDAwMDAwMDAwLCJkZWxldGUiOjI0MDAwMDAwMDAwMDAsInVwZGF0ZSI6MjQwMDAwMDAwMDAwMH0sInNjaGVtYV92ZXJzaW9uIjoiMSJ9",
          "dependencies": [
            "module.elasticache.aws_elasticache_subnet_group.example",
            "module.vpc.aws_subnet.mtc_public_subnet",
            "module.vpc.aws_subnet.mtc_public_subnet_2",
            "module.vpc.aws_vpc.mtc_vpc"
          ]
        }
      ]
    },
    {
      "module": "module.elasticache",
      "mode": "managed",
      "type": "aws_elasticache_subnet_group",
      "name": "example",
      "provider": "provider[\"registry.terraform.io/hashicorp/aws\"]",
      "instances": [
        {
          "schema_version": 0,
          "attributes": {
            "arn": "arn:aws:elasticache:eu-west-2:233966445372:subnetgroup:example-subnet-group",
            "description": "Managed by Terraform",
            "id": "example-subnet-group",
            "name": "example-subnet-group",
            "subnet_ids": [
              "subnet-08ecd799ca3dbb6e1",
              "subnet-0edd318876dc286c4"
            ],
            "tags": {
              "Name": "ElastiCacheSubnetGroup"
            },
            "tags_all": {
              "Name": "ElastiCacheSubnetGroup"
            }
          },
          "sensitive_attributes": [],
          "private": "bnVsbA==",
          "dependencies": [
            "module.vpc.aws_subnet.mtc_public_subnet",
            "module.vpc.aws_subnet.mtc_public_subnet_2",
            "module.vpc.aws_vpc.mtc_vpc"
          ]
        }
      ]
    },
    {
      "module": "module.iam_role",
      "mode": "managed",
      "type": "aws_iam_role",
      "name": "eks_cluster_role",
      "provider": "provider[\"registry.terraform.io/hashicorp/aws\"]",
      "instances": [
        {
          "schema_version": 0,
          "attributes": {
            "arn": "arn:aws:iam::233966445372:role/eks-cluster-role",
            "assume_role_policy": "{\"Version\":\"2012-10-17\",\"Statement\":[{\"Effect\":\"Allow\",\"Principal\":{\"Service\":\"eks.amazonaws.com\"},\"Action\":\"sts:AssumeRole\"}]}",
            "create_date": "2025-04-06T15:46:15Z",
            "description": "",
            "force_detach_policies": false,
            "id": "eks-cluster-role",
            "inline_policy": [
              {
                "name": "",
                "policy": ""
              }
            ],
            "managed_policy_arns": [
              "arn:aws:iam::aws:policy/AmazonEKSClusterPolicy",
              "arn:aws:iam::aws:policy/AmazonEKSServicePolicy"
            ],
            "max_session_duration": 3600,
            "name": "eks-cluster-role",
            "name_prefix": "",
            "path": "/",
            "permissions_boundary": null,
            "tags": {},
            "tags_all": {},
            "unique_id": "AROATM6L4UM6CDWI7YQKC"
          },
          "sensitive_attributes": [],
          "private": "bnVsbA=="
        }
      ]
    },
    {
      "module": "module.iam_role",
      "mode": "managed",
      "type": "aws_iam_role",
      "name": "eks_node_group_role",
      "provider": "provider[\"registry.terraform.io/hashicorp/aws\"]",
      "instances": [
        {
          "schema_version": 0,
          "attributes": {
            "arn": "arn:aws:iam::233966445372:role/eks-node-group-role",
            "assume_role_policy": "{\"Version\":\"2012-10-17\",\"Statement\":[{\"Effect\":\"Allow\",\"Principal\":{\"Service\":\"ec2.amazonaws.com\"},\"Action\":\"sts:AssumeRole\"}]}",
            "create_date": "2025-04-06T15:46:15Z",
            "description": "",
            "force_detach_policies": false,
            "id": "eks-node-group-role",
            "inline_policy": [
              {
                "name": "",
                "policy": ""
              }
            ],
            "managed_policy_arns": [
              "arn:aws:iam::aws:policy/AmazonEC2ContainerRegistryReadOnly",
              "arn:aws:iam::aws:policy/AmazonEKSWorkerNodePolicy",
              "arn:aws:iam::aws:policy/AmazonEKS_CNI_Policy",
              "arn:aws:iam::aws:policy/AmazonSSMManagedInstanceCore"
            ],
            "max_session_duration": 3600,
            "name": "eks-node-group-role",
            "name_prefix": "",
            "path": "/",
            "permissions_boundary": null,
            "tags": {},
            "tags_all": {},
            "unique_id": "AROATM6L4UM6GK3NT4NLV"
          },
          "sensitive_attributes": [],
          "private": "bnVsbA=="
        }
      ]
    },
    {
      "module": "module.iam_role",
      "mode": "managed",
      "type": "aws_iam_role_policy_attachment",
      "name": "cni_policy",
      "provider": "provider[\"registry.terraform.io/hashicorp/aws\"]",
      "instances": [
        {
          "schema_version": 0,
          "attributes": {
            "id": "eks-node-group-role-20250406154620471700000007",
            "policy_arn": "arn:aws:iam::aws:policy/AmazonEKS_CNI_Policy",
            "role": "eks-node-group-role"
          },
          "sensitive_attributes": [],
          "private": "bnVsbA==",
          "dependencies": [
            "module.iam_role.aws_iam_role.eks_node_group_role"
          ]
        }
      ]
    },
    {
      "module": "module.iam_role",
      "mode": "managed",
      "type": "aws_iam_role_policy_attachment",
      "name": "ecr_read_only_policy",
      "provider": "provider[\"registry.terraform.io/hashicorp/aws\"]",
      "instances": [
        {
          "schema_version": 0,
          "attributes": {
            "id": "eks-node-group-role-20250406154620301900000006",
            "policy_arn": "arn:aws:iam::aws:policy/AmazonEC2ContainerRegistryReadOnly",
            "role": "eks-node-group-role"
          },
          "sensitive_attributes": [],
          "private": "bnVsbA==",
          "dependencies": [
            "module.iam_role.aws_iam_role.eks_node_group_role"
          ]
        }
      ]
    },
    {
      "module": "module.iam_role",
      "mode": "managed",
      "type": "aws_iam_role_policy_attachment",
      "name": "eks_cluster_policy",
      "provider": "provider[\"registry.terraform.io/hashicorp/aws\"]",
      "instances": [
        {
          "schema_version": 0,
          "attributes": {
            "id": "eks-cluster-role-20250406154619497200000002",
            "policy_arn": "arn:aws:iam::aws:policy/AmazonEKSClusterPolicy",
            "role": "eks-cluster-role"
          },
          "sensitive_attributes": [],
          "private": "bnVsbA==",
          "dependencies": [
            "module.iam_role.aws_iam_role.eks_cluster_role"
          ]
        }
      ]
    },
    {
      "module": "module.iam_role",
      "mode": "managed",
      "type": "aws_iam_role_policy_attachment",
      "name": "eks_service_policy",
      "provider": "provider[\"registry.terraform.io/hashicorp/aws\"]",
      "instances": [
        {
          "schema_version": 0,
          "attributes": {
            "id": "eks-cluster-role-20250406154619797200000004",
            "policy_arn": "arn:aws:iam::aws:policy/AmazonEKSServicePolicy",
            "role": "eks-cluster-role"
          },
          "sensitive_attributes": [],
          "private": "bnVsbA==",
          "dependencies": [
            "module.iam_role.aws_iam_role.eks_cluster_role"
          ]
        }
      ]
    },
    {
      "module": "module.iam_role",
      "mode": "managed",
      "type": "aws_iam_role_policy_attachment",
      "name": "ssm_policy",
      "provider": "provider[\"registry.terraform.io/hashicorp/aws\"]",
      "instances": [
        {
          "schema_version": 0,
          "attributes": {
            "id": "eks-node-group-role-20250406154619841100000005",
            "policy_arn": "arn:aws:iam::aws:policy/AmazonSSMManagedInstanceCore",
            "role": "eks-node-group-role"
          },
          "sensitive_attributes": [],
          "private": "bnVsbA==",
          "dependencies": [
            "module.iam_role.aws_iam_role.eks_node_group_role"
          ]
        }
      ]
    },
    {
      "module": "module.iam_role",
      "mode": "managed",
      "type": "aws_iam_role_policy_attachment",
      "name": "worker_node_policy",
      "provider": "provider[\"registry.terraform.io/hashicorp/aws\"]",
      "instances": [
        {
          "schema_version": 0,
          "attributes": {
            "id": "eks-node-group-role-20250406154619772600000003",
            "policy_arn": "arn:aws:iam::aws:policy/AmazonEKSWorkerNodePolicy",
            "role": "eks-node-group-role"
          },
          "sensitive_attributes": [],
          "private": "bnVsbA==",
          "dependencies": [
            "module.iam_role.aws_iam_role.eks_node_group_role"
          ]
        }
      ]
    },
    {
      "module": "module.lamda",
      "mode": "data",
      "type": "archive_file",
      "name": "lambda",
      "provider": "provider[\"registry.terraform.io/hashicorp/archive\"]",
      "instances": [
        {
          "schema_version": 0,
          "attributes": {
            "exclude_symlink_directories": null,
            "excludes": null,
            "id": "123eacef10327488ebfc83f97df72ec3946dc84c",
            "output_base64sha256": "3oQN7EfNtvDMW7sGyo1PR8flFJTgeY/FBl44Au06EKY=",
            "output_base64sha512": "cQeC1cuE7Y5enA3TumQ0tC+JL4xYzXM/vUP06Wrs33zf00zWQjYM+ZfeMaC/l75I1CmaGXNtVVjerITgI84CgQ==",
            "output_file_mode": null,
            "output_md5": "82ebb0f13cb0a9f7a16cf496eaffbef8",
            "output_path": "lamda_module/lambda_function_payload.zip",
            "output_sha": "123eacef10327488ebfc83f97df72ec3946dc84c",
            "output_sha256": "de840dec47cdb6f0cc5bbb06ca8d4f47c7e51494e0798fc5065e3802ed3a10a6",
            "output_sha512": "710782d5cb84ed8e5e9c0dd3ba6434b42f892f8c58cd733fbd43f4e96aecdf7cdfd34cd642360cf997de31a0bf97be48d4299a19736d5558deac84e023ce0281",
            "output_size": 246,
            "source": [],
            "source_content": null,
            "source_content_filename": null,
            "source_dir": null,
            "source_file": "lamda_module/hello.py",
            "type": "zip"
          },
          "sensitive_attributes": []
        }
      ]
    },
    {
      "module": "module.lamda",
      "mode": "data",
      "type": "aws_iam_policy_document",
      "name": "assume_role",
      "provider": "provider[\"registry.terraform.io/hashicorp/aws\"]",
      "instances": [
        {
          "schema_version": 0,
          "attributes": {
            "id": "3693445097",
            "json": "{\n  \"Version\": \"2012-10-17\",\n  \"Statement\": [\n    {\n      \"Sid\": \"\",\n      \"Effect\": \"Allow\",\n      \"Action\": \"sts:AssumeRole\",\n      \"Principal\": {\n        \"Service\": \"lambda.amazonaws.com\"\n      }\n    }\n  ]\n}",
            "override_json": null,
            "override_policy_documents": null,
            "policy_id": null,
            "source_json": null,
            "source_policy_documents": null,
            "statement": [
              {
                "actions": [
                  "sts:AssumeRole"
                ],
                "condition": [],
                "effect": "Allow",
                "not_actions": [],
                "not_principals": [],
                "not_resources": [],
                "principals": [
                  {
                    "identifiers": [
                      "lambda.amazonaws.com"
                    ],
                    "type": "Service"
                  }
                ],
                "resources": [],
                "sid": ""
              }
            ],
            "version": "2012-10-17"
          },
          "sensitive_attributes": []
        }
      ]
    },
    {
      "module": "module.lamda",
      "mode": "managed",
      "type": "aws_iam_role",
      "name": "iam_for_lambda",
      "provider": "provider[\"registry.terraform.io/hashicorp/aws\"]",
      "instances": [
        {
          "schema_version": 0,
          "attributes": {
            "arn": "arn:aws:iam::233966445372:role/iam_for_lambda",
            "assume_role_policy": "{\"Version\":\"2012-10-17\",\"Statement\":[{\"Sid\":\"\",\"Effect\":\"Allow\",\"Principal\":{\"Service\":\"lambda.amazonaws.com\"},\"Action\":\"sts:AssumeRole\"}]}",
            "create_date": "2025-04-06T15:46:15Z",
            "description": "",
            "force_detach_policies": false,
            "id": "iam_for_lambda",
            "inline_policy": [
              {
                "name": "",
                "policy": ""
              }
            ],
            "managed_policy_arns": [],
            "max_session_duration": 3600,
            "name": "iam_for_lambda",
            "name_prefix": "",
            "path": "/",
            "permissions_boundary": null,
            "tags": {},
            "tags_all": {},
            "unique_id": "AROATM6L4UM6CFC3CWYGN"
          },
          "sensitive_attributes": [],
          "private": "bnVsbA==",
          "dependencies": [
            "module.lamda.data.aws_iam_policy_document.assume_role"
          ]
        }
      ]
    },
    {
      "module": "module.load-balancer_module",
      "mode": "managed",
      "type": "aws_eip",
      "name": "nlb_eip_1",
      "provider": "provider[\"registry.terraform.io/hashicorp/aws\"]",
      "instances": [
        {
          "schema_version": 0,
          "attributes": {
            "address": null,
            "allocation_id": "eipalloc-06d19c85ddeacaa2f",
            "associate_with_private_ip": null,
            "association_id": "eipassoc-034d62f0db30ac810",
            "carrier_ip": "",
            "customer_owned_ip": "",
            "customer_owned_ipv4_pool": "",
            "domain": "vpc",
            "id": "eipalloc-06d19c85ddeacaa2f",
            "instance": "",
            "network_border_group": "eu-west-2",
            "network_interface": "eni-08b21b21aadcd1af5",
            "private_dns": "ip-10-123-1-14.eu-west-2.compute.internal",
            "private_ip": "10.123.1.14",
            "public_dns": "ec2-18-130-128-98.eu-west-2.compute.amazonaws.com",
            "public_ip": "18.130.128.98",
            "public_ipv4_pool": "amazon",
            "tags": {},
            "tags_all": {},
            "timeouts": null,
            "vpc": true
          },
          "sensitive_attributes": [],
          "private": "eyJlMmJmYjczMC1lY2FhLTExZTYtOGY4OC0zNDM2M2JjN2M0YzAiOnsiZGVsZXRlIjoxODAwMDAwMDAwMDAsInJlYWQiOjkwMDAwMDAwMDAwMCwidXBkYXRlIjozMDAwMDAwMDAwMDB9fQ=="
        }
      ]
    },
    {
      "module": "module.load-balancer_module",
      "mode": "managed",
      "type": "aws_eip",
      "name": "nlb_eip_2",
      "provider": "provider[\"registry.terraform.io/hashicorp/aws\"]",
      "instances": [
        {
          "schema_version": 0,
          "attributes": {
            "address": null,
            "allocation_id": "eipalloc-06aab9dedac505439",
            "associate_with_private_ip": null,
            "association_id": "eipassoc-0d850ffe0bb3431b5",
            "carrier_ip": "",
            "customer_owned_ip": "",
            "customer_owned_ipv4_pool": "",
            "domain": "vpc",
            "id": "eipalloc-06aab9dedac505439",
            "instance": "",
            "network_border_group": "eu-west-2",
            "network_interface": "eni-07e62b0017a9d5271",
            "private_dns": "ip-10-123-2-107.eu-west-2.compute.internal",
            "private_ip": "10.123.2.107",
            "public_dns": "ec2-18-130-204-218.eu-west-2.compute.amazonaws.com",
            "public_ip": "18.130.204.218",
            "public_ipv4_pool": "amazon",
            "tags": {},
            "tags_all": {},
            "timeouts": null,
            "vpc": true
          },
          "sensitive_attributes": [],
          "private": "eyJlMmJmYjczMC1lY2FhLTExZTYtOGY4OC0zNDM2M2JjN2M0YzAiOnsiZGVsZXRlIjoxODAwMDAwMDAwMDAsInJlYWQiOjkwMDAwMDAwMDAwMCwidXBkYXRlIjozMDAwMDAwMDAwMDB9fQ=="
        }
      ]
    },
    {
      "module": "module.load-balancer_module",
      "mode": "managed",
      "type": "aws_lb",
      "name": "example",
      "provider": "provider[\"registry.terraform.io/hashicorp/aws\"]",
      "instances": [
        {
          "schema_version": 0,
          "attributes": {
            "access_logs": [
              {
                "bucket": "",
                "enabled": false,
                "prefix": ""
              }
            ],
            "arn": "arn:aws:elasticloadbalancing:eu-west-2:233966445372:loadbalancer/net/example/c73a5126feec848b",
            "arn_suffix": "net/example/c73a5126feec848b",
            "customer_owned_ipv4_pool": "",
            "desync_mitigation_mode": null,
            "dns_name": "example-c73a5126feec848b.elb.eu-west-2.amazonaws.com",
            "drop_invalid_header_fields": null,
            "enable_cross_zone_load_balancing": false,
            "enable_deletion_protection": false,
            "enable_http2": null,
            "enable_waf_fail_open": null,
            "id": "arn:aws:elasticloadbalancing:eu-west-2:233966445372:loadbalancer/net/example/c73a5126feec848b",
            "idle_timeout": null,
            "internal": false,
            "ip_address_type": "ipv4",
            "load_balancer_type": "network",
            "name": "example",
            "name_prefix": null,
            "security_groups": [],
            "subnet_mapping": [
              {
                "allocation_id": "eipalloc-06aab9dedac505439",
                "ipv6_address": "",
                "outpost_id": "",
                "private_ipv4_address": "",
                "subnet_id": "subnet-0edd318876dc286c4"
              },
              {
                "allocation_id": "eipalloc-06d19c85ddeacaa2f",
                "ipv6_address": "",
                "outpost_id": "",
                "private_ipv4_address": "",
                "subnet_id": "subnet-08ecd799ca3dbb6e1"
              }
            ],
            "subnets": [
              "subnet-08ecd799ca3dbb6e1",
              "subnet-0edd318876dc286c4"
            ],
            "tags": {},
            "tags_all": {},
            "timeouts": null,
            "vpc_id": "vpc-080424e43cca7ac1c",
            "zone_id": "ZD4D7Y8KGAS4G"
          },
          "sensitive_attributes": [],
          "private": "eyJlMmJmYjczMC1lY2FhLTExZTYtOGY4OC0zNDM2M2JjN2M0YzAiOnsiY3JlYXRlIjo2MDAwMDAwMDAwMDAsImRlbGV0ZSI6NjAwMDAwMDAwMDAwLCJ1cGRhdGUiOjYwMDAwMDAwMDAwMH19",
          "dependencies": [
            "module.load-balancer_module.aws_eip.nlb_eip_1",
            "module.load-balancer_module.aws_eip.nlb_eip_2",
            "module.vpc.aws_subnet.mtc_public_subnet",
            "module.vpc.aws_subnet.mtc_public_subnet_2",
            "module.vpc.aws_vpc.mtc_vpc"
          ]
        }
      ]
    },
    {
      "module": "module.node_group",
      "mode": "managed",
      "type": "aws_eks_node_group",
      "name": "example",
      "provider": "provider[\"registry.terraform.io/hashicorp/aws\"]",
      "instances": [
        {
          "schema_version": 0,
          "attributes": {
            "ami_type": "AL2023_x86_64_STANDARD",
            "arn": "arn:aws:eks:eu-west-2:233966445372:nodegroup/KritagyaTerraformEKS/KritagyaNodeGroup/38cb05e9-e11e-c09c-d0e3-286561bccd0b",
            "capacity_type": "ON_DEMAND",
            "cluster_name": "KritagyaTerraformEKS",
            "disk_size": 20,
            "force_update_version": null,
            "id": "KritagyaTerraformEKS:KritagyaNodeGroup",
            "instance_types": [
              "t2.micro"
            ],
            "labels": {},
            "launch_template": [],
            "node_group_name": "KritagyaNodeGroup",
            "node_group_name_prefix": "",
            "node_role_arn": "arn:aws:iam::233966445372:role/eks-node-group-role",
            "release_version": "1.31.5-20250317",
            "remote_access": [],
            "resources": [
              {
                "autoscaling_groups": [
                  {
                    "name": "eks-KritagyaNodeGroup-38cb05e9-e11e-c09c-d0e3-286561bccd0b"
                  }
                ],
                "remote_access_security_group_id": ""
              }
            ],
            "scaling_config": [
              {
                "desired_size": 2,
                "max_size": 2,
                "min_size": 2
              }
            ],
            "status": "ACTIVE",
            "subnet_ids": [
              "subnet-08ecd799ca3dbb6e1",
              "subnet-0edd318876dc286c4"
            ],
            "tags": {},
            "tags_all": {},
            "taint": [],
            "timeouts": null,
            "update_config": [
              {
                "max_unavailable": 1,
                "max_unavailable_percentage": 0
              }
            ],
            "version": "1.31"
          },
          "sensitive_attributes": [],
          "private": "eyJlMmJmYjczMC1lY2FhLTExZTYtOGY4OC0zNDM2M2JjN2M0YzAiOnsiY3JlYXRlIjozNjAwMDAwMDAwMDAwLCJkZWxldGUiOjM2MDAwMDAwMDAwMDAsInVwZGF0ZSI6MzYwMDAwMDAwMDAwMH19",
          "dependencies": [
            "module.iam_role.aws_iam_role.eks_node_group_role",
            "module.vpc.aws_subnet.mtc_public_subnet",
            "module.vpc.aws_subnet.mtc_public_subnet_2",
            "module.vpc.aws_vpc.mtc_vpc"
          ]
        }
      ]
    },
    {
      "module": "module.route53",
      "mode": "managed",
      "type": "aws_route53_record",
      "name": "www-dev",
      "provider": "provider[\"registry.terraform.io/hashicorp/aws\"]",
      "instances": [
        {
          "schema_version": 2,
          "attributes": {
            "alias": [],
            "allow_overwrite": null,
            "failover_routing_policy": [],
            "fqdn": "www.kritagya-33.co.uk",
            "geolocation_routing_policy": [],
            "health_check_id": "",
            "id": "Z07767902MTG9RYS1I14A_www.kritagya-33.co.uk_CNAME_dev",
            "latency_routing_policy": [],
            "multivalue_answer_routing_policy": null,
            "name": "www.kritagya-33.co.uk",
            "records": [
              "dev.kritagya-33.co.uk"
            ],
            "set_identifier": "dev",
            "ttl": 5,
            "type": "CNAME",
            "weighted_routing_policy": [
              {
                "weight": 10
              }
            ],
            "zone_id": "Z07767902MTG9RYS1I14A"
          },
          "sensitive_attributes": [],
          "private": "eyJzY2hlbWFfdmVyc2lvbiI6IjIifQ==",
          "dependencies": [
            "module.route53.aws_route53_zone.primary"
          ]
        }
      ]
    },
    {
      "module": "module.route53",
      "mode": "managed",
      "type": "aws_route53_record",
      "name": "www-live",
      "provider": "provider[\"registry.terraform.io/hashicorp/aws\"]",
      "instances": [
        {
          "schema_version": 2,
          "attributes": {
            "alias": [],
            "allow_overwrite": null,
            "failover_routing_policy": [],
            "fqdn": "www.kritagya-33.co.uk",
            "geolocation_routing_policy": [],
            "health_check_id": "",
            "id": "Z07767902MTG9RYS1I14A_www.kritagya-33.co.uk_CNAME_live",
            "latency_routing_policy": [],
            "multivalue_answer_routing_policy": null,
            "name": "www.kritagya-33.co.uk",
            "records": [
              "live.kritagya-33.co.uk"
            ],
            "set_identifier": "live",
            "ttl": 5,
            "type": "CNAME",
            "weighted_routing_policy": [
              {
                "weight": 90
              }
            ],
            "zone_id": "Z07767902MTG9RYS1I14A"
          },
          "sensitive_attributes": [],
          "private": "eyJzY2hlbWFfdmVyc2lvbiI6IjIifQ==",
          "dependencies": [
            "module.route53.aws_route53_zone.primary"
          ]
        }
      ]
    },
    {
      "module": "module.route53",
      "mode": "managed",
      "type": "aws_route53_zone",
      "name": "primary",
      "provider": "provider[\"registry.terraform.io/hashicorp/aws\"]",
      "instances": [
        {
          "schema_version": 0,
          "attributes": {
            "arn": "arn:aws:route53:::hostedzone/Z07767902MTG9RYS1I14A",
            "comment": "Managed by Terraform",
            "delegation_set_id": "",
            "force_destroy": false,
            "id": "Z07767902MTG9RYS1I14A",
            "name": "kritagya-33.co.uk",
            "name_servers": [
              "ns-1257.awsdns-29.org",
              "ns-1945.awsdns-51.co.uk",
              "ns-242.awsdns-30.com",
              "ns-999.awsdns-60.net"
            ],
            "tags": {},
            "tags_all": {},
            "vpc": [],
            "zone_id": "Z07767902MTG9RYS1I14A"
          },
          "sensitive_attributes": [],
          "private": "bnVsbA=="
        }
      ]
    },
    {
      "module": "module.s3_bucket",
      "mode": "managed",
      "type": "aws_s3_bucket",
      "name": "example",
      "provider": "provider[\"registry.terraform.io/hashicorp/aws\"]",
      "instances": [
        {
          "schema_version": 0,
          "attributes": {
            "acceleration_status": "",
            "acl": "private",
            "arn": "arn:aws:s3:::kritagya-terraform-bucket",
            "bucket": "kritagya-terraform-bucket",
            "bucket_domain_name": "kritagya-terraform-bucket.s3.amazonaws.com",
            "bucket_prefix": null,
            "bucket_regional_domain_name": "kritagya-terraform-bucket.s3.eu-west-2.amazonaws.com",
            "cors_rule": [],
            "force_destroy": false,
            "grant": [],
            "hosted_zone_id": "Z3GKZC51ZF0DB4",
            "id": "kritagya-terraform-bucket",
            "lifecycle_rule": [],
            "logging": [],
            "object_lock_configuration": [],
            "object_lock_enabled": false,
            "policy": null,
            "region": "eu-west-2",
            "replication_configuration": [],
            "request_payer": "BucketOwner",
            "server_side_encryption_configuration": [
              {
                "rule": [
                  {
                    "apply_server_side_encryption_by_default": [
                      {
                        "kms_master_key_id": "",
                        "sse_algorithm": "AES256"
                      }
                    ],
                    "bucket_key_enabled": false
                  }
                ]
              }
            ],
            "tags": {
              "Environment": "Dev",
              "Name": "My bucket"
            },
            "tags_all": {
              "Environment": "Dev",
              "Name": "My bucket"
            },
            "versioning": [
              {
                "enabled": false,
                "mfa_delete": false
              }
            ],
            "website": [],
            "website_domain": null,
            "website_endpoint": null
          },
          "sensitive_attributes": [],
          "private": "bnVsbA=="
        }
      ]
    },
    {
      "module": "module.sns_module",
      "mode": "managed",
      "type": "aws_sns_topic",
      "name": "user_updates",
      "provider": "provider[\"registry.terraform.io/hashicorp/aws\"]",
      "instances": [
        {
          "schema_version": 0,
          "attributes": {
            "application_failure_feedback_role_arn": "",
            "application_success_feedback_role_arn": "",
            "application_success_feedback_sample_rate": 0,
            "arn": "arn:aws:sns:eu-west-2:233966445372:terraform-topic",
            "content_based_deduplication": false,
            "delivery_policy": "",
            "display_name": "",
            "fifo_topic": false,
            "firehose_failure_feedback_role_arn": "",
            "firehose_success_feedback_role_arn": "",
            "firehose_success_feedback_sample_rate": 0,
            "http_failure_feedback_role_arn": "",
            "http_success_feedback_role_arn": "",
            "http_success_feedback_sample_rate": 0,
            "id": "arn:aws:sns:eu-west-2:233966445372:terraform-topic",
            "kms_master_key_id": "",
            "lambda_failure_feedback_role_arn": "",
            "lambda_success_feedback_role_arn": "",
            "lambda_success_feedback_sample_rate": 0,
            "name": "terraform-topic",
            "name_prefix": "",
            "owner": "233966445372",
            "policy": "{\"Version\":\"2008-10-17\",\"Id\":\"__default_policy_ID\",\"Statement\":[{\"Sid\":\"__default_statement_ID\",\"Effect\":\"Allow\",\"Principal\":{\"AWS\":\"*\"},\"Action\":[\"SNS:GetTopicAttributes\",\"SNS:SetTopicAttributes\",\"SNS:AddPermission\",\"SNS:RemovePermission\",\"SNS:DeleteTopic\",\"SNS:Subscribe\",\"SNS:ListSubscriptionsByTopic\",\"SNS:Publish\"],\"Resource\":\"arn:aws:sns:eu-west-2:233966445372:terraform-topic\",\"Condition\":{\"StringEquals\":{\"AWS:SourceOwner\":\"233966445372\"}}}]}",
            "sqs_failure_feedback_role_arn": "",
            "sqs_success_feedback_role_arn": "",
            "sqs_success_feedback_sample_rate": 0,
            "tags": {},
            "tags_all": {}
          },
          "sensitive_attributes": [],
          "private": "bnVsbA=="
        }
      ]
    },
    {
      "module": "module.vpc",
      "mode": "managed",
      "type": "aws_eip",
      "name": "example",
      "provider": "provider[\"registry.terraform.io/hashicorp/aws\"]",
      "instances": [
        {
          "schema_version": 0,
          "attributes": {
            "address": null,
            "allocation_id": "eipalloc-02b104f44eca02576",
            "associate_with_private_ip": null,
            "association_id": "eipassoc-0932ace489488c509",
            "carrier_ip": "",
            "customer_owned_ip": "",
            "customer_owned_ipv4_pool": "",
            "domain": "vpc",
            "id": "eipalloc-02b104f44eca02576",
            "instance": "",
            "network_border_group": "eu-west-2",
            "network_interface": "eni-02136c5742ef03f4f",
            "private_dns": "ip-10-123-1-169.eu-west-2.compute.internal",
            "private_ip": "10.123.1.169",
            "public_dns": "ec2-35-179-39-112.eu-west-2.compute.amazonaws.com",
            "public_ip": "35.179.39.112",
            "public_ipv4_pool": "amazon",
            "tags": {},
            "tags_all": {},
            "timeouts": null,
            "vpc": true
          },
          "sensitive_attributes": [],
          "private": "eyJlMmJmYjczMC1lY2FhLTExZTYtOGY4OC0zNDM2M2JjN2M0YzAiOnsiZGVsZXRlIjoxODAwMDAwMDAwMDAsInJlYWQiOjkwMDAwMDAwMDAwMCwidXBkYXRlIjozMDAwMDAwMDAwMDB9fQ=="
        }
      ]
    },
    {
      "module": "module.vpc",
      "mode": "managed",
      "type": "aws_internet_gateway",
      "name": "mtc_internet_gateway",
      "provider": "provider[\"registry.terraform.io/hashicorp/aws\"]",
      "instances": [
        {
          "schema_version": 0,
          "attributes": {
            "arn": "arn:aws:ec2:eu-west-2:233966445372:internet-gateway/igw-0b214d1366111f7df",
            "id": "igw-0b214d1366111f7df",
            "owner_id": "233966445372",
            "tags": {
              "Name": "dev-igw"
            },
            "tags_all": {
              "Name": "dev-igw"
            },
            "vpc_id": "vpc-080424e43cca7ac1c"
          },
          "sensitive_attributes": [],
          "private": "bnVsbA==",
          "dependencies": [
            "module.vpc.aws_vpc.mtc_vpc"
          ]
        }
      ]
    },
    {
      "module": "module.vpc",
      "mode": "managed",
      "type": "aws_nat_gateway",
      "name": "example",
      "provider": "provider[\"registry.terraform.io/hashicorp/aws\"]",
      "instances": [
        {
          "schema_version": 0,
          "attributes": {
            "allocation_id": "eipalloc-02b104f44eca02576",
            "connectivity_type": "public",
            "id": "nat-0177f1d524aad96b0",
            "network_interface_id": "eni-02136c5742ef03f4f",
            "private_ip": "10.123.1.169",
            "public_ip": "35.179.39.112",
            "subnet_id": "subnet-08ecd799ca3dbb6e1",
            "tags": {
              "Name": "gw NAT"
            },
            "tags_all": {
              "Name": "gw NAT"
            }
          },
          "sensitive_attributes": [],
          "private": "bnVsbA==",
          "dependencies": [
            "module.vpc.aws_eip.example",
            "module.vpc.aws_internet_gateway.mtc_internet_gateway",
            "module.vpc.aws_subnet.mtc_public_subnet",
            "module.vpc.aws_vpc.mtc_vpc"
          ]
        }
      ]
    },
    {
      "module": "module.vpc",
      "mode": "managed",
      "type": "aws_route_table",
      "name": "private_rt",
      "provider": "provider[\"registry.terraform.io/hashicorp/aws\"]",
      "instances": [
        {
          "schema_version": 0,
          "attributes": {
            "arn": "arn:aws:ec2:eu-west-2:233966445372:route-table/rtb-03410c27fe3e0785f",
            "id": "rtb-03410c27fe3e0785f",
            "owner_id": "233966445372",
            "propagating_vgws": [],
            "route": [
              {
                "carrier_gateway_id": "",
                "cidr_block": "0.0.0.0/0",
                "destination_prefix_list_id": "",
                "egress_only_gateway_id": "",
                "gateway_id": "",
                "instance_id": "",
                "ipv6_cidr_block": "",
                "local_gateway_id": "",
                "nat_gateway_id": "nat-0177f1d524aad96b0",
                "network_interface_id": "",
                "transit_gateway_id": "",
                "vpc_endpoint_id": "",
                "vpc_peering_connection_id": ""
              }
            ],
            "tags": {
              "Name": "PrivateRouteTable"
            },
            "tags_all": {
              "Name": "PrivateRouteTable"
            },
            "timeouts": null,
            "vpc_id": "vpc-080424e43cca7ac1c"
          },
          "sensitive_attributes": [],
          "private": "eyJlMmJmYjczMC1lY2FhLTExZTYtOGY4OC0zNDM2M2JjN2M0YzAiOnsiY3JlYXRlIjozMDAwMDAwMDAwMDAsImRlbGV0ZSI6MzAwMDAwMDAwMDAwLCJ1cGRhdGUiOjEyMDAwMDAwMDAwMH19",
          "dependencies": [
            "module.vpc.aws_eip.example",
            "module.vpc.aws_internet_gateway.mtc_internet_gateway",
            "module.vpc.aws_nat_gateway.example",
            "module.vpc.aws_subnet.mtc_public_subnet",
            "module.vpc.aws_vpc.mtc_vpc"
          ]
        }
      ]
    },
    {
      "module": "module.vpc",
      "mode": "managed",
      "type": "aws_route_table",
      "name": "public_rt",
      "provider": "provider[\"registry.terraform.io/hashicorp/aws\"]",
      "instances": [
        {
          "schema_version": 0,
          "attributes": {
            "arn": "arn:aws:ec2:eu-west-2:233966445372:route-table/rtb-02d30b4fb41be692f",
            "id": "rtb-02d30b4fb41be692f",
            "owner_id": "233966445372",
            "propagating_vgws": [],
            "route": [
              {
                "carrier_gateway_id": "",
                "cidr_block": "0.0.0.0/0",
                "destination_prefix_list_id": "",
                "egress_only_gateway_id": "",
                "gateway_id": "igw-0b214d1366111f7df",
                "instance_id": "",
                "ipv6_cidr_block": "",
                "local_gateway_id": "",
                "nat_gateway_id": "",
                "network_interface_id": "",
                "transit_gateway_id": "",
                "vpc_endpoint_id": "",
                "vpc_peering_connection_id": ""
              }
            ],
            "tags": {
              "Name": "PublicRouteTable"
            },
            "tags_all": {
              "Name": "PublicRouteTable"
            },
            "timeouts": null,
            "vpc_id": "vpc-080424e43cca7ac1c"
          },
          "sensitive_attributes": [],
          "private": "eyJlMmJmYjczMC1lY2FhLTExZTYtOGY4OC0zNDM2M2JjN2M0YzAiOnsiY3JlYXRlIjozMDAwMDAwMDAwMDAsImRlbGV0ZSI6MzAwMDAwMDAwMDAwLCJ1cGRhdGUiOjEyMDAwMDAwMDAwMH19",
          "dependencies": [
            "module.vpc.aws_internet_gateway.mtc_internet_gateway",
            "module.vpc.aws_vpc.mtc_vpc"
          ]
        }
      ]
    },
    {
      "module": "module.vpc",
      "mode": "managed",
      "type": "aws_route_table_association",
      "name": "private_subnet_association_1",
      "provider": "provider[\"registry.terraform.io/hashicorp/aws\"]",
      "instances": [
        {
          "schema_version": 0,
          "attributes": {
            "gateway_id": "",
            "id": "rtbassoc-01ea7b0a33ccbb690",
            "route_table_id": "rtb-03410c27fe3e0785f",
            "subnet_id": "subnet-0f9ad854eacfd2183"
          },
          "sensitive_attributes": [],
          "private": "bnVsbA==",
          "dependencies": [
            "module.vpc.aws_eip.example",
            "module.vpc.aws_internet_gateway.mtc_internet_gateway",
            "module.vpc.aws_nat_gateway.example",
            "module.vpc.aws_route_table.private_rt",
            "module.vpc.aws_subnet.mtc_private_subnet",
            "module.vpc.aws_subnet.mtc_public_subnet",
            "module.vpc.aws_vpc.mtc_vpc"
          ]
        }
      ]
    },
    {
      "module": "module.vpc",
      "mode": "managed",
      "type": "aws_route_table_association",
      "name": "private_subnet_association_2",
      "provider": "provider[\"registry.terraform.io/hashicorp/aws\"]",
      "instances": [
        {
          "schema_version": 0,
          "attributes": {
            "gateway_id": "",
            "id": "rtbassoc-0ebb3042de7569795",
            "route_table_id": "rtb-03410c27fe3e0785f",
            "subnet_id": "subnet-002b51cb2a213c288"
          },
          "sensitive_attributes": [],
          "private": "bnVsbA==",
          "dependencies": [
            "module.vpc.aws_eip.example",
            "module.vpc.aws_internet_gateway.mtc_internet_gateway",
            "module.vpc.aws_nat_gateway.example",
            "module.vpc.aws_route_table.private_rt",
            "module.vpc.aws_subnet.mtc_private_subnet2",
            "module.vpc.aws_subnet.mtc_public_subnet",
            "module.vpc.aws_vpc.mtc_vpc"
          ]
        }
      ]
    },
    {
      "module": "module.vpc",
      "mode": "managed",
      "type": "aws_route_table_association",
      "name": "public_subnet_association_1",
      "provider": "provider[\"registry.terraform.io/hashicorp/aws\"]",
      "instances": [
        {
          "schema_version": 0,
          "attributes": {
            "gateway_id": "",
            "id": "rtbassoc-089efb73047c4637c",
            "route_table_id": "rtb-02d30b4fb41be692f",
            "subnet_id": "subnet-08ecd799ca3dbb6e1"
          },
          "sensitive_attributes": [],
          "private": "bnVsbA==",
          "dependencies": [
            "module.vpc.aws_internet_gateway.mtc_internet_gateway",
            "module.vpc.aws_route_table.public_rt",
            "module.vpc.aws_subnet.mtc_public_subnet",
            "module.vpc.aws_vpc.mtc_vpc"
          ]
        }
      ]
    },
    {
      "module": "module.vpc",
      "mode": "managed",
      "type": "aws_route_table_association",
      "name": "public_subnet_association_2",
      "provider": "provider[\"registry.terraform.io/hashicorp/aws\"]",
      "instances": [
        {
          "schema_version": 0,
          "attributes": {
            "gateway_id": "",
            "id": "rtbassoc-072862e79fdc8b559",
            "route_table_id": "rtb-02d30b4fb41be692f",
            "subnet_id": "subnet-0edd318876dc286c4"
          },
          "sensitive_attributes": [],
          "private": "bnVsbA==",
          "dependencies": [
            "module.vpc.aws_internet_gateway.mtc_internet_gateway",
            "module.vpc.aws_route_table.public_rt",
            "module.vpc.aws_subnet.mtc_public_subnet_2",
            "module.vpc.aws_vpc.mtc_vpc"
          ]
        }
      ]
    },
    {
      "module": "module.vpc",
      "mode": "managed",
      "type": "aws_security_group",
      "name": "mtc_sg",
      "provider": "provider[\"registry.terraform.io/hashicorp/aws\"]",
      "instances": [
        {
          "schema_version": 1,
          "attributes": {
            "arn": "arn:aws:ec2:eu-west-2:233966445372:security-group/sg-0cc8e9e2cbff640c1",
            "description": "Managed by Terraform",
            "egress": [
              {
                "cidr_blocks": [
                  "0.0.0.0/0"
                ],
                "description": "Allow all outbound traffic",
                "from_port": 0,
                "ipv6_cidr_blocks": [],
                "prefix_list_ids": [],
                "protocol": "-1",
                "security_groups": [],
                "self": false,
                "to_port": 0
              }
            ],
            "id": "sg-0cc8e9e2cbff640c1",
            "ingress": [
              {
                "cidr_blocks": [
                  "0.0.0.0/0"
                ],
                "description": "Allow HTTP traffic",
                "from_port": 80,
                "ipv6_cidr_blocks": [],
                "prefix_list_ids": [],
                "protocol": "tcp",
                "security_groups": [],
                "self": false,
                "to_port": 80
              },
              {
                "cidr_blocks": [
                  "0.0.0.0/0"
                ],
                "description": "Allow HTTPS traffic",
                "from_port": 443,
                "ipv6_cidr_blocks": [],
                "prefix_list_ids": [],
                "protocol": "tcp",
                "security_groups": [],
                "self": false,
                "to_port": 443
              },
              {
                "cidr_blocks": [
                  "0.0.0.0/0"
                ],
                "description": "Allow SSH access",
                "from_port": 22,
                "ipv6_cidr_blocks": [],
                "prefix_list_ids": [],
                "protocol": "tcp",
                "security_groups": [],
                "self": false,
                "to_port": 22
              }
            ],
            "name": "terraform-2025040615462903440000000d",
            "name_prefix": "terraform-",
            "owner_id": "233966445372",
            "revoke_rules_on_delete": false,
            "tags": {
              "Name": "mtc_security_group"
            },
            "tags_all": {
              "Name": "mtc_security_group"
            },
            "timeouts": null,
            "vpc_id": "vpc-080424e43cca7ac1c"
          },
          "sensitive_attributes": [],
          "private": "eyJlMmJmYjczMC1lY2FhLTExZTYtOGY4OC0zNDM2M2JjN2M0YzAiOnsiY3JlYXRlIjo2MDAwMDAwMDAwMDAsImRlbGV0ZSI6OTAwMDAwMDAwMDAwfSwic2NoZW1hX3ZlcnNpb24iOiIxIn0=",
          "dependencies": [
            "module.vpc.aws_vpc.mtc_vpc"
          ]
        }
      ]
    },
    {
      "module": "module.vpc",
      "mode": "managed",
      "type": "aws_subnet",
      "name": "mtc_private_subnet",
      "provider": "provider[\"registry.terraform.io/hashicorp/aws\"]",
      "instances": [
        {
          "schema_version": 1,
          "attributes": {
            "arn": "arn:aws:ec2:eu-west-2:233966445372:subnet/subnet-0f9ad854eacfd2183",
            "assign_ipv6_address_on_creation": false,
            "availability_zone": "eu-west-2a",
            "availability_zone_id": "euw2-az2",
            "cidr_block": "10.123.3.0/24",
            "customer_owned_ipv4_pool": "",
            "enable_dns64": false,
            "enable_resource_name_dns_a_record_on_launch": false,
            "enable_resource_name_dns_aaaa_record_on_launch": false,
            "id": "subnet-0f9ad854eacfd2183",
            "ipv6_cidr_block": "",
            "ipv6_cidr_block_association_id": "",
            "ipv6_native": false,
            "map_customer_owned_ip_on_launch": false,
            "map_public_ip_on_launch": false,
            "outpost_arn": "",
            "owner_id": "233966445372",
            "private_dns_hostname_type_on_launch": "ip-name",
            "tags": {
              "Name": "PrivateSubnet1"
            },
            "tags_all": {
              "Name": "PrivateSubnet1"
            },
            "timeouts": null,
            "vpc_id": "vpc-080424e43cca7ac1c"
          },
          "sensitive_attributes": [],
          "private": "eyJlMmJmYjczMC1lY2FhLTExZTYtOGY4OC0zNDM2M2JjN2M0YzAiOnsiY3JlYXRlIjo2MDAwMDAwMDAwMDAsImRlbGV0ZSI6MTIwMDAwMDAwMDAwMH0sInNjaGVtYV92ZXJzaW9uIjoiMSJ9",
          "dependencies": [
            "module.vpc.aws_vpc.mtc_vpc"
          ]
        }
      ]
    },
    {
      "module": "module.vpc",
      "mode": "managed",
      "type": "aws_subnet",
      "name": "mtc_private_subnet2",
      "provider": "provider[\"registry.terraform.io/hashicorp/aws\"]",
      "instances": [
        {
          "schema_version": 1,
          "attributes": {
            "arn": "arn:aws:ec2:eu-west-2:233966445372:subnet/subnet-002b51cb2a213c288",
            "assign_ipv6_address_on_creation": false,
            "availability_zone": "eu-west-2b",
            "availability_zone_id": "euw2-az3",
            "cidr_block": "10.123.4.0/24",
            "customer_owned_ipv4_pool": "",
            "enable_dns64": false,
            "enable_resource_name_dns_a_record_on_launch": false,
            "enable_resource_name_dns_aaaa_record_on_launch": false,
            "id": "subnet-002b51cb2a213c288",
            "ipv6_cidr_block": "",
            "ipv6_cidr_block_association_id": "",
            "ipv6_native": false,
            "map_customer_owned_ip_on_launch": false,
            "map_public_ip_on_launch": false,
            "outpost_arn": "",
            "owner_id": "233966445372",
            "private_dns_hostname_type_on_launch": "ip-name",
            "tags": {
              "Name": "PrivateSubnet2"
            },
            "tags_all": {
              "Name": "PrivateSubnet2"
            },
            "timeouts": null,
            "vpc_id": "vpc-080424e43cca7ac1c"
          },
          "sensitive_attributes": [],
          "private": "eyJlMmJmYjczMC1lY2FhLTExZTYtOGY4OC0zNDM2M2JjN2M0YzAiOnsiY3JlYXRlIjo2MDAwMDAwMDAwMDAsImRlbGV0ZSI6MTIwMDAwMDAwMDAwMH0sInNjaGVtYV92ZXJzaW9uIjoiMSJ9",
          "dependencies": [
            "module.vpc.aws_vpc.mtc_vpc"
          ]
        }
      ]
    },
    {
      "module": "module.vpc",
      "mode": "managed",
      "type": "aws_subnet",
      "name": "mtc_public_subnet",
      "provider": "provider[\"registry.terraform.io/hashicorp/aws\"]",
      "instances": [
        {
          "schema_version": 1,
          "attributes": {
            "arn": "arn:aws:ec2:eu-west-2:233966445372:subnet/subnet-08ecd799ca3dbb6e1",
            "assign_ipv6_address_on_creation": false,
            "availability_zone": "eu-west-2a",
            "availability_zone_id": "euw2-az2",
            "cidr_block": "10.123.1.0/24",
            "customer_owned_ipv4_pool": "",
            "enable_dns64": false,
            "enable_resource_name_dns_a_record_on_launch": false,
            "enable_resource_name_dns_aaaa_record_on_launch": false,
            "id": "subnet-08ecd799ca3dbb6e1",
            "ipv6_cidr_block": "",
            "ipv6_cidr_block_association_id": "",
            "ipv6_native": false,
            "map_customer_owned_ip_on_launch": false,
            "map_public_ip_on_launch": true,
            "outpost_arn": "",
            "owner_id": "233966445372",
            "private_dns_hostname_type_on_launch": "ip-name",
            "tags": {
              "Name": "PublicSubnet1"
            },
            "tags_all": {
              "Name": "PublicSubnet1"
            },
            "timeouts": null,
            "vpc_id": "vpc-080424e43cca7ac1c"
          },
          "sensitive_attributes": [],
          "private": "eyJlMmJmYjczMC1lY2FhLTExZTYtOGY4OC0zNDM2M2JjN2M0YzAiOnsiY3JlYXRlIjo2MDAwMDAwMDAwMDAsImRlbGV0ZSI6MTIwMDAwMDAwMDAwMH0sInNjaGVtYV92ZXJzaW9uIjoiMSJ9",
          "dependencies": [
            "module.vpc.aws_vpc.mtc_vpc"
          ]
        }
      ]
    },
    {
      "module": "module.vpc",
      "mode": "managed",
      "type": "aws_subnet",
      "name": "mtc_public_subnet_2",
      "provider": "provider[\"registry.terraform.io/hashicorp/aws\"]",
      "instances": [
        {
          "schema_version": 1,
          "attributes": {
            "arn": "arn:aws:ec2:eu-west-2:233966445372:subnet/subnet-0edd318876dc286c4",
            "assign_ipv6_address_on_creation": false,
            "availability_zone": "eu-west-2b",
            "availability_zone_id": "euw2-az3",
            "cidr_block": "10.123.2.0/24",
            "customer_owned_ipv4_pool": "",
            "enable_dns64": false,
            "enable_resource_name_dns_a_record_on_launch": false,
            "enable_resource_name_dns_aaaa_record_on_launch": false,
            "id": "subnet-0edd318876dc286c4",
            "ipv6_cidr_block": "",
            "ipv6_cidr_block_association_id": "",
            "ipv6_native": false,
            "map_customer_owned_ip_on_launch": false,
            "map_public_ip_on_launch": true,
            "outpost_arn": "",
            "owner_id": "233966445372",
            "private_dns_hostname_type_on_launch": "ip-name",
            "tags": {
              "Name": "PublicSubnet2"
            },
            "tags_all": {
              "Name": "PublicSubnet2"
            },
            "timeouts": null,
            "vpc_id": "vpc-080424e43cca7ac1c"
          },
          "sensitive_attributes": [],
          "private": "eyJlMmJmYjczMC1lY2FhLTExZTYtOGY4OC0zNDM2M2JjN2M0YzAiOnsiY3JlYXRlIjo2MDAwMDAwMDAwMDAsImRlbGV0ZSI6MTIwMDAwMDAwMDAwMH0sInNjaGVtYV92ZXJzaW9uIjoiMSJ9",
          "dependencies": [
            "module.vpc.aws_vpc.mtc_vpc"
          ]
        }
      ]
    },
    {
      "module": "module.vpc",
      "mode": "managed",
      "type": "aws_vpc",
      "name": "mtc_vpc",
      "provider": "provider[\"registry.terraform.io/hashicorp/aws\"]",
      "instances": [
        {
          "schema_version": 1,
          "attributes": {
            "arn": "arn:aws:ec2:eu-west-2:233966445372:vpc/vpc-080424e43cca7ac1c",
            "assign_generated_ipv6_cidr_block": false,
            "cidr_block": "10.123.0.0/16",
            "default_network_acl_id": "acl-09315e08101e2274f",
            "default_route_table_id": "rtb-00cbb1aa5623a9258",
            "default_security_group_id": "sg-0956d776655468f83",
            "dhcp_options_id": "dopt-08ab0288eb8df5f53",
            "enable_classiclink": false,
            "enable_classiclink_dns_support": false,
            "enable_dns_hostnames": true,
            "enable_dns_support": true,
            "id": "vpc-080424e43cca7ac1c",
            "instance_tenancy": "default",
            "ipv4_ipam_pool_id": null,
            "ipv4_netmask_length": null,
            "ipv6_association_id": "",
            "ipv6_cidr_block": "",
            "ipv6_cidr_block_network_border_group": "",
            "ipv6_ipam_pool_id": "",
            "ipv6_netmask_length": 0,
            "main_route_table_id": "rtb-00cbb1aa5623a9258",
            "owner_id": "233966445372",
            "tags": {
              "Name": "TerraformVPC"
            },
            "tags_all": {
              "Name": "TerraformVPC"
            }
          },
          "sensitive_attributes": [],
          "private": "eyJzY2hlbWFfdmVyc2lvbiI6IjEifQ=="
        }
      ]
    },
    {
      "module": "module.vpc2",
      "mode": "managed",
      "type": "aws_vpc",
      "name": "bar",
      "provider": "provider[\"registry.terraform.io/hashicorp/aws\"]",
      "instances": [
        {
          "schema_version": 1,
          "attributes": {
            "arn": "arn:aws:ec2:eu-west-2:233966445372:vpc/vpc-0034e7f7f65ea1ae8",
            "assign_generated_ipv6_cidr_block": false,
            "cidr_block": "192.168.0.0/16",
            "default_network_acl_id": "acl-04c2ce1cbe7171c8c",
            "default_route_table_id": "rtb-0dc213a60b0e87a80",
            "default_security_group_id": "sg-09c3e344ba03ce056",
            "dhcp_options_id": "dopt-08ab0288eb8df5f53",
            "enable_classiclink": false,
            "enable_classiclink_dns_support": false,
            "enable_dns_hostnames": false,
            "enable_dns_support": true,
            "id": "vpc-0034e7f7f65ea1ae8",
            "instance_tenancy": "default",
            "ipv4_ipam_pool_id": null,
            "ipv4_netmask_length": null,
            "ipv6_association_id": "",
            "ipv6_cidr_block": "",
            "ipv6_cidr_block_network_border_group": "",
            "ipv6_ipam_pool_id": "",
            "ipv6_netmask_length": 0,
            "main_route_table_id": "rtb-0dc213a60b0e87a80",
            "owner_id": "233966445372",
            "tags": {},
            "tags_all": {}
          },
          "sensitive_attributes": [],
          "private": "eyJzY2hlbWFfdmVyc2lvbiI6IjEifQ=="
        }
      ]
    },
    {
      "module": "module.vpc2",
      "mode": "managed",
      "type": "aws_vpc",
      "name": "foo",
      "provider": "provider[\"registry.terraform.io/hashicorp/aws\"]",
      "instances": [
        {
          "schema_version": 1,
          "attributes": {
            "arn": "arn:aws:ec2:eu-west-2:233966445372:vpc/vpc-0408ce0722b2f879a",
            "assign_generated_ipv6_cidr_block": false,
            "cidr_block": "10.123.0.0/16",
            "default_network_acl_id": "acl-0cb9b3918d2ae5f56",
            "default_route_table_id": "rtb-04365dc47ae3423ef",
            "default_security_group_id": "sg-09c0da0c9879baca4",
            "dhcp_options_id": "dopt-08ab0288eb8df5f53",
            "enable_classiclink": false,
            "enable_classiclink_dns_support": false,
            "enable_dns_hostnames": false,
            "enable_dns_support": true,
            "id": "vpc-0408ce0722b2f879a",
            "instance_tenancy": "default",
            "ipv4_ipam_pool_id": null,
            "ipv4_netmask_length": null,
            "ipv6_association_id": "",
            "ipv6_cidr_block": "",
            "ipv6_cidr_block_network_border_group": "",
            "ipv6_ipam_pool_id": "",
            "ipv6_netmask_length": 0,
            "main_route_table_id": "rtb-04365dc47ae3423ef",
            "owner_id": "233966445372",
            "tags": {},
            "tags_all": {}
          },
          "sensitive_attributes": [],
          "private": "eyJzY2hlbWFfdmVyc2lvbiI6IjEifQ=="
        }
      ]
    },
    {
      "module": "module.vpc2",
      "mode": "managed",
      "type": "aws_vpc",
      "name": "mtc_vpc",
      "provider": "provider[\"registry.terraform.io/hashicorp/aws\"]",
      "instances": [
        {
          "schema_version": 1,
          "attributes": {
            "arn": "arn:aws:ec2:eu-west-2:233966445372:vpc/vpc-0a0880238d4a57703",
            "assign_generated_ipv6_cidr_block": false,
            "cidr_block": "192.168.0.0/16",
            "default_network_acl_id": "acl-09a38a36db839ad2c",
            "default_route_table_id": "rtb-08a91829da46c2e02",
            "default_security_group_id": "sg-051863b85f0098621",
            "dhcp_options_id": "dopt-08ab0288eb8df5f53",
            "enable_classiclink": false,
            "enable_classiclink_dns_support": false,
            "enable_dns_hostnames": true,
            "enable_dns_support": true,
            "id": "vpc-0a0880238d4a57703",
            "instance_tenancy": "default",
            "ipv4_ipam_pool_id": null,
            "ipv4_netmask_length": null,
            "ipv6_association_id": "",
            "ipv6_cidr_block": "",
            "ipv6_cidr_block_network_border_group": "",
            "ipv6_ipam_pool_id": "",
            "ipv6_netmask_length": 0,
            "main_route_table_id": "rtb-08a91829da46c2e02",
            "owner_id": "233966445372",
            "tags": {
              "Name": "TerraformVPC2"
            },
            "tags_all": {
              "Name": "TerraformVPC2"
            }
          },
          "sensitive_attributes": [],
          "private": "eyJzY2hlbWFfdmVyc2lvbiI6IjEifQ=="
        }
      ]
    },
    {
      "module": "module.vpc2",
      "mode": "managed",
      "type": "aws_vpc_peering_connection",
      "name": "foo",
      "provider": "provider[\"registry.terraform.io/hashicorp/aws\"]",
      "instances": [
        {
          "schema_version": 0,
          "attributes": {
            "accept_status": "active",
            "accepter": [
              {
                "allow_classic_link_to_remote_vpc": false,
                "allow_remote_vpc_dns_resolution": false,
                "allow_vpc_to_remote_classic_link": false
              }
            ],
            "auto_accept": true,
            "id": "pcx-01c231b971007ffea",
            "peer_owner_id": "233966445372",
            "peer_region": "eu-west-2",
            "peer_vpc_id": "vpc-080424e43cca7ac1c",
            "requester": [
              {
                "allow_classic_link_to_remote_vpc": false,
                "allow_remote_vpc_dns_resolution": false,
                "allow_vpc_to_remote_classic_link": false
              }
            ],
            "tags": {
              "Name": "VPC Peering between foo and bar"
            },
            "tags_all": {
              "Name": "VPC Peering between foo and bar"
            },
            "timeouts": null,
            "vpc_id": "vpc-0a0880238d4a57703"
          },
          "sensitive_attributes": [],
          "private": "eyJlMmJmYjczMC1lY2FhLTExZTYtOGY4OC0zNDM2M2JjN2M0YzAiOnsiY3JlYXRlIjo2MDAwMDAwMDAwMCwiZGVsZXRlIjo2MDAwMDAwMDAwMCwidXBkYXRlIjo2MDAwMDAwMDAwMH19",
          "dependencies": [
            "module.vpc.aws_vpc.mtc_vpc",
            "module.vpc2.aws_vpc.mtc_vpc"
          ]
        }
      ]
    }
  ],
  "check_results": null
}
