{
  "version": 4,
  "terraform_version": "1.10.5",
  "serial": 3561,
  "lineage": "1b003695-6874-2a42-e7f0-b9bc0757bce0",
  "outputs": {},
  "resources": [
    {
      "module": "module.eks",
      "mode": "managed",
      "type": "aws_eks_cluster",
      "name": "example",
      "provider": "provider[\"registry.terraform.io/hashicorp/aws\"]",
      "instances": [
        {
          "schema_version": 0,
          "attributes": {
            "arn": "arn:aws:eks:eu-west-2:233966445372:cluster/KritagyaTerraformEKS",
            "certificate_authority": [
              {
                "data": "LS0tLS1CRUdJTiBDRVJUSUZJQ0FURS0tLS0tCk1JSURCVENDQWUyZ0F3SUJBZ0lJYnNadHU1K2pJaUF3RFFZSktvWklodmNOQVFFTEJRQXdGVEVUTUJFR0ExVUUKQXhNS2EzVmlaWEp1WlhSbGN6QWVGdzB5TlRBME1ERXhPRFE1TWpSYUZ3MHpOVEF6TXpBeE9EVTBNalJhTUJVeApFekFSQmdOVkJBTVRDbXQxWW1WeWJtVjBaWE13Z2dFaU1BMEdDU3FHU0liM0RRRUJBUVVBQTRJQkR3QXdnZ0VLCkFvSUJBUUMxSEVVbTRndFArUHB2S1pRbHlQMFQ3amdZbkdxa0xvbS9QNDJsUzZQdlhXdW05WnhXcEswSjlWS1gKRjhCTVRKOUdRKzhyWkhIazVwWWhzNWQvY040N0lrZ1NkblltZnlqVGFQbDNoTW1wN2V3aXFRY3psV0VUYjV3dwozaVZtYmZpd1E3eWxyK0NzYkEwZ1dLdi9oZ3JUWGxEVisrSDFUekhPNmliTUE5MmUwYXkyMndOU3RyMUM0eDZMCjdHSDRaZUs5VktPWU9LQXpON3JNMjhEK09xWFhrNnVlRllzbU1FTCtxNTFVenpMeHpqSG41aGIyYUhyb1FNMGcKWkdXMlJWbk82dmYrZXY1WGV1dzRtS1EzaXljNDdxVWg0aEJ1d0VQaFRtRHUvOUNSUFJCcnhwSXpwRUUwY0dmVAp3VnU0VGljYk1IWEFwWE9zRWxjdG16RzNuMk5GQWdNQkFBR2pXVEJYTUE0R0ExVWREd0VCL3dRRUF3SUNwREFQCkJnTlZIUk1CQWY4RUJUQURBUUgvTUIwR0ExVWREZ1FXQkJSdGdIZk1iVTZ3V0l3RGxuQTA2Z2ZkK01lcWpqQVYKQmdOVkhSRUVEakFNZ2dwcmRXSmxjbTVsZEdWek1BMEdDU3FHU0liM0RRRUJDd1VBQTRJQkFRQ2ZCLzc5OUFlagoyOTFIc0E4NURUNC9tS04wZ0MxL1M0RUVDRkxOWkRjU1pSV0JieWZkS2c1ajBYUlMyMTdpczErWkpKR2F2OCtxCmNHajJLL3JrL2VacEJBbkJWTmVNRTNlYW5QL2tkY3k0Mlg3bHIzeTRLdXgvUVpjeURuby9BVVMyeTFPVjlZdzYKYzVCU1lkK2NtUkZ0cWplSHBvT0FVRGlyaFdxaEU0TlZCV1dzSld4T1dRSnFxVWoyNC9NRG5Eb0pUdnlRNnVXWQo0ZkxJRVpaTVQ0elg3SHZQNHNIdVRVZFJxZTRrMVZNNjJJcDRnMElreng1VmpXelNFYkNwQ0YzU0pDK2tyT1pLCnN3NE9KTmY4bm01M1haK3Q1dHBKTXluUzduUXk3NWd3STBpSHVqNy8yT0NuUDdQVzZ0L2dGVUV3WmRxejBNN1YKT2FhakVBanRNUit1Ci0tLS0tRU5EIENFUlRJRklDQVRFLS0tLS0K"
              }
            ],
            "created_at": "2025-04-01 18:50:17.009 +0000 UTC",
            "enabled_cluster_log_types": [],
            "encryption_config": [],
            "endpoint": "https://3E80C061B8413D5F77B3DFF7BE986C99.gr7.eu-west-2.eks.amazonaws.com",
            "id": "KritagyaTerraformEKS",
            "identity": [
              {
                "oidc": [
                  {
                    "issuer": "https://oidc.eks.eu-west-2.amazonaws.com/id/3E80C061B8413D5F77B3DFF7BE986C99"
                  }
                ]
              }
            ],
            "kubernetes_network_config": [
              {
                "ip_family": "ipv4",
                "service_ipv4_cidr": "172.20.0.0/16"
              }
            ],
            "name": "KritagyaTerraformEKS",
            "platform_version": "eks.22",
            "role_arn": "arn:aws:iam::233966445372:role/eks-cluster-role",
            "status": "ACTIVE",
            "tags": {},
            "tags_all": {},
            "timeouts": null,
            "version": "1.31",
            "vpc_config": [
              {
                "cluster_security_group_id": "sg-01e3c6a33967e99d4",
                "endpoint_private_access": false,
                "endpoint_public_access": true,
                "public_access_cidrs": [
                  "0.0.0.0/0"
                ],
                "security_group_ids": [],
                "subnet_ids": [
                  "subnet-0382756903df7ef88",
                  "subnet-085c93bbd571a914c",
                  "subnet-0e97ffed058a0a07d"
                ],
                "vpc_id": "vpc-04bb75b7ce2643bb2"
              }
            ]
          },
          "sensitive_attributes": [],
          "private": "eyJlMmJmYjczMC1lY2FhLTExZTYtOGY4OC0zNDM2M2JjN2M0YzAiOnsiY3JlYXRlIjoxODAwMDAwMDAwMDAwLCJkZWxldGUiOjkwMDAwMDAwMDAwMCwidXBkYXRlIjozNjAwMDAwMDAwMDAwfX0=",
          "dependencies": [
            "module.iam_role.aws_iam_role.eks_cluster_role",
            "module.vpc.aws_subnet.mtc_private_subnet",
            "module.vpc.aws_subnet.mtc_public_subnet",
            "module.vpc.aws_subnet.mtc_public_subnet_2",
            "module.vpc.aws_vpc.mtc_vpc"
          ]
        }
      ]
    },
    {
      "module": "module.iam_role",
      "mode": "managed",
      "type": "aws_iam_role",
      "name": "eks_cluster_role",
      "provider": "provider[\"registry.terraform.io/hashicorp/aws\"]",
      "instances": [
        {
          "schema_version": 0,
          "attributes": {
            "arn": "arn:aws:iam::233966445372:role/eks-cluster-role",
            "assume_role_policy": "{\"Version\":\"2012-10-17\",\"Statement\":[{\"Effect\":\"Allow\",\"Principal\":{\"Service\":\"eks.amazonaws.com\"},\"Action\":\"sts:AssumeRole\"}]}",
            "create_date": "2025-04-01T18:49:50Z",
            "description": "",
            "force_detach_policies": false,
            "id": "eks-cluster-role",
            "inline_policy": [
              {
                "name": "",
                "policy": ""
              }
            ],
            "managed_policy_arns": [
              "arn:aws:iam::aws:policy/AmazonEKSClusterPolicy",
              "arn:aws:iam::aws:policy/AmazonEKSServicePolicy"
            ],
            "max_session_duration": 3600,
            "name": "eks-cluster-role",
            "name_prefix": "",
            "path": "/",
            "permissions_boundary": null,
            "tags": {},
            "tags_all": {},
            "unique_id": "AROATM6L4UM6HRUFRCGPZ"
          },
          "sensitive_attributes": [],
          "private": "bnVsbA=="
        }
      ]
    },
    {
      "module": "module.rds_module",
      "mode": "managed",
      "type": "aws_db_subnet_group",
      "name": "replica",
      "provider": "module.rds_module.provider[\"registry.terraform.io/hashicorp/aws\"].us-east-2",
      "instances": [
        {
          "schema_version": 0,
          "attributes": {
            "arn": "arn:aws:rds:us-east-2:233966445372:subgrp:my-db-subnet-group-replica",
            "description": "Managed by Terraform",
            "id": "my-db-subnet-group-replica",
            "name": "my-db-subnet-group-replica",
            "name_prefix": null,
            "subnet_ids": [
              "subnet-04d59678e32934b93",
              "subnet-05eca52cb55b881a7"
            ],
            "tags": {
              "Name": "My DB Subnet Group Replica"
            },
            "tags_all": {
              "Name": "My DB Subnet Group Replica"
            }
          },
          "sensitive_attributes": [],
          "private": "bnVsbA==",
          "dependencies": [
            "module.rds_module.aws_subnet.replica_subnet_1",
            "module.rds_module.aws_subnet.replica_subnet_2",
            "module.rds_module.aws_vpc.replica_vpc"
          ]
        }
      ]
    },
    {
      "module": "module.rds_module",
      "mode": "managed",
      "type": "aws_kms_key",
      "name": "replica_encryption_key",
      "provider": "module.rds_module.provider[\"registry.terraform.io/hashicorp/aws\"].us-east-2",
      "instances": [
        {
          "schema_version": 0,
          "attributes": {
            "arn": "arn:aws:kms:us-east-2:233966445372:key/e3b18ea4-8a8d-4b29-9461-cf4964ba3522",
            "bypass_policy_lockout_safety_check": false,
            "customer_master_key_spec": "SYMMETRIC_DEFAULT",
            "deletion_window_in_days": 7,
            "description": "KMS key for RDS cluster encryption in us-east-2",
            "enable_key_rotation": true,
            "id": "e3b18ea4-8a8d-4b29-9461-cf4964ba3522",
            "is_enabled": true,
            "key_id": "e3b18ea4-8a8d-4b29-9461-cf4964ba3522",
            "key_usage": "ENCRYPT_DECRYPT",
            "multi_region": false,
            "policy": "{\"Id\":\"key-default-1\",\"Statement\":[{\"Action\":\"kms:*\",\"Effect\":\"Allow\",\"Principal\":{\"AWS\":\"arn:aws:iam::233966445372:root\"},\"Resource\":\"*\",\"Sid\":\"Enable IAM User Permissions\"}],\"Version\":\"2012-10-17\"}",
            "tags": {},
            "tags_all": {}
          },
          "sensitive_attributes": [],
          "private": "bnVsbA=="
        }
      ]
    },
    {
      "module": "module.rds_module",
      "mode": "managed",
      "type": "aws_rds_cluster",
      "name": "replica",
      "provider": "module.rds_module.provider[\"registry.terraform.io/hashicorp/aws\"].us-east-2",
      "instances": [
        {
          "schema_version": 0,
          "attributes": {
            "allow_major_version_upgrade": null,
            "apply_immediately": null,
            "arn": "arn:aws:rds:us-east-2:233966445372:cluster:kritagya-aurora-replica",
            "availability_zones": [
              "us-east-2a",
              "us-east-2b",
              "us-east-2c"
            ],
            "backtrack_window": 0,
            "backup_retention_period": 1,
            "cluster_identifier": "kritagya-aurora-replica",
            "cluster_identifier_prefix": null,
            "cluster_members": [
              "kritagya-replica-instance"
            ],
            "cluster_resource_id": "cluster-2SUGXRDH4YQHCBXMRVLYSCLLTU",
            "copy_tags_to_snapshot": false,
            "database_name": "mydb",
            "db_cluster_parameter_group_name": "default.aurora-mysql8.0",
            "db_instance_parameter_group_name": null,
            "db_subnet_group_name": "my-db-subnet-group-replica",
            "deletion_protection": false,
            "enable_global_write_forwarding": false,
            "enable_http_endpoint": false,
            "enabled_cloudwatch_logs_exports": [],
            "endpoint": "kritagya-aurora-replica.cluster-crs0osq0ovpr.us-east-2.rds.amazonaws.com",
            "engine": "aurora-mysql",
            "engine_mode": "provisioned",
            "engine_version": "8.0.mysql_aurora.3.04.0",
            "engine_version_actual": "8.0.mysql_aurora.3.04.0",
            "final_snapshot_identifier": null,
            "global_cluster_identifier": "kritagya-global-cluster",
            "hosted_zone_id": "Z2XHWR1WZ565X2",
            "iam_database_authentication_enabled": false,
            "iam_roles": [],
            "id": "kritagya-aurora-replica",
            "kms_key_id": "arn:aws:kms:us-east-2:233966445372:key/e3b18ea4-8a8d-4b29-9461-cf4964ba3522",
            "master_password": null,
            "master_username": "foo",
            "port": 3306,
            "preferred_backup_window": "06:19-06:49",
            "preferred_maintenance_window": "wed:07:26-wed:07:56",
            "reader_endpoint": "kritagya-aurora-replica.cluster-ro-crs0osq0ovpr.us-east-2.rds.amazonaws.com",
            "replication_source_identifier": "arn:aws:rds:eu-west-2:233966445372:cluster:kritagya-aurora-primary",
            "restore_to_point_in_time": [],
            "s3_import": [],
            "scaling_configuration": [],
            "skip_final_snapshot": true,
            "snapshot_identifier": null,
            "source_region": null,
            "storage_encrypted": true,
            "tags": {
              "Name": "KritagyaTerraform-Replica"
            },
            "tags_all": {
              "Name": "KritagyaTerraform-Replica"
            },
            "timeouts": null,
            "vpc_security_group_ids": [
              "sg-00e3a88363c759c3d"
            ]
          },
          "sensitive_attributes": [
            [
              {
                "type": "get_attr",
                "value": "master_password"
              }
            ]
          ],
          "private": "eyJlMmJmYjczMC1lY2FhLTExZTYtOGY4OC0zNDM2M2JjN2M0YzAiOnsiY3JlYXRlIjo3MjAwMDAwMDAwMDAwLCJkZWxldGUiOjcyMDAwMDAwMDAwMDAsInVwZGF0ZSI6NzIwMDAwMDAwMDAwMH19",
          "dependencies": [
            "module.rds_module.aws_db_subnet_group.replica",
            "module.rds_module.aws_kms_key.replica_encryption_key",
            "module.rds_module.aws_rds_global_cluster.aurora_global",
            "module.rds_module.aws_subnet.replica_subnet_1",
            "module.rds_module.aws_subnet.replica_subnet_2",
            "module.rds_module.aws_vpc.replica_vpc"
          ]
        }
      ]
    },
    {
      "module": "module.rds_module",
      "mode": "managed",
      "type": "aws_rds_global_cluster",
      "name": "aurora_global",
      "provider": "module.rds_module.provider[\"registry.terraform.io/hashicorp/aws\"]",
      "instances": [
        {
          "schema_version": 0,
          "attributes": {
            "arn": "arn:aws:rds::233966445372:global-cluster:kritagya-global-cluster",
            "database_name": "",
            "deletion_protection": false,
            "engine": "aurora-mysql",
            "engine_version": "8.0.mysql_aurora.3.04.0",
            "force_destroy": null,
            "global_cluster_identifier": "kritagya-global-cluster",
            "global_cluster_members": [
              {
                "db_cluster_arn": "arn:aws:rds:eu-west-2:233966445372:cluster:kritagya-aurora-primary",
                "is_writer": true
              },
              {
                "db_cluster_arn": "arn:aws:rds:us-east-2:233966445372:cluster:kritagya-aurora-replica",
                "is_writer": false
              }
            ],
            "global_cluster_resource_id": "cluster-8314cf6da2a13405",
            "id": "kritagya-global-cluster",
            "source_db_cluster_identifier": null,
            "storage_encrypted": true
          },
          "sensitive_attributes": [],
          "private": "bnVsbA=="
        }
      ]
    },
    {
      "module": "module.rds_module",
      "mode": "managed",
      "type": "aws_subnet",
      "name": "replica_subnet_1",
      "provider": "module.rds_module.provider[\"registry.terraform.io/hashicorp/aws\"].us-east-2",
      "instances": [
        {
          "schema_version": 1,
          "attributes": {
            "arn": "arn:aws:ec2:us-east-2:233966445372:subnet/subnet-05eca52cb55b881a7",
            "assign_ipv6_address_on_creation": false,
            "availability_zone": "us-east-2a",
            "availability_zone_id": "use2-az1",
            "cidr_block": "10.1.1.0/24",
            "customer_owned_ipv4_pool": "",
            "enable_dns64": false,
            "enable_resource_name_dns_a_record_on_launch": false,
            "enable_resource_name_dns_aaaa_record_on_launch": false,
            "id": "subnet-05eca52cb55b881a7",
            "ipv6_cidr_block": "",
            "ipv6_cidr_block_association_id": "",
            "ipv6_native": false,
            "map_customer_owned_ip_on_launch": false,
            "map_public_ip_on_launch": false,
            "outpost_arn": "",
            "owner_id": "233966445372",
            "private_dns_hostname_type_on_launch": "ip-name",
            "tags": {
              "Name": "Replica Subnet 1"
            },
            "tags_all": {
              "Name": "Replica Subnet 1"
            },
            "timeouts": null,
            "vpc_id": "vpc-049a5262c4c00af1a"
          },
          "sensitive_attributes": [],
          "private": "eyJlMmJmYjczMC1lY2FhLTExZTYtOGY4OC0zNDM2M2JjN2M0YzAiOnsiY3JlYXRlIjo2MDAwMDAwMDAwMDAsImRlbGV0ZSI6MTIwMDAwMDAwMDAwMH0sInNjaGVtYV92ZXJzaW9uIjoiMSJ9",
          "dependencies": [
            "module.rds_module.aws_vpc.replica_vpc"
          ]
        }
      ]
    },
    {
      "module": "module.rds_module",
      "mode": "managed",
      "type": "aws_subnet",
      "name": "replica_subnet_2",
      "provider": "module.rds_module.provider[\"registry.terraform.io/hashicorp/aws\"].us-east-2",
      "instances": [
        {
          "schema_version": 1,
          "attributes": {
            "arn": "arn:aws:ec2:us-east-2:233966445372:subnet/subnet-04d59678e32934b93",
            "assign_ipv6_address_on_creation": false,
            "availability_zone": "us-east-2b",
            "availability_zone_id": "use2-az2",
            "cidr_block": "10.1.2.0/24",
            "customer_owned_ipv4_pool": "",
            "enable_dns64": false,
            "enable_resource_name_dns_a_record_on_launch": false,
            "enable_resource_name_dns_aaaa_record_on_launch": false,
            "id": "subnet-04d59678e32934b93",
            "ipv6_cidr_block": "",
            "ipv6_cidr_block_association_id": "",
            "ipv6_native": false,
            "map_customer_owned_ip_on_launch": false,
            "map_public_ip_on_launch": false,
            "outpost_arn": "",
            "owner_id": "233966445372",
            "private_dns_hostname_type_on_launch": "ip-name",
            "tags": {
              "Name": "Replica Subnet 2"
            },
            "tags_all": {
              "Name": "Replica Subnet 2"
            },
            "timeouts": null,
            "vpc_id": "vpc-049a5262c4c00af1a"
          },
          "sensitive_attributes": [],
          "private": "eyJlMmJmYjczMC1lY2FhLTExZTYtOGY4OC0zNDM2M2JjN2M0YzAiOnsiY3JlYXRlIjo2MDAwMDAwMDAwMDAsImRlbGV0ZSI6MTIwMDAwMDAwMDAwMH0sInNjaGVtYV92ZXJzaW9uIjoiMSJ9",
          "dependencies": [
            "module.rds_module.aws_vpc.replica_vpc"
          ]
        }
      ]
    },
    {
      "module": "module.rds_module",
      "mode": "managed",
      "type": "aws_vpc",
      "name": "replica_vpc",
      "provider": "module.rds_module.provider[\"registry.terraform.io/hashicorp/aws\"].us-east-2",
      "instances": [
        {
          "schema_version": 1,
          "attributes": {
            "arn": "arn:aws:ec2:us-east-2:233966445372:vpc/vpc-049a5262c4c00af1a",
            "assign_generated_ipv6_cidr_block": false,
            "cidr_block": "10.1.0.0/16",
            "default_network_acl_id": "acl-004d2be0b1eef429d",
            "default_route_table_id": "rtb-0cb42f70606b87e3e",
            "default_security_group_id": "sg-00e3a88363c759c3d",
            "dhcp_options_id": "dopt-07fed01e3c4dc1891",
            "enable_classiclink": false,
            "enable_classiclink_dns_support": false,
            "enable_dns_hostnames": false,
            "enable_dns_support": true,
            "id": "vpc-049a5262c4c00af1a",
            "instance_tenancy": "default",
            "ipv4_ipam_pool_id": null,
            "ipv4_netmask_length": null,
            "ipv6_association_id": "",
            "ipv6_cidr_block": "",
            "ipv6_cidr_block_network_border_group": "",
            "ipv6_ipam_pool_id": "",
            "ipv6_netmask_length": 0,
            "main_route_table_id": "rtb-0cb42f70606b87e3e",
            "owner_id": "233966445372",
            "tags": {
              "Name": "Replica VPC"
            },
            "tags_all": {
              "Name": "Replica VPC"
            }
          },
          "sensitive_attributes": [],
          "private": "eyJzY2hlbWFfdmVyc2lvbiI6IjEifQ=="
        }
      ]
    },
    {
      "module": "module.vpc",
      "mode": "managed",
      "type": "aws_subnet",
      "name": "mtc_private_subnet",
      "provider": "provider[\"registry.terraform.io/hashicorp/aws\"]",
      "instances": [
        {
          "schema_version": 1,
          "attributes": {
            "arn": "arn:aws:ec2:eu-west-2:233966445372:subnet/subnet-085c93bbd571a914c",
            "assign_ipv6_address_on_creation": false,
            "availability_zone": "eu-west-2a",
            "availability_zone_id": "euw2-az2",
            "cidr_block": "10.123.3.0/24",
            "customer_owned_ipv4_pool": "",
            "enable_dns64": false,
            "enable_resource_name_dns_a_record_on_launch": false,
            "enable_resource_name_dns_aaaa_record_on_launch": false,
            "id": "subnet-085c93bbd571a914c",
            "ipv6_cidr_block": "",
            "ipv6_cidr_block_association_id": "",
            "ipv6_native": false,
            "map_customer_owned_ip_on_launch": false,
            "map_public_ip_on_launch": false,
            "outpost_arn": "",
            "owner_id": "233966445372",
            "private_dns_hostname_type_on_launch": "ip-name",
            "tags": {
              "Name": "PrivateSubnet1"
            },
            "tags_all": {
              "Name": "PrivateSubnet1"
            },
            "timeouts": null,
            "vpc_id": "vpc-04bb75b7ce2643bb2"
          },
          "sensitive_attributes": [],
          "private": "eyJlMmJmYjczMC1lY2FhLTExZTYtOGY4OC0zNDM2M2JjN2M0YzAiOnsiY3JlYXRlIjo2MDAwMDAwMDAwMDAsImRlbGV0ZSI6MTIwMDAwMDAwMDAwMH0sInNjaGVtYV92ZXJzaW9uIjoiMSJ9",
          "dependencies": [
            "module.vpc.aws_vpc.mtc_vpc"
          ]
        }
      ]
    },
    {
      "module": "module.vpc",
      "mode": "managed",
      "type": "aws_subnet",
      "name": "mtc_public_subnet",
      "provider": "provider[\"registry.terraform.io/hashicorp/aws\"]",
      "instances": [
        {
          "schema_version": 1,
          "attributes": {
            "arn": "arn:aws:ec2:eu-west-2:233966445372:subnet/subnet-0382756903df7ef88",
            "assign_ipv6_address_on_creation": false,
            "availability_zone": "eu-west-2a",
            "availability_zone_id": "euw2-az2",
            "cidr_block": "10.123.1.0/24",
            "customer_owned_ipv4_pool": "",
            "enable_dns64": false,
            "enable_resource_name_dns_a_record_on_launch": false,
            "enable_resource_name_dns_aaaa_record_on_launch": false,
            "id": "subnet-0382756903df7ef88",
            "ipv6_cidr_block": "",
            "ipv6_cidr_block_association_id": "",
            "ipv6_native": false,
            "map_customer_owned_ip_on_launch": false,
            "map_public_ip_on_launch": true,
            "outpost_arn": "",
            "owner_id": "233966445372",
            "private_dns_hostname_type_on_launch": "ip-name",
            "tags": {
              "Name": "PublicSubnet1"
            },
            "tags_all": {
              "Name": "PublicSubnet1"
            },
            "timeouts": null,
            "vpc_id": "vpc-04bb75b7ce2643bb2"
          },
          "sensitive_attributes": [],
          "private": "eyJlMmJmYjczMC1lY2FhLTExZTYtOGY4OC0zNDM2M2JjN2M0YzAiOnsiY3JlYXRlIjo2MDAwMDAwMDAwMDAsImRlbGV0ZSI6MTIwMDAwMDAwMDAwMH0sInNjaGVtYV92ZXJzaW9uIjoiMSJ9",
          "dependencies": [
            "module.vpc.aws_vpc.mtc_vpc"
          ]
        }
      ]
    },
    {
      "module": "module.vpc",
      "mode": "managed",
      "type": "aws_subnet",
      "name": "mtc_public_subnet_2",
      "provider": "provider[\"registry.terraform.io/hashicorp/aws\"]",
      "instances": [
        {
          "schema_version": 1,
          "attributes": {
            "arn": "arn:aws:ec2:eu-west-2:233966445372:subnet/subnet-0e97ffed058a0a07d",
            "assign_ipv6_address_on_creation": false,
            "availability_zone": "eu-west-2b",
            "availability_zone_id": "euw2-az3",
            "cidr_block": "10.123.2.0/24",
            "customer_owned_ipv4_pool": "",
            "enable_dns64": false,
            "enable_resource_name_dns_a_record_on_launch": false,
            "enable_resource_name_dns_aaaa_record_on_launch": false,
            "id": "subnet-0e97ffed058a0a07d",
            "ipv6_cidr_block": "",
            "ipv6_cidr_block_association_id": "",
            "ipv6_native": false,
            "map_customer_owned_ip_on_launch": false,
            "map_public_ip_on_launch": true,
            "outpost_arn": "",
            "owner_id": "233966445372",
            "private_dns_hostname_type_on_launch": "ip-name",
            "tags": {
              "Name": "PublicSubnet2"
            },
            "tags_all": {
              "Name": "PublicSubnet2"
            },
            "timeouts": null,
            "vpc_id": "vpc-04bb75b7ce2643bb2"
          },
          "sensitive_attributes": [],
          "private": "eyJlMmJmYjczMC1lY2FhLTExZTYtOGY4OC0zNDM2M2JjN2M0YzAiOnsiY3JlYXRlIjo2MDAwMDAwMDAwMDAsImRlbGV0ZSI6MTIwMDAwMDAwMDAwMH0sInNjaGVtYV92ZXJzaW9uIjoiMSJ9",
          "dependencies": [
            "module.vpc.aws_vpc.mtc_vpc"
          ]
        }
      ]
    },
    {
      "module": "module.vpc",
      "mode": "managed",
      "type": "aws_vpc",
      "name": "mtc_vpc",
      "provider": "provider[\"registry.terraform.io/hashicorp/aws\"]",
      "instances": [
        {
          "schema_version": 1,
          "attributes": {
            "arn": "arn:aws:ec2:eu-west-2:233966445372:vpc/vpc-04bb75b7ce2643bb2",
            "assign_generated_ipv6_cidr_block": false,
            "cidr_block": "10.123.0.0/16",
            "default_network_acl_id": "acl-0a05f5ccbb3ac8abb",
            "default_route_table_id": "rtb-00144d34c2e363ac9",
            "default_security_group_id": "sg-024ecceeb0a452fbb",
            "dhcp_options_id": "dopt-08ab0288eb8df5f53",
            "enable_classiclink": false,
            "enable_classiclink_dns_support": false,
            "enable_dns_hostnames": true,
            "enable_dns_support": true,
            "id": "vpc-04bb75b7ce2643bb2",
            "instance_tenancy": "default",
            "ipv4_ipam_pool_id": null,
            "ipv4_netmask_length": null,
            "ipv6_association_id": "",
            "ipv6_cidr_block": "",
            "ipv6_cidr_block_network_border_group": "",
            "ipv6_ipam_pool_id": "",
            "ipv6_netmask_length": 0,
            "main_route_table_id": "rtb-00144d34c2e363ac9",
            "owner_id": "233966445372",
            "tags": {
              "Name": "TerraformVPC"
            },
            "tags_all": {
              "Name": "TerraformVPC"
            }
          },
          "sensitive_attributes": [],
          "private": "eyJzY2hlbWFfdmVyc2lvbiI6IjEifQ=="
        }
      ]
    }
  ],
  "check_results": null
}
