{
  "version": 4,
  "terraform_version": "1.10.5",
  "serial": 3874,
  "lineage": "1b003695-6874-2a42-e7f0-b9bc0757bce0",
  "outputs": {
    "private_subnet_1_id": {
      "value": "subnet-04301a13ca8156710",
      "type": "string"
    },
    "public_subnet2_cidr_block": {
      "value": "10.123.2.0/24",
      "type": "string"
    },
    "public_subnet_1_id": {
      "value": "subnet-0ba82bf06bbaa6879",
      "type": "string"
    },
    "public_subnet_2_id": {
      "value": "subnet-0d6de0f5a841f0dfc",
      "type": "string"
    },
    "vpc2_id": {
      "value": "vpc-0e0074bef4592127e",
      "type": "string"
    },
    "vpc_1_cidr": {
      "value": "10.123.0.0/16",
      "type": "string"
    },
    "vpc_2_cidr": {
      "value": "192.168.0.0/16",
      "type": "string"
    },
    "vpc_id": {
      "value": "vpc-07c1a54015ce2d474",
      "type": "string"
    }
  },
  "resources": [
    {
      "module": "module.cloudwatch",
      "mode": "managed",
      "type": "aws_cloudwatch_log_group",
      "name": "yada",
      "provider": "provider[\"registry.terraform.io/hashicorp/aws\"]",
      "instances": [
        {
          "schema_version": 0,
          "attributes": {
            "arn": "arn:aws:logs:eu-west-2:233966445372:log-group:Yada",
            "id": "Yada",
            "kms_key_id": "",
            "name": "Yada",
            "name_prefix": null,
            "retention_in_days": 0,
            "tags": {
              "Application": "serviceA",
              "Environment": "production"
            },
            "tags_all": {
              "Application": "serviceA",
              "Environment": "production"
            }
          },
          "sensitive_attributes": [],
          "private": "bnVsbA=="
        }
      ]
    },
    {
      "module": "module.cloudwatch",
      "mode": "managed",
      "type": "aws_cloudwatch_metric_alarm",
      "name": "read_capacity_alarm",
      "provider": "provider[\"registry.terraform.io/hashicorp/aws\"]",
      "instances": [
        {
          "schema_version": 1,
          "attributes": {
            "actions_enabled": true,
            "alarm_actions": [],
            "alarm_description": "This metric monitors DynamoDB read capacity usage",
            "alarm_name": "terraform-test-read-capacity",
            "arn": "arn:aws:cloudwatch:eu-west-2:233966445372:alarm:terraform-test-read-capacity",
            "comparison_operator": "LessThanThreshold",
            "datapoints_to_alarm": 0,
            "dimensions": {},
            "evaluate_low_sample_count_percentiles": "",
            "evaluation_periods": 5,
            "extended_statistic": "",
            "id": "terraform-test-read-capacity",
            "insufficient_data_actions": [],
            "metric_name": "ConsumedReadCapacityUnits",
            "metric_query": [],
            "namespace": "AWS/DynamoDB",
            "ok_actions": [],
            "period": 60,
            "statistic": "Average",
            "tags": {},
            "tags_all": {},
            "threshold": 50,
            "threshold_metric_id": "",
            "treat_missing_data": "missing",
            "unit": ""
          },
          "sensitive_attributes": [],
          "private": "eyJzY2hlbWFfdmVyc2lvbiI6IjEifQ=="
        }
      ]
    },
    {
      "module": "module.cloudwatch",
      "mode": "managed",
      "type": "aws_cloudwatch_metric_alarm",
      "name": "write_capacity_alarm",
      "provider": "provider[\"registry.terraform.io/hashicorp/aws\"]",
      "instances": [
        {
          "schema_version": 1,
          "attributes": {
            "actions_enabled": true,
            "alarm_actions": [],
            "alarm_description": "This metric monitors DynamoDB write capacity usage",
            "alarm_name": "terraform-test-write-capacity",
            "arn": "arn:aws:cloudwatch:eu-west-2:233966445372:alarm:terraform-test-write-capacity",
            "comparison_operator": "LessThanThreshold",
            "datapoints_to_alarm": 0,
            "dimensions": {},
            "evaluate_low_sample_count_percentiles": "",
            "evaluation_periods": 5,
            "extended_statistic": "",
            "id": "terraform-test-write-capacity",
            "insufficient_data_actions": [],
            "metric_name": "ConsumedWriteCapacityUnits",
            "metric_query": [],
            "namespace": "AWS/DynamoDB",
            "ok_actions": [],
            "period": 60,
            "statistic": "Average",
            "tags": {},
            "tags_all": {},
            "threshold": 50,
            "threshold_metric_id": "",
            "treat_missing_data": "missing",
            "unit": ""
          },
          "sensitive_attributes": [],
          "private": "eyJzY2hlbWFfdmVyc2lvbiI6IjEifQ=="
        }
      ]
    },
    {
      "module": "module.ec2",
      "mode": "data",
      "type": "aws_ami",
      "name": "ubuntu_ami",
      "provider": "provider[\"registry.terraform.io/hashicorp/aws\"]",
      "instances": [
        {
          "schema_version": 0,
          "attributes": {
            "architecture": "x86_64",
            "arn": "arn:aws:ec2:eu-west-2::image/ami-0fef583e486727263",
            "block_device_mappings": [
              {
                "device_name": "/dev/sda1",
                "ebs": {
                  "delete_on_termination": "true",
                  "encrypted": "false",
                  "iops": "0",
                  "snapshot_id": "snap-0350df490e829a935",
                  "throughput": "0",
                  "volume_size": "8",
                  "volume_type": "gp2"
                },
                "no_device": "",
                "virtual_name": ""
              },
              {
                "device_name": "/dev/sdb",
                "ebs": {},
                "no_device": "",
                "virtual_name": "ephemeral0"
              },
              {
                "device_name": "/dev/sdc",
                "ebs": {},
                "no_device": "",
                "virtual_name": "ephemeral1"
              }
            ],
            "creation_date": "2025-03-27T06:51:40.000Z",
            "description": "Canonical, Ubuntu, 22.04, amd64 jammy image",
            "ena_support": true,
            "executable_users": null,
            "filter": [
              {
                "name": "name",
                "values": [
                  "ubuntu/images/hvm-ssd/ubuntu-jammy-22.04-amd64-server-*"
                ]
              }
            ],
            "hypervisor": "xen",
            "id": "ami-0fef583e486727263",
            "image_id": "ami-0fef583e486727263",
            "image_location": "amazon/ubuntu/images/hvm-ssd/ubuntu-jammy-22.04-amd64-server-20250327",
            "image_owner_alias": "amazon",
            "image_type": "machine",
            "kernel_id": null,
            "most_recent": true,
            "name": "ubuntu/images/hvm-ssd/ubuntu-jammy-22.04-amd64-server-20250327",
            "name_regex": null,
            "owner_id": "099720109477",
            "owners": [
              "099720109477"
            ],
            "platform": null,
            "platform_details": "Linux/UNIX",
            "product_codes": [],
            "public": true,
            "ramdisk_id": null,
            "root_device_name": "/dev/sda1",
            "root_device_type": "ebs",
            "root_snapshot_id": "snap-0350df490e829a935",
            "sriov_net_support": "simple",
            "state": "available",
            "state_reason": {
              "code": "UNSET",
              "message": "UNSET"
            },
            "tags": {},
            "usage_operation": "RunInstances",
            "virtualization_type": "hvm"
          },
          "sensitive_attributes": []
        }
      ]
    },
    {
      "module": "module.ec2",
      "mode": "managed",
      "type": "aws_instance",
      "name": "example",
      "provider": "provider[\"registry.terraform.io/hashicorp/aws\"]",
      "instances": [
        {
          "schema_version": 1,
          "attributes": {
            "ami": "ami-0fef583e486727263",
            "arn": "arn:aws:ec2:eu-west-2:233966445372:instance/i-052464e05ed5392c2",
            "associate_public_ip_address": true,
            "availability_zone": "eu-west-2b",
            "capacity_reservation_specification": [
              {
                "capacity_reservation_preference": "open",
                "capacity_reservation_target": []
              }
            ],
            "cpu_core_count": 1,
            "cpu_threads_per_core": 1,
            "credit_specification": [
              {
                "cpu_credits": "standard"
              }
            ],
            "disable_api_termination": false,
            "ebs_block_device": [],
            "ebs_optimized": false,
            "enclave_options": [
              {
                "enabled": false
              }
            ],
            "ephemeral_block_device": [],
            "get_password_data": false,
            "hibernation": false,
            "host_id": null,
            "iam_instance_profile": "",
            "id": "i-052464e05ed5392c2",
            "instance_initiated_shutdown_behavior": "stop",
            "instance_state": "running",
            "instance_type": "t2.micro",
            "ipv6_address_count": 0,
            "ipv6_addresses": [],
            "key_name": "KeyEC2",
            "launch_template": [],
            "metadata_options": [
              {
                "http_endpoint": "enabled",
                "http_put_response_hop_limit": 1,
                "http_tokens": "optional",
                "instance_metadata_tags": "disabled"
              }
            ],
            "monitoring": false,
            "network_interface": [],
            "outpost_arn": "",
            "password_data": "",
            "placement_group": "",
            "placement_partition_number": null,
            "primary_network_interface_id": "eni-076c43bcc5d55b302",
            "private_dns": "ip-10-123-2-53.eu-west-2.compute.internal",
            "private_ip": "10.123.2.53",
            "public_dns": "ec2-18-175-191-220.eu-west-2.compute.amazonaws.com",
            "public_ip": "18.175.191.220",
            "root_block_device": [
              {
                "delete_on_termination": true,
                "device_name": "/dev/sda1",
                "encrypted": false,
                "iops": 3000,
                "kms_key_id": "",
                "tags": {},
                "throughput": 125,
                "volume_id": "vol-0e687c9812d3a80c2",
                "volume_size": 20,
                "volume_type": "gp3"
              }
            ],
            "secondary_private_ips": [],
            "security_groups": [],
            "source_dest_check": true,
            "subnet_id": "subnet-0d6de0f5a841f0dfc",
            "tags": {
              "Name": "tf-example"
            },
            "tags_all": {
              "Name": "tf-example"
            },
            "tenancy": "default",
            "timeouts": null,
            "user_data": "7215ad56c8d057d9ad8e56a49201d95bcbae897d",
            "user_data_base64": null,
            "volume_tags": null,
            "vpc_security_group_ids": [
              "sg-06bcd726bd1f9c778"
            ]
          },
          "sensitive_attributes": [
            [
              {
                "type": "get_attr",
                "value": "user_data"
              }
            ]
          ],
          "private": "eyJlMmJmYjczMC1lY2FhLTExZTYtOGY4OC0zNDM2M2JjN2M0YzAiOnsiY3JlYXRlIjo2MDAwMDAwMDAwMDAsImRlbGV0ZSI6MTIwMDAwMDAwMDAwMCwidXBkYXRlIjo2MDAwMDAwMDAwMDB9LCJzY2hlbWFfdmVyc2lvbiI6IjEifQ==",
          "dependencies": [
            "module.ec2.aws_security_group.example_sg",
            "module.ec2.data.aws_ami.ubuntu_ami",
            "module.vpc.aws_subnet.mtc_public_subnet_2",
            "module.vpc.aws_vpc.mtc_vpc"
          ]
        }
      ]
    },
    {
      "module": "module.ec2",
      "mode": "managed",
      "type": "aws_key_pair",
      "name": "example",
      "provider": "provider[\"registry.terraform.io/hashicorp/aws\"]",
      "instances": [
        {
          "schema_version": 1,
          "attributes": {
            "arn": "arn:aws:ec2:eu-west-2:233966445372:key-pair/KeyEC2",
            "fingerprint": "f7:45:d6:be:85:c3:4b:5a:81:01:5e:d2:cb:60:55:f6",
            "id": "KeyEC2",
            "key_name": "KeyEC2",
            "key_name_prefix": "",
            "key_pair_id": "key-000c6e309319858a8",
            "public_key": "ssh-rsa AAAAB3NzaC1yc2EAAAADAQABAAACAQD7d1NVPQnYcKgao/1Couz7/Q1u400UMrpwsPd/EmF5tjlzNs5zPoZRe2F6sdZaeBur5HI2VwOLhAeTlaT0iYBV264FQmwmjJbgXADV9hNUp5EvO+qpfX6zwkju8+xOdU/c7qcM0H3P+L87vUhtaJtVZ7VfFtwu8oup1lk3pPj7C9Hz88zwVqeE/3R2ZbcZF76FR1VQa0umwZh79ccFRUDdgXBeztuaHZo7JAZFUdcA0gNFvCaO0Q2BCGPDyATwJgclWmEJcxmJ1ztkYH+jT6JVvWQJtser9Jn71ip8KmzLkAfH2lRLtZ9cH9a8npJ1C48QWay6bkstw+fLfvqmv6ol75Sk1plO9wQE+Q3jelh72mDm/AUQOuK0iYsKe2kWkYqoxwK0VuaS86ocs0N9nAjI0ncCoVCsqLomt4ldnFNRUJLK2vFayIjMtxGB2OJ5uzpXyIFCMq0DmSDaIRPRT7jdQpR+RImJLNGiNwdfX7o7TsNCzNTRwCXo70EX0t37g66/tQJdpP8C09AiONgB/fRdhZAGdsR4LYIaB2DLsehzXCCLvN7AdaAUyOnN3uSDC43m0qALB3UtywaAB10BLT7XWi+Xh+mrXnvTBaDWcIrgw35CXxoZsjaLUkyxBta8NcA3SXtjRDVJpXpcWYwA6g9pT4eHutHS+2cJ2/ZG5+7tTQ==",
            "tags": {},
            "tags_all": {}
          },
          "sensitive_attributes": [],
          "private": "eyJzY2hlbWFfdmVyc2lvbiI6IjEifQ==",
          "dependencies": [
            "module.ec2.tls_private_key.example"
          ]
        }
      ]
    },
    {
      "module": "module.ec2",
      "mode": "managed",
      "type": "aws_security_group",
      "name": "example_sg",
      "provider": "provider[\"registry.terraform.io/hashicorp/aws\"]",
      "instances": [
        {
          "schema_version": 1,
          "attributes": {
            "arn": "arn:aws:ec2:eu-west-2:233966445372:security-group/sg-06bcd726bd1f9c778",
            "description": "Allow SSH, HTTP, and HTTPS",
            "egress": [
              {
                "cidr_blocks": [
                  "0.0.0.0/0"
                ],
                "description": "",
                "from_port": 0,
                "ipv6_cidr_blocks": [],
                "prefix_list_ids": [],
                "protocol": "-1",
                "security_groups": [],
                "self": false,
                "to_port": 0
              }
            ],
            "id": "sg-06bcd726bd1f9c778",
            "ingress": [
              {
                "cidr_blocks": [
                  "0.0.0.0/0"
                ],
                "description": "",
                "from_port": 22,
                "ipv6_cidr_blocks": [],
                "prefix_list_ids": [],
                "protocol": "tcp",
                "security_groups": [],
                "self": false,
                "to_port": 22
              },
              {
                "cidr_blocks": [
                  "0.0.0.0/0"
                ],
                "description": "",
                "from_port": 443,
                "ipv6_cidr_blocks": [],
                "prefix_list_ids": [],
                "protocol": "tcp",
                "security_groups": [],
                "self": false,
                "to_port": 443
              },
              {
                "cidr_blocks": [
                  "0.0.0.0/0"
                ],
                "description": "",
                "from_port": 80,
                "ipv6_cidr_blocks": [],
                "prefix_list_ids": [],
                "protocol": "tcp",
                "security_groups": [],
                "self": false,
                "to_port": 80
              }
            ],
            "name": "example-sg",
            "name_prefix": "",
            "owner_id": "233966445372",
            "revoke_rules_on_delete": false,
            "tags": {},
            "tags_all": {},
            "timeouts": null,
            "vpc_id": "vpc-07c1a54015ce2d474"
          },
          "sensitive_attributes": [],
          "private": "eyJlMmJmYjczMC1lY2FhLTExZTYtOGY4OC0zNDM2M2JjN2M0YzAiOnsiY3JlYXRlIjo2MDAwMDAwMDAwMDAsImRlbGV0ZSI6OTAwMDAwMDAwMDAwfSwic2NoZW1hX3ZlcnNpb24iOiIxIn0=",
          "dependencies": [
            "module.vpc.aws_vpc.mtc_vpc"
          ]
        }
      ]
    },
    {
      "module": "module.ec2",
      "mode": "managed",
      "type": "local_file",
      "name": "private_key",
      "provider": "provider[\"registry.terraform.io/hashicorp/local\"]",
      "instances": [
        {
          "schema_version": 0,
          "attributes": {
            "content": "-----BEGIN RSA PRIVATE KEY-----\nMIIJKAIBAAKCAgEA+3dTVT0J2HCoGqP9QqLs+/0NbuNNFDK6cLD3fxJhebY5czbO\ncz6GUXtherHWWngbq+RyNlcDi4QHk5Wk9ImAVduuBUJsJoyW4FwA1fYTVKeRLzvq\nqX1+s8JI7vPsTnVP3O6nDNB9z/i/O71IbWibVWe1XxbcLvKLqdZZN6T4+wvR8/PM\n8FanhP90dmW3GRe+hUdVUGtLpsGYe/XHBUVA3YFwXs7bmh2aOyQGRVHXANIDRbwm\njtENgQhjw8gE8CYHJVphCXMZidc7ZGB/o0+iVb1kCbbHq/SZ+9YqfCpsy5AHx9pU\nS7WfXB/WvJ6SdQuPEFmsum5LLcPny376pr+qJe+UpNaZTvcEBPkN43pYe9pg5vwF\nEDritImLCntpFpGKqMcCtFbmkvOqHLNDfZwIyNJ3AqFQrKi6JreJXZxTUVCSytrx\nWsiIzLcRgdjiebs6V8iBQjKtA5kg2iET0U+43UKUfkSJiSzRojcHX1+6O07DQszU\n0cAl6O9BF9Ld+4Ouv7UCXaT/AtPQIjjYAf30XYWQBnbEeC2CGgdgy7Hoc1wgi7ze\nwHWgFMjpzd7kgwuN5tKgCwd1LcsGgAddAS0+11ovl4fpq1570wWg1nCK4MN+Ql8a\nGbI2i1JMsQbWvDXAN0l7Y0Q1SaV6XFmMAOoPaU+Hh7rR0vtnCdv2Rufu7U0CAwEA\nAQKCAgAq5NjPImFKjTTvjmeF9VqtRSYEcztTpa+Nx3IAN/dulnnIQGII4HJy9bPU\nBP/GYNR/hrFAuaj+JGBSeWUw3T+J5bYSaZkfHj4iOS9fT+FOQGMQhozpqmFxckOU\nlwEJBRPBYOgX1HyRfCHKo+f12bEdaVpTxQd77p2KM+j2B+r8j7CZh02+9VkP469O\n/tyzqAw0mc1gsVyvLji/dFYlfQGqhwjO80QcTs5fJi73phUhq7EpNQXyuJAwIWk7\nHSRSfnobkgYZYYvKqm8UGS3MgqnzLCIjUg1PNKMLhSWsFmSGeKQLIB/e5jUvtrKf\nbAEZfAZESLeg+W1TeiZQ3PEOfoUcKumoU0aD3u/4aoTpUkpBZki5qfRiSwrsgUij\nkS+T8b9HQmessGjJCu3djZitngZfDbElsEunzm/ZCd3PmhrdwZPYz8uyUO2DHeDi\nF6xGXqaQADeY1gHi0STdHe3EJEneYYYSyDdAAtLJbXN1fllVRLA6+N1no7iQ9zdq\nGb5j8F6VzOuPf/1FPYRyu8X6twMNj9LKjhtRhhKdGIqBDqrGlAytlU59klJDTwvO\nsmrTukGfQsZzNi78hnjeS4gkpJWcU1S6GRc/ZbHxJunD9FgA7Bii1gKvsH9ektcw\nOqoRCmkWHlDZKBtkoqL2w12mv1eOMKEyuMJVfC+cy7a6uQfm9QKCAQEA/ju91M22\niFNAnW9RXE5z6imF5xA1AZFSZU46xMfn2qhZgoLu95XAGTXWRW644RF0JJWtCbNY\nhtNlcbhhnICfZA8gMgOR+8FiwA+lwswN7XOGuUWpITQpRUpP4i32CxwiEYaXh5mU\nB86X71qRPY43oUfV3korFZuhlAtvVZHI0/19ppV0a4nRI07/Pa9nximd6u5r2Vwn\nXKUhP4GsGpFF3y5tZAQNkVK2U0ygfUZ34ovkuAvQtJOCVfTwcXhMlW4CoAjzyZx/\n75nhxJn/8yqSwSeg4H9iFkn1keCR5K0p38g1UPAachfqVXY4n9wyif0+H+lQekZ9\nZOVpzbv8nd5GbwKCAQEA/TapSvb2/9W4O4dmSC9dgOtIkC5C3CHr/sro6FHI8GGK\n1oLzsoA3agRUFv0dEBAnFW4GErHSZr838o4a/CvTR3WqcGZZyfdXwBfGl+B3sM9A\neTNgJdBP8Q3t6V5movu0lmBy+LSv3sJRm7iN4ViEmsjEUPr8vqRHCmjPR0+YL1ku\nML6QJ0fHKcR647FOAbUSZAGpQBexZkKZNxViBTgNBQ7X+bnFcfdF7SZU7LNQf+20\n954Bp4ngpMiJsOfK/tw8vZuOv4e2yAw4Lcrjct2zEJ2CFW9rh+KfLoIsPFSVsPKo\n7RhE+X2DQ9eubG9ucm4N9hWKRBHSJwbKI3Gs7OqGAwKCAQBnLA9poOIGiOKcAWTf\nNOdNi/RPRQB91l+9xPWMjiPFVLSehkw8JYWDtZlzK+/TRqX/gs5qNWIjtP5iHBVg\n0cHddVX3dgN0S5Krpq36U50DU/LElUSBuQ1WlUW94DENaSlaO2ibGvQ8BtcZx4NR\nm7lvthtQzoCVkEcOMWXJMBR0E1c+l0Bbs94vmgtzGQ/gF1uCz6bs2r0Ol+TaROF3\nFqVoYQr7n7lx1EMxotMug757LZJwLjtQTNyDzZcWNV++9JoUIA3vL5erwKMiieyY\n3hoYUOC0un0v1mvV+3C5gJyRuEoKwqW4z4PFkuh/13ibDy56/NAwDxMsMv2xBC0M\nU/v5AoIBAQDBc0JRYG6CNDCFYkNVQMKJ3LdaV82CynO2/CSGYP1IEO12RyORqv0r\nBNWNnqDWhdCmQaFoJOyezNYcfE7He1/2B0JIjxloAIzM2B1EKRyoOx6BuitpmEWK\n31503UdCm1RzUopj0f9PC1w3wP68O9lLO7koOShhKbaQkFRToc6d1d9BJEWTjPXu\nxgow7GOxUDoVp2M78R36B0Vw3Og/Hnxr8dQ1GKVtFUIaFR/qmnAU3HFWgCO5cM/s\ndL0lJ2Fh5raNEUw0raWKHjPJYGj2d8P3HK6mW7JmZU/Bw3eyO9kFD87ZHKKNjUN8\n0EmU1GkoCUanS/uPV6IbaMeD3rQDaIUrAoIBAD3i+8c0u6nimFmLm2wpGAZeiG0u\ncajImvWJDzR1uXVt+3Kz8/AySwT/6mAQYZDMnT0GtomukioTv7nX64h+X9wlSDaZ\n0AUrpfrh74reZ0tLTqPuDeEZoYe6al/x6qs82nqhj2ub1cUjKbc+wzj4Uo0TW15V\nbvq0kOE4jye8WxLl4UBYCgvZQMWpnPIlDMevnrrVADLzXLbW2jVjUkkJ9mEzSr+Z\nCJdcaNb9qjKThxnlIyONHJqz1Bt5HoMfKKX84DjPBRWfeWhZAHgXC4joVGXjYdNj\nj9gM4RsRZhazLDVbIbk6pOEEgt3KELQzDeTHIh5FundBqZ+dWkkCUNkfVwQ=\n-----END RSA PRIVATE KEY-----\n",
            "content_base64": null,
            "content_base64sha256": "Bysqp4XTmiyYiFU1Os+AOT97AAeoXAfIJYJFHNS50HQ=",
            "content_base64sha512": "cw6YswQfsbHDZC9p4Y0g92Ut3hG8UyO8Vcgg9aOWM7WVl0bCPs92+39FvaYoyhX+nLHGdglxWguJ7roVu6Knlg==",
            "content_md5": "7330dcbde045a7802ed5175bb881ed59",
            "content_sha1": "88b7c1cbd772c8423927287e49981a4704f4e32f",
            "content_sha256": "072b2aa785d39a2c988855353acf80393f7b0007a85c07c82582451cd4b9d074",
            "content_sha512": "730e98b3041fb1b1c3642f69e18d20f7652dde11bc5323bc55c820f5a39633b5959746c23ecf76fb7f45bda628ca15fe9cb1c67609715a0b89eeba15bba2a796",
            "directory_permission": "0777",
            "file_permission": "0600",
            "filename": "ec2_module/KeyEC2.pem",
            "id": "88b7c1cbd772c8423927287e49981a4704f4e32f",
            "sensitive_content": null,
            "source": null
          },
          "sensitive_attributes": [
            [
              {
                "type": "get_attr",
                "value": "content"
              }
            ],
            [
              {
                "type": "get_attr",
                "value": "sensitive_content"
              }
            ]
          ],
          "dependencies": [
            "module.ec2.tls_private_key.example"
          ]
        }
      ]
    },
    {
      "module": "module.ec2",
      "mode": "managed",
      "type": "tls_private_key",
      "name": "example",
      "provider": "provider[\"registry.terraform.io/hashicorp/tls\"]",
      "instances": [
        {
          "schema_version": 1,
          "attributes": {
            "algorithm": "RSA",
            "ecdsa_curve": "P224",
            "id": "7b5d6bac0e5123f43682b51015821049613ff014",
            "private_key_openssh": "-----BEGIN OPENSSH PRIVATE KEY-----\nb3BlbnNzaC1rZXktdjEAAAAABG5vbmUAAAAEbm9uZQAAAAAAAAABAAACFwAAAAdz\nc2gtcnNhAAAAAwEAAQAAAgEA+3dTVT0J2HCoGqP9QqLs+/0NbuNNFDK6cLD3fxJh\nebY5czbOcz6GUXtherHWWngbq+RyNlcDi4QHk5Wk9ImAVduuBUJsJoyW4FwA1fYT\nVKeRLzvqqX1+s8JI7vPsTnVP3O6nDNB9z/i/O71IbWibVWe1XxbcLvKLqdZZN6T4\n+wvR8/PM8FanhP90dmW3GRe+hUdVUGtLpsGYe/XHBUVA3YFwXs7bmh2aOyQGRVHX\nANIDRbwmjtENgQhjw8gE8CYHJVphCXMZidc7ZGB/o0+iVb1kCbbHq/SZ+9YqfCps\ny5AHx9pUS7WfXB/WvJ6SdQuPEFmsum5LLcPny376pr+qJe+UpNaZTvcEBPkN43pY\ne9pg5vwFEDritImLCntpFpGKqMcCtFbmkvOqHLNDfZwIyNJ3AqFQrKi6JreJXZxT\nUVCSytrxWsiIzLcRgdjiebs6V8iBQjKtA5kg2iET0U+43UKUfkSJiSzRojcHX1+6\nO07DQszU0cAl6O9BF9Ld+4Ouv7UCXaT/AtPQIjjYAf30XYWQBnbEeC2CGgdgy7Ho\nc1wgi7zewHWgFMjpzd7kgwuN5tKgCwd1LcsGgAddAS0+11ovl4fpq1570wWg1nCK\n4MN+Ql8aGbI2i1JMsQbWvDXAN0l7Y0Q1SaV6XFmMAOoPaU+Hh7rR0vtnCdv2Rufu\n7U0AAAc4mRBEcJkQRHAAAAAHc3NoLXJzYQAAAgEA+3dTVT0J2HCoGqP9QqLs+/0N\nbuNNFDK6cLD3fxJhebY5czbOcz6GUXtherHWWngbq+RyNlcDi4QHk5Wk9ImAVduu\nBUJsJoyW4FwA1fYTVKeRLzvqqX1+s8JI7vPsTnVP3O6nDNB9z/i/O71IbWibVWe1\nXxbcLvKLqdZZN6T4+wvR8/PM8FanhP90dmW3GRe+hUdVUGtLpsGYe/XHBUVA3YFw\nXs7bmh2aOyQGRVHXANIDRbwmjtENgQhjw8gE8CYHJVphCXMZidc7ZGB/o0+iVb1k\nCbbHq/SZ+9YqfCpsy5AHx9pUS7WfXB/WvJ6SdQuPEFmsum5LLcPny376pr+qJe+U\npNaZTvcEBPkN43pYe9pg5vwFEDritImLCntpFpGKqMcCtFbmkvOqHLNDfZwIyNJ3\nAqFQrKi6JreJXZxTUVCSytrxWsiIzLcRgdjiebs6V8iBQjKtA5kg2iET0U+43UKU\nfkSJiSzRojcHX1+6O07DQszU0cAl6O9BF9Ld+4Ouv7UCXaT/AtPQIjjYAf30XYWQ\nBnbEeC2CGgdgy7Hoc1wgi7zewHWgFMjpzd7kgwuN5tKgCwd1LcsGgAddAS0+11ov\nl4fpq1570wWg1nCK4MN+Ql8aGbI2i1JMsQbWvDXAN0l7Y0Q1SaV6XFmMAOoPaU+H\nh7rR0vtnCdv2Rufu7U0AAAADAQABAAACACrk2M8iYUqNNO+OZ4X1Wq1FJgRzO1Ol\nr43HcgA3926WechAYgjgcnL1s9QE/8Zg1H+GsUC5qP4kYFJ5ZTDdP4nlthJpmR8e\nPiI5L19P4U5AYxCGjOmqYXFyQ5SXAQkFE8Fg6BfUfJF8Icqj5/XZsR1pWlPFB3vu\nnYoz6PYH6vyPsJmHTb71WQ/jr07+3LOoDDSZzWCxXK8uOL90ViV9AaqHCM7zRBxO\nzl8mLvemFSGrsSk1BfK4kDAhaTsdJFJ+ehuSBhlhi8qqbxQZLcyCqfMsIiNSDU80\nowuFJawWZIZ4pAsgH97mNS+2sp9sARl8BkRIt6D5bVN6JlDc8Q5+hRwq6ahTRoPe\n7/hqhOlSSkFmSLmp9GJLCuyBSKORL5Pxv0dCZ6ywaMkK7d2NmK2eBl8NsSWwS6fO\nb9kJ3c+aGt3Bk9jPy7JQ7YMd4OIXrEZeppAAN5jWAeLRJN0d7cQkSd5hhhLIN0AC\n0sltc3V+WVVEsDr43WejuJD3N2oZvmPwXpXM649//UU9hHK7xfq3Aw2P0sqOG1GG\nEp0YioEOqsaUDK2VTn2SUkNPC86yatO6QZ9CxnM2LvyGeN5LiCSklZxTVLoZFz9l\nsfEm6cP0WADsGKLWAq+wf16S1zA6qhEKaRYeUNkoG2SiovbDXaa/V44woTK4wlV8\nL5zLtrq5B+b1AAABAD3i+8c0u6nimFmLm2wpGAZeiG0ucajImvWJDzR1uXVt+3Kz\n8/AySwT/6mAQYZDMnT0GtomukioTv7nX64h+X9wlSDaZ0AUrpfrh74reZ0tLTqPu\nDeEZoYe6al/x6qs82nqhj2ub1cUjKbc+wzj4Uo0TW15Vbvq0kOE4jye8WxLl4UBY\nCgvZQMWpnPIlDMevnrrVADLzXLbW2jVjUkkJ9mEzSr+ZCJdcaNb9qjKThxnlIyON\nHJqz1Bt5HoMfKKX84DjPBRWfeWhZAHgXC4joVGXjYdNjj9gM4RsRZhazLDVbIbk6\npOEEgt3KELQzDeTHIh5FundBqZ+dWkkCUNkfVwQAAAEBAP47vdTNtohTQJ1vUVxO\nc+ophecQNQGRUmVOOsTH59qoWYKC7veVwBk11kVuuOERdCSVrQmzWIbTZXG4YZyA\nn2QPIDIDkfvBYsAPpcLMDe1zhrlFqSE0KUVKT+It9gscIhGGl4eZlAfOl+9akT2O\nN6FH1d5KKxWboZQLb1WRyNP9faaVdGuJ0SNO/z2vZ8Ypnerua9lcJ1ylIT+BrBqR\nRd8ubWQEDZFStlNMoH1Gd+KL5LgL0LSTglX08HF4TJVuAqAI88mcf++Z4cSZ//Mq\nksEnoOB/YhZJ9ZHgkeStKd/INVDwGnIX6lV2OJ/cMon9Ph/pUHpGfWTlac27/J3e\nRm8AAAEBAP02qUr29v/VuDuHZkgvXYDrSJAuQtwh6/7K6OhRyPBhitaC87KAN2oE\nVBb9HRAQJxVuBhKx0ma/N/KOGvwr00d1qnBmWcn3V8AXxpfgd7DPQHkzYCXQT/EN\n7eleZqL7tJZgcvi0r97CUZu4jeFYhJrIxFD6/L6kRwpoz0dPmC9ZLjC+kCdHxynE\neuOxTgG1EmQBqUAXsWZCmTcVYgU4DQUO1/m5xXH3Re0mVOyzUH/ttPeeAaeJ4KTI\nibDnyv7cPL2bjr+HtsgMOC3K43LdsxCdghVva4finy6CLDxUlbDyqO0YRPl9g0PX\nrmxvbnJuDfYVikQR0icGyiNxrOzqhgMAAAAAAQID\n-----END OPENSSH PRIVATE KEY-----\n",
            "private_key_pem": "-----BEGIN RSA PRIVATE KEY-----\nMIIJKAIBAAKCAgEA+3dTVT0J2HCoGqP9QqLs+/0NbuNNFDK6cLD3fxJhebY5czbO\ncz6GUXtherHWWngbq+RyNlcDi4QHk5Wk9ImAVduuBUJsJoyW4FwA1fYTVKeRLzvq\nqX1+s8JI7vPsTnVP3O6nDNB9z/i/O71IbWibVWe1XxbcLvKLqdZZN6T4+wvR8/PM\n8FanhP90dmW3GRe+hUdVUGtLpsGYe/XHBUVA3YFwXs7bmh2aOyQGRVHXANIDRbwm\njtENgQhjw8gE8CYHJVphCXMZidc7ZGB/o0+iVb1kCbbHq/SZ+9YqfCpsy5AHx9pU\nS7WfXB/WvJ6SdQuPEFmsum5LLcPny376pr+qJe+UpNaZTvcEBPkN43pYe9pg5vwF\nEDritImLCntpFpGKqMcCtFbmkvOqHLNDfZwIyNJ3AqFQrKi6JreJXZxTUVCSytrx\nWsiIzLcRgdjiebs6V8iBQjKtA5kg2iET0U+43UKUfkSJiSzRojcHX1+6O07DQszU\n0cAl6O9BF9Ld+4Ouv7UCXaT/AtPQIjjYAf30XYWQBnbEeC2CGgdgy7Hoc1wgi7ze\nwHWgFMjpzd7kgwuN5tKgCwd1LcsGgAddAS0+11ovl4fpq1570wWg1nCK4MN+Ql8a\nGbI2i1JMsQbWvDXAN0l7Y0Q1SaV6XFmMAOoPaU+Hh7rR0vtnCdv2Rufu7U0CAwEA\nAQKCAgAq5NjPImFKjTTvjmeF9VqtRSYEcztTpa+Nx3IAN/dulnnIQGII4HJy9bPU\nBP/GYNR/hrFAuaj+JGBSeWUw3T+J5bYSaZkfHj4iOS9fT+FOQGMQhozpqmFxckOU\nlwEJBRPBYOgX1HyRfCHKo+f12bEdaVpTxQd77p2KM+j2B+r8j7CZh02+9VkP469O\n/tyzqAw0mc1gsVyvLji/dFYlfQGqhwjO80QcTs5fJi73phUhq7EpNQXyuJAwIWk7\nHSRSfnobkgYZYYvKqm8UGS3MgqnzLCIjUg1PNKMLhSWsFmSGeKQLIB/e5jUvtrKf\nbAEZfAZESLeg+W1TeiZQ3PEOfoUcKumoU0aD3u/4aoTpUkpBZki5qfRiSwrsgUij\nkS+T8b9HQmessGjJCu3djZitngZfDbElsEunzm/ZCd3PmhrdwZPYz8uyUO2DHeDi\nF6xGXqaQADeY1gHi0STdHe3EJEneYYYSyDdAAtLJbXN1fllVRLA6+N1no7iQ9zdq\nGb5j8F6VzOuPf/1FPYRyu8X6twMNj9LKjhtRhhKdGIqBDqrGlAytlU59klJDTwvO\nsmrTukGfQsZzNi78hnjeS4gkpJWcU1S6GRc/ZbHxJunD9FgA7Bii1gKvsH9ektcw\nOqoRCmkWHlDZKBtkoqL2w12mv1eOMKEyuMJVfC+cy7a6uQfm9QKCAQEA/ju91M22\niFNAnW9RXE5z6imF5xA1AZFSZU46xMfn2qhZgoLu95XAGTXWRW644RF0JJWtCbNY\nhtNlcbhhnICfZA8gMgOR+8FiwA+lwswN7XOGuUWpITQpRUpP4i32CxwiEYaXh5mU\nB86X71qRPY43oUfV3korFZuhlAtvVZHI0/19ppV0a4nRI07/Pa9nximd6u5r2Vwn\nXKUhP4GsGpFF3y5tZAQNkVK2U0ygfUZ34ovkuAvQtJOCVfTwcXhMlW4CoAjzyZx/\n75nhxJn/8yqSwSeg4H9iFkn1keCR5K0p38g1UPAachfqVXY4n9wyif0+H+lQekZ9\nZOVpzbv8nd5GbwKCAQEA/TapSvb2/9W4O4dmSC9dgOtIkC5C3CHr/sro6FHI8GGK\n1oLzsoA3agRUFv0dEBAnFW4GErHSZr838o4a/CvTR3WqcGZZyfdXwBfGl+B3sM9A\neTNgJdBP8Q3t6V5movu0lmBy+LSv3sJRm7iN4ViEmsjEUPr8vqRHCmjPR0+YL1ku\nML6QJ0fHKcR647FOAbUSZAGpQBexZkKZNxViBTgNBQ7X+bnFcfdF7SZU7LNQf+20\n954Bp4ngpMiJsOfK/tw8vZuOv4e2yAw4Lcrjct2zEJ2CFW9rh+KfLoIsPFSVsPKo\n7RhE+X2DQ9eubG9ucm4N9hWKRBHSJwbKI3Gs7OqGAwKCAQBnLA9poOIGiOKcAWTf\nNOdNi/RPRQB91l+9xPWMjiPFVLSehkw8JYWDtZlzK+/TRqX/gs5qNWIjtP5iHBVg\n0cHddVX3dgN0S5Krpq36U50DU/LElUSBuQ1WlUW94DENaSlaO2ibGvQ8BtcZx4NR\nm7lvthtQzoCVkEcOMWXJMBR0E1c+l0Bbs94vmgtzGQ/gF1uCz6bs2r0Ol+TaROF3\nFqVoYQr7n7lx1EMxotMug757LZJwLjtQTNyDzZcWNV++9JoUIA3vL5erwKMiieyY\n3hoYUOC0un0v1mvV+3C5gJyRuEoKwqW4z4PFkuh/13ibDy56/NAwDxMsMv2xBC0M\nU/v5AoIBAQDBc0JRYG6CNDCFYkNVQMKJ3LdaV82CynO2/CSGYP1IEO12RyORqv0r\nBNWNnqDWhdCmQaFoJOyezNYcfE7He1/2B0JIjxloAIzM2B1EKRyoOx6BuitpmEWK\n31503UdCm1RzUopj0f9PC1w3wP68O9lLO7koOShhKbaQkFRToc6d1d9BJEWTjPXu\nxgow7GOxUDoVp2M78R36B0Vw3Og/Hnxr8dQ1GKVtFUIaFR/qmnAU3HFWgCO5cM/s\ndL0lJ2Fh5raNEUw0raWKHjPJYGj2d8P3HK6mW7JmZU/Bw3eyO9kFD87ZHKKNjUN8\n0EmU1GkoCUanS/uPV6IbaMeD3rQDaIUrAoIBAD3i+8c0u6nimFmLm2wpGAZeiG0u\ncajImvWJDzR1uXVt+3Kz8/AySwT/6mAQYZDMnT0GtomukioTv7nX64h+X9wlSDaZ\n0AUrpfrh74reZ0tLTqPuDeEZoYe6al/x6qs82nqhj2ub1cUjKbc+wzj4Uo0TW15V\nbvq0kOE4jye8WxLl4UBYCgvZQMWpnPIlDMevnrrVADLzXLbW2jVjUkkJ9mEzSr+Z\nCJdcaNb9qjKThxnlIyONHJqz1Bt5HoMfKKX84DjPBRWfeWhZAHgXC4joVGXjYdNj\nj9gM4RsRZhazLDVbIbk6pOEEgt3KELQzDeTHIh5FundBqZ+dWkkCUNkfVwQ=\n-----END RSA PRIVATE KEY-----\n",
            "private_key_pem_pkcs8": "-----BEGIN PRIVATE KEY-----\nMIIJQgIBADANBgkqhkiG9w0BAQEFAASCCSwwggkoAgEAAoICAQD7d1NVPQnYcKga\no/1Couz7/Q1u400UMrpwsPd/EmF5tjlzNs5zPoZRe2F6sdZaeBur5HI2VwOLhAeT\nlaT0iYBV264FQmwmjJbgXADV9hNUp5EvO+qpfX6zwkju8+xOdU/c7qcM0H3P+L87\nvUhtaJtVZ7VfFtwu8oup1lk3pPj7C9Hz88zwVqeE/3R2ZbcZF76FR1VQa0umwZh7\n9ccFRUDdgXBeztuaHZo7JAZFUdcA0gNFvCaO0Q2BCGPDyATwJgclWmEJcxmJ1ztk\nYH+jT6JVvWQJtser9Jn71ip8KmzLkAfH2lRLtZ9cH9a8npJ1C48QWay6bkstw+fL\nfvqmv6ol75Sk1plO9wQE+Q3jelh72mDm/AUQOuK0iYsKe2kWkYqoxwK0VuaS86oc\ns0N9nAjI0ncCoVCsqLomt4ldnFNRUJLK2vFayIjMtxGB2OJ5uzpXyIFCMq0DmSDa\nIRPRT7jdQpR+RImJLNGiNwdfX7o7TsNCzNTRwCXo70EX0t37g66/tQJdpP8C09Ai\nONgB/fRdhZAGdsR4LYIaB2DLsehzXCCLvN7AdaAUyOnN3uSDC43m0qALB3UtywaA\nB10BLT7XWi+Xh+mrXnvTBaDWcIrgw35CXxoZsjaLUkyxBta8NcA3SXtjRDVJpXpc\nWYwA6g9pT4eHutHS+2cJ2/ZG5+7tTQIDAQABAoICACrk2M8iYUqNNO+OZ4X1Wq1F\nJgRzO1Olr43HcgA3926WechAYgjgcnL1s9QE/8Zg1H+GsUC5qP4kYFJ5ZTDdP4nl\nthJpmR8ePiI5L19P4U5AYxCGjOmqYXFyQ5SXAQkFE8Fg6BfUfJF8Icqj5/XZsR1p\nWlPFB3vunYoz6PYH6vyPsJmHTb71WQ/jr07+3LOoDDSZzWCxXK8uOL90ViV9AaqH\nCM7zRBxOzl8mLvemFSGrsSk1BfK4kDAhaTsdJFJ+ehuSBhlhi8qqbxQZLcyCqfMs\nIiNSDU80owuFJawWZIZ4pAsgH97mNS+2sp9sARl8BkRIt6D5bVN6JlDc8Q5+hRwq\n6ahTRoPe7/hqhOlSSkFmSLmp9GJLCuyBSKORL5Pxv0dCZ6ywaMkK7d2NmK2eBl8N\nsSWwS6fOb9kJ3c+aGt3Bk9jPy7JQ7YMd4OIXrEZeppAAN5jWAeLRJN0d7cQkSd5h\nhhLIN0AC0sltc3V+WVVEsDr43WejuJD3N2oZvmPwXpXM649//UU9hHK7xfq3Aw2P\n0sqOG1GGEp0YioEOqsaUDK2VTn2SUkNPC86yatO6QZ9CxnM2LvyGeN5LiCSklZxT\nVLoZFz9lsfEm6cP0WADsGKLWAq+wf16S1zA6qhEKaRYeUNkoG2SiovbDXaa/V44w\noTK4wlV8L5zLtrq5B+b1AoIBAQD+O73UzbaIU0Cdb1FcTnPqKYXnEDUBkVJlTjrE\nx+faqFmCgu73lcAZNdZFbrjhEXQkla0Js1iG02VxuGGcgJ9kDyAyA5H7wWLAD6XC\nzA3tc4a5RakhNClFSk/iLfYLHCIRhpeHmZQHzpfvWpE9jjehR9XeSisVm6GUC29V\nkcjT/X2mlXRridEjTv89r2fGKZ3q7mvZXCdcpSE/gawakUXfLm1kBA2RUrZTTKB9\nRnfii+S4C9C0k4JV9PBxeEyVbgKgCPPJnH/vmeHEmf/zKpLBJ6Dgf2IWSfWR4JHk\nrSnfyDVQ8BpyF+pVdjif3DKJ/T4f6VB6Rn1k5WnNu/yd3kZvAoIBAQD9NqlK9vb/\n1bg7h2ZIL12A60iQLkLcIev+yujoUcjwYYrWgvOygDdqBFQW/R0QECcVbgYSsdJm\nvzfyjhr8K9NHdapwZlnJ91fAF8aX4Hewz0B5M2Al0E/xDe3pXmai+7SWYHL4tK/e\nwlGbuI3hWISayMRQ+vy+pEcKaM9HT5gvWS4wvpAnR8cpxHrjsU4BtRJkAalAF7Fm\nQpk3FWIFOA0FDtf5ucVx90XtJlTss1B/7bT3ngGnieCkyImw58r+3Dy9m46/h7bI\nDDgtyuNy3bMQnYIVb2uH4p8ugiw8VJWw8qjtGET5fYND165sb25ybg32FYpEEdIn\nBsojcazs6oYDAoIBAGcsD2mg4gaI4pwBZN80502L9E9FAH3WX73E9YyOI8VUtJ6G\nTDwlhYO1mXMr79NGpf+Czmo1YiO0/mIcFWDRwd11Vfd2A3RLkqumrfpTnQNT8sSV\nRIG5DVaVRb3gMQ1pKVo7aJsa9DwG1xnHg1GbuW+2G1DOgJWQRw4xZckwFHQTVz6X\nQFuz3i+aC3MZD+AXW4LPpuzavQ6X5NpE4XcWpWhhCvufuXHUQzGi0y6DvnstknAu\nO1BM3IPNlxY1X770mhQgDe8vl6vAoyKJ7JjeGhhQ4LS6fS/Wa9X7cLmAnJG4SgrC\npbjPg8WS6H/XeJsPLnr80DAPEywy/bEELQxT+/kCggEBAMFzQlFgboI0MIViQ1VA\nwonct1pXzYLKc7b8JIZg/UgQ7XZHI5Gq/SsE1Y2eoNaF0KZBoWgk7J7M1hx8Tsd7\nX/YHQkiPGWgAjMzYHUQpHKg7HoG6K2mYRYrfXnTdR0KbVHNSimPR/08LXDfA/rw7\n2Us7uSg5KGEptpCQVFOhzp3V30EkRZOM9e7GCjDsY7FQOhWnYzvxHfoHRXDc6D8e\nfGvx1DUYpW0VQhoVH+qacBTccVaAI7lwz+x0vSUnYWHmto0RTDStpYoeM8lgaPZ3\nw/ccrqZbsmZlT8HDd7I72QUPztkcoo2NQ3zQSZTUaSgJRqdL+49Xohtox4PetANo\nhSsCggEAPeL7xzS7qeKYWYubbCkYBl6IbS5xqMia9YkPNHW5dW37crPz8DJLBP/q\nYBBhkMydPQa2ia6SKhO/udfriH5f3CVINpnQBSul+uHvit5nS0tOo+4N4Rmhh7pq\nX/HqqzzaeqGPa5vVxSMptz7DOPhSjRNbXlVu+rSQ4TiPJ7xbEuXhQFgKC9lAxamc\n8iUMx6+eutUAMvNcttbaNWNSSQn2YTNKv5kIl1xo1v2qMpOHGeUjI40cmrPUG3ke\ngx8opfzgOM8FFZ95aFkAeBcLiOhUZeNh02OP2AzhGxFmFrMsNVshuTqk4QSC3coQ\ntDMN5MciHkW6d0Gpn51aSQJQ2R9XBA==\n-----END PRIVATE KEY-----\n",
            "public_key_fingerprint_md5": "15:df:81:c5:d2:7c:52:82:43:f2:f9:93:6b:e9:33:62",
            "public_key_fingerprint_sha256": "SHA256:2NozspS8sXqBpjOqFHVE9Gwt+BaPQOScb/Al95dldcY",
            "public_key_openssh": "ssh-rsa AAAAB3NzaC1yc2EAAAADAQABAAACAQD7d1NVPQnYcKgao/1Couz7/Q1u400UMrpwsPd/EmF5tjlzNs5zPoZRe2F6sdZaeBur5HI2VwOLhAeTlaT0iYBV264FQmwmjJbgXADV9hNUp5EvO+qpfX6zwkju8+xOdU/c7qcM0H3P+L87vUhtaJtVZ7VfFtwu8oup1lk3pPj7C9Hz88zwVqeE/3R2ZbcZF76FR1VQa0umwZh79ccFRUDdgXBeztuaHZo7JAZFUdcA0gNFvCaO0Q2BCGPDyATwJgclWmEJcxmJ1ztkYH+jT6JVvWQJtser9Jn71ip8KmzLkAfH2lRLtZ9cH9a8npJ1C48QWay6bkstw+fLfvqmv6ol75Sk1plO9wQE+Q3jelh72mDm/AUQOuK0iYsKe2kWkYqoxwK0VuaS86ocs0N9nAjI0ncCoVCsqLomt4ldnFNRUJLK2vFayIjMtxGB2OJ5uzpXyIFCMq0DmSDaIRPRT7jdQpR+RImJLNGiNwdfX7o7TsNCzNTRwCXo70EX0t37g66/tQJdpP8C09AiONgB/fRdhZAGdsR4LYIaB2DLsehzXCCLvN7AdaAUyOnN3uSDC43m0qALB3UtywaAB10BLT7XWi+Xh+mrXnvTBaDWcIrgw35CXxoZsjaLUkyxBta8NcA3SXtjRDVJpXpcWYwA6g9pT4eHutHS+2cJ2/ZG5+7tTQ==\n",
            "public_key_pem": "-----BEGIN PUBLIC KEY-----\nMIICIjANBgkqhkiG9w0BAQEFAAOCAg8AMIICCgKCAgEA+3dTVT0J2HCoGqP9QqLs\n+/0NbuNNFDK6cLD3fxJhebY5czbOcz6GUXtherHWWngbq+RyNlcDi4QHk5Wk9ImA\nVduuBUJsJoyW4FwA1fYTVKeRLzvqqX1+s8JI7vPsTnVP3O6nDNB9z/i/O71IbWib\nVWe1XxbcLvKLqdZZN6T4+wvR8/PM8FanhP90dmW3GRe+hUdVUGtLpsGYe/XHBUVA\n3YFwXs7bmh2aOyQGRVHXANIDRbwmjtENgQhjw8gE8CYHJVphCXMZidc7ZGB/o0+i\nVb1kCbbHq/SZ+9YqfCpsy5AHx9pUS7WfXB/WvJ6SdQuPEFmsum5LLcPny376pr+q\nJe+UpNaZTvcEBPkN43pYe9pg5vwFEDritImLCntpFpGKqMcCtFbmkvOqHLNDfZwI\nyNJ3AqFQrKi6JreJXZxTUVCSytrxWsiIzLcRgdjiebs6V8iBQjKtA5kg2iET0U+4\n3UKUfkSJiSzRojcHX1+6O07DQszU0cAl6O9BF9Ld+4Ouv7UCXaT/AtPQIjjYAf30\nXYWQBnbEeC2CGgdgy7Hoc1wgi7zewHWgFMjpzd7kgwuN5tKgCwd1LcsGgAddAS0+\n11ovl4fpq1570wWg1nCK4MN+Ql8aGbI2i1JMsQbWvDXAN0l7Y0Q1SaV6XFmMAOoP\naU+Hh7rR0vtnCdv2Rufu7U0CAwEAAQ==\n-----END PUBLIC KEY-----\n",
            "rsa_bits": 4096
          },
          "sensitive_attributes": [
            [
              {
                "type": "get_attr",
                "value": "private_key_pem"
              }
            ],
            [
              {
                "type": "get_attr",
                "value": "private_key_openssh"
              }
            ],
            [
              {
                "type": "get_attr",
                "value": "private_key_pem_pkcs8"
              }
            ]
          ]
        }
      ]
    },
    {
      "module": "module.eks",
      "mode": "managed",
      "type": "aws_eks_cluster",
      "name": "eks",
      "provider": "provider[\"registry.terraform.io/hashicorp/aws\"]",
      "instances": [
        {
          "schema_version": 0,
          "attributes": {
            "arn": "arn:aws:eks:eu-west-2:233966445372:cluster/my-eks-cluster",
            "certificate_authority": [
              {
                "data": "LS0tLS1CRUdJTiBDRVJUSUZJQ0FURS0tLS0tCk1JSURCVENDQWUyZ0F3SUJBZ0lJVkxZSUR6YjlKZ2t3RFFZSktvWklodmNOQVFFTEJRQXdGVEVUTUJFR0ExVUUKQXhNS2EzVmlaWEp1WlhSbGN6QWVGdzB5TlRBME1EVXhNekU0TURaYUZ3MHpOVEEwTURNeE16SXpNRFphTUJVeApFekFSQmdOVkJBTVRDbXQxWW1WeWJtVjBaWE13Z2dFaU1BMEdDU3FHU0liM0RRRUJBUVVBQTRJQkR3QXdnZ0VLCkFvSUJBUUR1bGw4T1BsazZZMEtla2JmajcxdHVXNWIzM0FQMm5uNkVmZjVFNmdNdkc0ZXVZbU5hc01IYm9XOG8KRjU2eXBJbk5XVFhCa2xHb3oyRkdsdk02OW1oSmNoM0ZTalkzV0pXWkVJdTQvbXdQaFNsL0M1R1dnVjFJQWJlZApWSU5Kb0dMQm1SOThoZEs5dmdhK2hsdmhqRUkwU3BXQXhScG9IMVpoOEgxbHc2b0R4U2xOMFBtMlNmZjVTWFRxCkpLRHhZYnVkdTQxZ2E1eXRtMHBxWmtxVzNMc1pveGo5ZGZBSXNVa1laY2dzOElNRUsxV0wyL0lhVUJRSTRzbzgKaTNVSDFMdUswOWtjTTZYZWN2aEljcUlmTjV5MmllNm5mWXAzOVFnVVR5S1VWSGNnODJ3d05HLy96d3dKNFNHcAprR3preE9QYzR6VnUvYW14M0pYWlZDQTBsZTJqQWdNQkFBR2pXVEJYTUE0R0ExVWREd0VCL3dRRUF3SUNwREFQCkJnTlZIUk1CQWY4RUJUQURBUUgvTUIwR0ExVWREZ1FXQkJTNnVyR1ZqSlYzdXAvYzBEMUtFS2hyaWNtTnhUQVYKQmdOVkhSRUVEakFNZ2dwcmRXSmxjbTVsZEdWek1BMEdDU3FHU0liM0RRRUJDd1VBQTRJQkFRRFNrTEJETnlHbQpydjNIbTkyVVJKVCtmblhZSTR0YjRabUNyTFBUbE9ReEJxeWVnKzc4UTBGZ2hJQ0NlR2hkT1ZsTW11amJtN0RECnBwTDdzY3hTblFKVXRWdVZnRWhjQ3Vld2R4NE5mYTQyQXh5NkVHbmhjTUxzQWZENmM4bVIzcHhQaGhlbzNLQlIKVzJ0eXFJZlU1TFl3WU5iQU9iSDR1VWpOZURrT1p4bVJjemwrNXorcS8xNURzUi9JUkdIQTR5eEpkYWpsZ0xPUApFQWUyc09VVlhtSXkreTJHRWI1cUFTdVdBMVVqS0FEemd2dHhuYWtJd2R1OCswTjJrOTJ5Q3NybHY1T3NhRlQvCjhnTkhIRUtWNEYrY29NWUw1SW5aOGh4MjEyVTZVWVVVYVNZZ2NIUmFpK2VnWngxTm0wYjBoaDV1SWpDVzJtNUwKRXFBRlozSERrSm1SCi0tLS0tRU5EIENFUlRJRklDQVRFLS0tLS0K"
              }
            ],
            "created_at": "2025-04-05 13:18:50.518 +0000 UTC",
            "enabled_cluster_log_types": [],
            "encryption_config": [],
            "endpoint": "https://D1DDDFD1D28E54858D8DEC9B8C758C8D.gr7.eu-west-2.eks.amazonaws.com",
            "id": "my-eks-cluster",
            "identity": [
              {
                "oidc": [
                  {
                    "issuer": "https://oidc.eks.eu-west-2.amazonaws.com/id/D1DDDFD1D28E54858D8DEC9B8C758C8D"
                  }
                ]
              }
            ],
            "kubernetes_network_config": [
              {
                "ip_family": "ipv4",
                "service_ipv4_cidr": "172.20.0.0/16"
              }
            ],
            "name": "my-eks-cluster",
            "platform_version": "eks.6",
            "role_arn": "arn:aws:iam::233966445372:role/eks-cluster-role2",
            "status": "ACTIVE",
            "tags": {},
            "tags_all": {},
            "timeouts": null,
            "version": "1.32",
            "vpc_config": [
              {
                "cluster_security_group_id": "sg-0fb0eda0925f317dd",
                "endpoint_private_access": false,
                "endpoint_public_access": true,
                "public_access_cidrs": [
                  "0.0.0.0/0"
                ],
                "security_group_ids": [],
                "subnet_ids": [
                  "subnet-0ba82bf06bbaa6879",
                  "subnet-0d6de0f5a841f0dfc"
                ],
                "vpc_id": "vpc-07c1a54015ce2d474"
              }
            ]
          },
          "sensitive_attributes": [],
          "private": "eyJlMmJmYjczMC1lY2FhLTExZTYtOGY4OC0zNDM2M2JjN2M0YzAiOnsiY3JlYXRlIjoxODAwMDAwMDAwMDAwLCJkZWxldGUiOjkwMDAwMDAwMDAwMCwidXBkYXRlIjozNjAwMDAwMDAwMDAwfX0=",
          "dependencies": [
            "module.eks.aws_iam_role.eks_role",
            "module.vpc.aws_subnet.mtc_public_subnet",
            "module.vpc.aws_subnet.mtc_public_subnet_2",
            "module.vpc.aws_vpc.mtc_vpc"
          ]
        }
      ]
    },
    {
      "module": "module.eks",
      "mode": "managed",
      "type": "aws_eks_cluster",
      "name": "example",
      "provider": "provider[\"registry.terraform.io/hashicorp/aws\"]",
      "instances": [
        {
          "schema_version": 0,
          "attributes": {
            "arn": "arn:aws:eks:eu-west-2:233966445372:cluster/KritagyaTerraformEKS",
            "certificate_authority": [
              {
                "data": "LS0tLS1CRUdJTiBDRVJUSUZJQ0FURS0tLS0tCk1JSURCVENDQWUyZ0F3SUJBZ0lJUHVUVWtiM0ZMMTh3RFFZSktvWklodmNOQVFFTEJRQXdGVEVUTUJFR0ExVUUKQXhNS2EzVmlaWEp1WlhSbGN6QWVGdzB5TlRBME1EVXhNekUzTlRkYUZ3MHpOVEEwTURNeE16SXlOVGRhTUJVeApFekFSQmdOVkJBTVRDbXQxWW1WeWJtVjBaWE13Z2dFaU1BMEdDU3FHU0liM0RRRUJBUVVBQTRJQkR3QXdnZ0VLCkFvSUJBUUM5K0oza3l0YmlXU2EvemI0cWtGQklldFlmbDV3VEZhSGFuRHU3RWI3bDdtbGpzdFZQL1hmdzlGaWkKbUQrZzdkZ2hxZ21YZ1NPaEZYaGR4TXN5SVlydDg3WVluS0JuaGNZdlFZSTlYaWY0Z1k3dlROVHlZK3ZVWEJLKwpJRjM5dFB6OE13UE5ySlNJQnhoN2pXWktTVXdQejRzckJ2WXBXL2JKNlhjNVpQVGNrc2VHVVhySk4yS294R0dsCm1LVlpiVk5MYXlkMEswM1E5U0RLcTc5WkgwSUo5dmlIV2FGbSszbXMyRmtlQStNQVpmeXgvNWNlWllSZHdDeWYKWVhGV0hmMXoweE9TQ3MrbjVGSEh1QW85REdlUEh6TkJMdHBxYmpmOGgrclp4M0hkZDljWUF4OFJjNzAybGNkUQp2bTE1Yld0SklLa0V6TVNGTi9lQWRobmU4OUNyQWdNQkFBR2pXVEJYTUE0R0ExVWREd0VCL3dRRUF3SUNwREFQCkJnTlZIUk1CQWY4RUJUQURBUUgvTUIwR0ExVWREZ1FXQkJSb29SRlU1S3BCdjczdjVjRm9ocGhPTlF1aXFUQVYKQmdOVkhSRUVEakFNZ2dwcmRXSmxjbTVsZEdWek1BMEdDU3FHU0liM0RRRUJDd1VBQTRJQkFRQ0VWU1NUTEZwQQpuSG1sNXdjaGwyMHdDemJUOUpuZExaWnNpK3dHa24zY1VHWjRqK0o3bHhta2VXM0h1b1JtWTNBNTUwR0lUcDMxCnRycE1NMjlrSDl2cWt5MUFGbUFHaUEvL0NNaWhzRWNGRm1CbWFaWE00VFJGeGdnNGE0RSsxRy9kSWpxclBLUUEKVFU1bm1ocVNVejYvZUNQM3dTUXhYUHd1cmpFNTc2RGd0TmhhWnlWUDlWcmt6OThtb09QYzhISjJueGwyc2duTwpJQ2s1VHdJZWJMN1YvOEJ0RXkxcmhCUHlPUjQvODVmbkxoWUd0SmJyUFc3K1dleHV0YzRwaVREWnEzdWNpejEzCjlNNXo3NFhpaTdqNnlUL3Jia3JuS3F2M0psZ0lpaXRFZDJUN1ZuNElJcWptMFAwNHRLYWh3R2IyaUFoYWZyNjgKeHRHUlZuTkpHVk5oCi0tLS0tRU5EIENFUlRJRklDQVRFLS0tLS0K"
              }
            ],
            "created_at": "2025-04-05 13:18:50.247 +0000 UTC",
            "enabled_cluster_log_types": [],
            "encryption_config": [],
            "endpoint": "https://17AE4C8FCB27D49679E27FF778E5BAB8.gr7.eu-west-2.eks.amazonaws.com",
            "id": "KritagyaTerraformEKS",
            "identity": [
              {
                "oidc": [
                  {
                    "issuer": "https://oidc.eks.eu-west-2.amazonaws.com/id/17AE4C8FCB27D49679E27FF778E5BAB8"
                  }
                ]
              }
            ],
            "kubernetes_network_config": [
              {
                "ip_family": "ipv4",
                "service_ipv4_cidr": "172.20.0.0/16"
              }
            ],
            "name": "KritagyaTerraformEKS",
            "platform_version": "eks.22",
            "role_arn": "arn:aws:iam::233966445372:role/eks-cluster-role",
            "status": "ACTIVE",
            "tags": {},
            "tags_all": {},
            "timeouts": null,
            "version": "1.31",
            "vpc_config": [
              {
                "cluster_security_group_id": "sg-0de5feed44728ce38",
                "endpoint_private_access": false,
                "endpoint_public_access": true,
                "public_access_cidrs": [
                  "0.0.0.0/0"
                ],
                "security_group_ids": [],
                "subnet_ids": [
                  "subnet-04301a13ca8156710",
                  "subnet-0ba82bf06bbaa6879",
                  "subnet-0d6de0f5a841f0dfc"
                ],
                "vpc_id": "vpc-07c1a54015ce2d474"
              }
            ]
          },
          "sensitive_attributes": [],
          "private": "eyJlMmJmYjczMC1lY2FhLTExZTYtOGY4OC0zNDM2M2JjN2M0YzAiOnsiY3JlYXRlIjoxODAwMDAwMDAwMDAwLCJkZWxldGUiOjkwMDAwMDAwMDAwMCwidXBkYXRlIjozNjAwMDAwMDAwMDAwfX0=",
          "dependencies": [
            "module.iam_role.aws_iam_role.eks_cluster_role",
            "module.vpc.aws_subnet.mtc_private_subnet",
            "module.vpc.aws_subnet.mtc_public_subnet",
            "module.vpc.aws_subnet.mtc_public_subnet_2",
            "module.vpc.aws_vpc.mtc_vpc"
          ]
        }
      ]
    },
    {
      "module": "module.eks",
      "mode": "managed",
      "type": "aws_eks_node_group",
      "name": "node_group",
      "provider": "provider[\"registry.terraform.io/hashicorp/aws\"]",
      "instances": [
        {
          "schema_version": 0,
          "attributes": {
            "ami_type": "AL2023_x86_64_STANDARD",
            "arn": "arn:aws:eks:eu-west-2:233966445372:nodegroup/my-eks-cluster/eks-node-group/f2cb0310-3a23-3f6a-c8f0-7987454ed92e",
            "capacity_type": "ON_DEMAND",
            "cluster_name": "my-eks-cluster",
            "disk_size": 20,
            "force_update_version": null,
            "id": "my-eks-cluster:eks-node-group",
            "instance_types": [
              "t3.medium"
            ],
            "labels": {},
            "launch_template": [],
            "node_group_name": "eks-node-group",
            "node_group_name_prefix": "",
            "node_role_arn": "arn:aws:iam::233966445372:role/eks-node-group-role2",
            "release_version": "1.32.1-20250317",
            "remote_access": [],
            "resources": [
              {
                "autoscaling_groups": [
                  {
                    "name": "eks-eks-node-group-f2cb0310-3a23-3f6a-c8f0-7987454ed92e"
                  }
                ],
                "remote_access_security_group_id": ""
              }
            ],
            "scaling_config": [
              {
                "desired_size": 2,
                "max_size": 3,
                "min_size": 1
              }
            ],
            "status": "ACTIVE",
            "subnet_ids": [
              "subnet-0ba82bf06bbaa6879",
              "subnet-0d6de0f5a841f0dfc"
            ],
            "tags": {},
            "tags_all": {},
            "taint": [],
            "timeouts": null,
            "update_config": [
              {
                "max_unavailable": 1,
                "max_unavailable_percentage": 0
              }
            ],
            "version": "1.32"
          },
          "sensitive_attributes": [],
          "private": "eyJlMmJmYjczMC1lY2FhLTExZTYtOGY4OC0zNDM2M2JjN2M0YzAiOnsiY3JlYXRlIjozNjAwMDAwMDAwMDAwLCJkZWxldGUiOjM2MDAwMDAwMDAwMDAsInVwZGF0ZSI6MzYwMDAwMDAwMDAwMH19",
          "dependencies": [
            "module.eks.aws_eks_cluster.eks",
            "module.eks.aws_iam_role.eks_role",
            "module.eks.aws_iam_role.node_group_role",
            "module.vpc.aws_subnet.mtc_public_subnet",
            "module.vpc.aws_subnet.mtc_public_subnet_2",
            "module.vpc.aws_vpc.mtc_vpc"
          ]
        }
      ]
    },
    {
      "module": "module.eks",
      "mode": "managed",
      "type": "aws_iam_role",
      "name": "eks_role",
      "provider": "provider[\"registry.terraform.io/hashicorp/aws\"]",
      "instances": [
        {
          "schema_version": 0,
          "attributes": {
            "arn": "arn:aws:iam::233966445372:role/eks-cluster-role2",
            "assume_role_policy": "{\"Version\":\"2012-10-17\",\"Statement\":[{\"Effect\":\"Allow\",\"Principal\":{\"Service\":\"eks.amazonaws.com\"},\"Action\":\"sts:AssumeRole\"}]}",
            "create_date": "2025-04-05T13:18:24Z",
            "description": "",
            "force_detach_policies": false,
            "id": "eks-cluster-role2",
            "inline_policy": [
              {
                "name": "",
                "policy": ""
              }
            ],
            "managed_policy_arns": [
              "arn:aws:iam::aws:policy/AmazonEKSClusterPolicy"
            ],
            "max_session_duration": 3600,
            "name": "eks-cluster-role2",
            "name_prefix": "",
            "path": "/",
            "permissions_boundary": null,
            "tags": {},
            "tags_all": {},
            "unique_id": "AROATM6L4UM6OFO3X3SIJ"
          },
          "sensitive_attributes": [],
          "private": "bnVsbA=="
        }
      ]
    },
    {
      "module": "module.eks",
      "mode": "managed",
      "type": "aws_iam_role",
      "name": "node_group_role",
      "provider": "provider[\"registry.terraform.io/hashicorp/aws\"]",
      "instances": [
        {
          "schema_version": 0,
          "attributes": {
            "arn": "arn:aws:iam::233966445372:role/eks-node-group-role2",
            "assume_role_policy": "{\"Version\":\"2012-10-17\",\"Statement\":[{\"Effect\":\"Allow\",\"Principal\":{\"Service\":\"ec2.amazonaws.com\"},\"Action\":\"sts:AssumeRole\"}]}",
            "create_date": "2025-04-05T13:18:25Z",
            "description": "",
            "force_detach_policies": false,
            "id": "eks-node-group-role2",
            "inline_policy": [
              {
                "name": "",
                "policy": ""
              }
            ],
            "managed_policy_arns": [
              "arn:aws:iam::aws:policy/AmazonEC2ContainerRegistryReadOnly",
              "arn:aws:iam::aws:policy/AmazonEKSWorkerNodePolicy",
              "arn:aws:iam::aws:policy/AmazonEKS_CNI_Policy"
            ],
            "max_session_duration": 3600,
            "name": "eks-node-group-role2",
            "name_prefix": "",
            "path": "/",
            "permissions_boundary": null,
            "tags": {},
            "tags_all": {},
            "unique_id": "AROATM6L4UM6I3U56ZHHZ"
          },
          "sensitive_attributes": [],
          "private": "bnVsbA=="
        }
      ]
    },
    {
      "module": "module.eks",
      "mode": "managed",
      "type": "aws_iam_role_policy_attachment",
      "name": "eks_policy",
      "provider": "provider[\"registry.terraform.io/hashicorp/aws\"]",
      "instances": [
        {
          "schema_version": 0,
          "attributes": {
            "id": "eks-cluster-role2-20250405131827755600000005",
            "policy_arn": "arn:aws:iam::aws:policy/AmazonEKSClusterPolicy",
            "role": "eks-cluster-role2"
          },
          "sensitive_attributes": [],
          "private": "bnVsbA==",
          "dependencies": [
            "module.eks.aws_iam_role.eks_role"
          ]
        }
      ]
    },
    {
      "module": "module.eks",
      "mode": "managed",
      "type": "aws_iam_role_policy_attachment",
      "name": "node_group_policy",
      "provider": "provider[\"registry.terraform.io/hashicorp/aws\"]",
      "instances": [
        {
          "index_key": "arn:aws:iam::aws:policy/AmazonEC2ContainerRegistryReadOnly",
          "schema_version": 0,
          "attributes": {
            "id": "eks-node-group-role2-20250405131828276000000009",
            "policy_arn": "arn:aws:iam::aws:policy/AmazonEC2ContainerRegistryReadOnly",
            "role": "eks-node-group-role2"
          },
          "sensitive_attributes": [],
          "private": "bnVsbA==",
          "dependencies": [
            "module.eks.aws_iam_role.node_group_role"
          ]
        },
        {
          "index_key": "arn:aws:iam::aws:policy/AmazonEKSWorkerNodePolicy",
          "schema_version": 0,
          "attributes": {
            "id": "eks-node-group-role2-2025040513182867570000000b",
            "policy_arn": "arn:aws:iam::aws:policy/AmazonEKSWorkerNodePolicy",
            "role": "eks-node-group-role2"
          },
          "sensitive_attributes": [],
          "private": "bnVsbA==",
          "dependencies": [
            "module.eks.aws_iam_role.node_group_role"
          ]
        },
        {
          "index_key": "arn:aws:iam::aws:policy/AmazonEKS_CNI_Policy",
          "schema_version": 0,
          "attributes": {
            "id": "eks-node-group-role2-2025040513182837360000000a",
            "policy_arn": "arn:aws:iam::aws:policy/AmazonEKS_CNI_Policy",
            "role": "eks-node-group-role2"
          },
          "sensitive_attributes": [],
          "private": "bnVsbA==",
          "dependencies": [
            "module.eks.aws_iam_role.node_group_role"
          ]
        }
      ]
    },
    {
      "module": "module.elasticache",
      "mode": "managed",
      "type": "aws_elasticache_cluster",
      "name": "memcached",
      "provider": "provider[\"registry.terraform.io/hashicorp/aws\"]",
      "instances": [
        {
          "schema_version": 0,
          "attributes": {
            "apply_immediately": null,
            "arn": "arn:aws:elasticache:eu-west-2:233966445372:cluster:memcached-cluster",
            "availability_zone": "eu-west-2b",
            "az_mode": "single-az",
            "cache_nodes": [
              {
                "address": "memcached-cluster.vsycrg.0001.euw2.cache.amazonaws.com",
                "availability_zone": "eu-west-2b",
                "id": "0001",
                "port": 11211
              }
            ],
            "cluster_address": "memcached-cluster.vsycrg.cfg.euw2.cache.amazonaws.com",
            "cluster_id": "memcached-cluster",
            "configuration_endpoint": "memcached-cluster.vsycrg.cfg.euw2.cache.amazonaws.com:11211",
            "engine": "memcached",
            "engine_version": "1.6.22",
            "engine_version_actual": "1.6.22",
            "final_snapshot_identifier": null,
            "id": "memcached-cluster",
            "maintenance_window": "wed:23:00-thu:00:00",
            "node_type": "cache.t3.micro",
            "notification_topic_arn": null,
            "num_cache_nodes": 1,
            "parameter_group_name": "default.memcached1.6",
            "port": 11211,
            "preferred_availability_zones": null,
            "replication_group_id": null,
            "security_group_ids": [],
            "security_group_names": [],
            "snapshot_arns": null,
            "snapshot_name": null,
            "snapshot_retention_limit": 0,
            "snapshot_window": "",
            "subnet_group_name": "example-subnet-group",
            "tags": {},
            "tags_all": {}
          },
          "sensitive_attributes": [],
          "private": "bnVsbA==",
          "dependencies": [
            "module.elasticache.aws_elasticache_subnet_group.example",
            "module.vpc.aws_subnet.mtc_public_subnet",
            "module.vpc.aws_subnet.mtc_public_subnet_2",
            "module.vpc.aws_vpc.mtc_vpc"
          ]
        }
      ]
    },
    {
      "module": "module.elasticache",
      "mode": "managed",
      "type": "aws_elasticache_replication_group",
      "name": "redis",
      "provider": "provider[\"registry.terraform.io/hashicorp/aws\"]",
      "instances": [
        {
          "schema_version": 1,
          "attributes": {
            "apply_immediately": null,
            "arn": "arn:aws:elasticache:eu-west-2:233966445372:replicationgroup:redis-replication-group",
            "at_rest_encryption_enabled": false,
            "auth_token": "",
            "auto_minor_version_upgrade": true,
            "automatic_failover_enabled": false,
            "availability_zones": null,
            "cluster_enabled": false,
            "cluster_mode": [
              {
                "num_node_groups": 1,
                "replicas_per_node_group": 0
              }
            ],
            "configuration_endpoint_address": null,
            "data_tiering_enabled": false,
            "engine": "redis",
            "engine_version": "7.x",
            "engine_version_actual": "7.1.0",
            "final_snapshot_identifier": null,
            "global_replication_group_id": null,
            "id": "redis-replication-group",
            "kms_key_id": "",
            "maintenance_window": "sun:06:00-sun:07:00",
            "member_clusters": [
              "redis-replication-group-001"
            ],
            "multi_az_enabled": false,
            "node_type": "cache.t3.micro",
            "notification_topic_arn": null,
            "number_cache_clusters": 1,
            "parameter_group_name": "default.redis7",
            "port": 6379,
            "primary_endpoint_address": "redis-replication-group.vsycrg.ng.0001.euw2.cache.amazonaws.com",
            "reader_endpoint_address": "redis-replication-group-ro.vsycrg.ng.0001.euw2.cache.amazonaws.com",
            "replication_group_description": "Redis cluster for caching",
            "replication_group_id": "redis-replication-group",
            "security_group_ids": [],
            "security_group_names": [],
            "snapshot_arns": null,
            "snapshot_name": null,
            "snapshot_retention_limit": 0,
            "snapshot_window": "04:00-05:00",
            "subnet_group_name": "example-subnet-group",
            "tags": {
              "Name": "RedisReplicationGroup"
            },
            "tags_all": {
              "Name": "RedisReplicationGroup"
            },
            "timeouts": null,
            "transit_encryption_enabled": false,
            "user_group_ids": []
          },
          "sensitive_attributes": [
            [
              {
                "type": "get_attr",
                "value": "auth_token"
              }
            ]
          ],
          "private": "eyJlMmJmYjczMC1lY2FhLTExZTYtOGY4OC0zNDM2M2JjN2M0YzAiOnsiY3JlYXRlIjozNjAwMDAwMDAwMDAwLCJkZWxldGUiOjI0MDAwMDAwMDAwMDAsInVwZGF0ZSI6MjQwMDAwMDAwMDAwMH0sInNjaGVtYV92ZXJzaW9uIjoiMSJ9",
          "dependencies": [
            "module.elasticache.aws_elasticache_subnet_group.example",
            "module.vpc.aws_subnet.mtc_public_subnet",
            "module.vpc.aws_subnet.mtc_public_subnet_2",
            "module.vpc.aws_vpc.mtc_vpc"
          ]
        }
      ]
    },
    {
      "module": "module.elasticache",
      "mode": "managed",
      "type": "aws_elasticache_subnet_group",
      "name": "example",
      "provider": "provider[\"registry.terraform.io/hashicorp/aws\"]",
      "instances": [
        {
          "schema_version": 0,
          "attributes": {
            "arn": "arn:aws:elasticache:eu-west-2:233966445372:subnetgroup:example-subnet-group",
            "description": "Managed by Terraform",
            "id": "example-subnet-group",
            "name": "example-subnet-group",
            "subnet_ids": [
              "subnet-0ba82bf06bbaa6879",
              "subnet-0d6de0f5a841f0dfc"
            ],
            "tags": {
              "Name": "ElastiCacheSubnetGroup"
            },
            "tags_all": {
              "Name": "ElastiCacheSubnetGroup"
            }
          },
          "sensitive_attributes": [],
          "private": "bnVsbA==",
          "dependencies": [
            "module.vpc.aws_subnet.mtc_public_subnet",
            "module.vpc.aws_subnet.mtc_public_subnet_2",
            "module.vpc.aws_vpc.mtc_vpc"
          ]
        }
      ]
    },
    {
      "module": "module.iam_role",
      "mode": "managed",
      "type": "aws_iam_role",
      "name": "eks_cluster_role",
      "provider": "provider[\"registry.terraform.io/hashicorp/aws\"]",
      "instances": [
        {
          "schema_version": 0,
          "attributes": {
            "arn": "arn:aws:iam::233966445372:role/eks-cluster-role",
            "assume_role_policy": "{\"Version\":\"2012-10-17\",\"Statement\":[{\"Effect\":\"Allow\",\"Principal\":{\"Service\":\"eks.amazonaws.com\"},\"Action\":\"sts:AssumeRole\"}]}",
            "create_date": "2025-04-05T13:18:25Z",
            "description": "",
            "force_detach_policies": false,
            "id": "eks-cluster-role",
            "inline_policy": [
              {
                "name": "",
                "policy": ""
              }
            ],
            "managed_policy_arns": [
              "arn:aws:iam::aws:policy/AmazonEKSClusterPolicy",
              "arn:aws:iam::aws:policy/AmazonEKSServicePolicy"
            ],
            "max_session_duration": 3600,
            "name": "eks-cluster-role",
            "name_prefix": "",
            "path": "/",
            "permissions_boundary": null,
            "tags": {},
            "tags_all": {},
            "unique_id": "AROATM6L4UM6LRHCVIHIC"
          },
          "sensitive_attributes": [],
          "private": "bnVsbA=="
        }
      ]
    },
    {
      "module": "module.iam_role",
      "mode": "managed",
      "type": "aws_iam_role",
      "name": "eks_node_group_role",
      "provider": "provider[\"registry.terraform.io/hashicorp/aws\"]",
      "instances": [
        {
          "schema_version": 0,
          "attributes": {
            "arn": "arn:aws:iam::233966445372:role/eks-node-group-role",
            "assume_role_policy": "{\"Version\":\"2012-10-17\",\"Statement\":[{\"Effect\":\"Allow\",\"Principal\":{\"Service\":\"ec2.amazonaws.com\"},\"Action\":\"sts:AssumeRole\"}]}",
            "create_date": "2025-04-05T13:18:24Z",
            "description": "",
            "force_detach_policies": false,
            "id": "eks-node-group-role",
            "inline_policy": [
              {
                "name": "",
                "policy": ""
              }
            ],
            "managed_policy_arns": [
              "arn:aws:iam::aws:policy/AmazonEC2ContainerRegistryReadOnly",
              "arn:aws:iam::aws:policy/AmazonEKSWorkerNodePolicy",
              "arn:aws:iam::aws:policy/AmazonEKS_CNI_Policy",
              "arn:aws:iam::aws:policy/AmazonSSMManagedInstanceCore"
            ],
            "max_session_duration": 3600,
            "name": "eks-node-group-role",
            "name_prefix": "",
            "path": "/",
            "permissions_boundary": null,
            "tags": {},
            "tags_all": {},
            "unique_id": "AROATM6L4UM6BODHJGYC5"
          },
          "sensitive_attributes": [],
          "private": "bnVsbA=="
        }
      ]
    },
    {
      "module": "module.iam_role",
      "mode": "managed",
      "type": "aws_iam_role_policy_attachment",
      "name": "cni_policy",
      "provider": "provider[\"registry.terraform.io/hashicorp/aws\"]",
      "instances": [
        {
          "schema_version": 0,
          "attributes": {
            "id": "eks-node-group-role-20250405131827767900000006",
            "policy_arn": "arn:aws:iam::aws:policy/AmazonEKS_CNI_Policy",
            "role": "eks-node-group-role"
          },
          "sensitive_attributes": [],
          "private": "bnVsbA==",
          "dependencies": [
            "module.iam_role.aws_iam_role.eks_node_group_role"
          ]
        }
      ]
    },
    {
      "module": "module.iam_role",
      "mode": "managed",
      "type": "aws_iam_role_policy_attachment",
      "name": "ecr_read_only_policy",
      "provider": "provider[\"registry.terraform.io/hashicorp/aws\"]",
      "instances": [
        {
          "schema_version": 0,
          "attributes": {
            "id": "eks-node-group-role-20250405131827398800000002",
            "policy_arn": "arn:aws:iam::aws:policy/AmazonEC2ContainerRegistryReadOnly",
            "role": "eks-node-group-role"
          },
          "sensitive_attributes": [],
          "private": "bnVsbA==",
          "dependencies": [
            "module.iam_role.aws_iam_role.eks_node_group_role"
          ]
        }
      ]
    },
    {
      "module": "module.iam_role",
      "mode": "managed",
      "type": "aws_iam_role_policy_attachment",
      "name": "eks_cluster_policy",
      "provider": "provider[\"registry.terraform.io/hashicorp/aws\"]",
      "instances": [
        {
          "schema_version": 0,
          "attributes": {
            "id": "eks-cluster-role-20250405131827792600000008",
            "policy_arn": "arn:aws:iam::aws:policy/AmazonEKSClusterPolicy",
            "role": "eks-cluster-role"
          },
          "sensitive_attributes": [],
          "private": "bnVsbA==",
          "dependencies": [
            "module.iam_role.aws_iam_role.eks_cluster_role"
          ]
        }
      ]
    },
    {
      "module": "module.iam_role",
      "mode": "managed",
      "type": "aws_iam_role_policy_attachment",
      "name": "eks_service_policy",
      "provider": "provider[\"registry.terraform.io/hashicorp/aws\"]",
      "instances": [
        {
          "schema_version": 0,
          "attributes": {
            "id": "eks-cluster-role-20250405131827779400000007",
            "policy_arn": "arn:aws:iam::aws:policy/AmazonEKSServicePolicy",
            "role": "eks-cluster-role"
          },
          "sensitive_attributes": [],
          "private": "bnVsbA==",
          "dependencies": [
            "module.iam_role.aws_iam_role.eks_cluster_role"
          ]
        }
      ]
    },
    {
      "module": "module.iam_role",
      "mode": "managed",
      "type": "aws_iam_role_policy_attachment",
      "name": "ssm_policy",
      "provider": "provider[\"registry.terraform.io/hashicorp/aws\"]",
      "instances": [
        {
          "schema_version": 0,
          "attributes": {
            "id": "eks-node-group-role-20250405131827742400000004",
            "policy_arn": "arn:aws:iam::aws:policy/AmazonSSMManagedInstanceCore",
            "role": "eks-node-group-role"
          },
          "sensitive_attributes": [],
          "private": "bnVsbA==",
          "dependencies": [
            "module.iam_role.aws_iam_role.eks_node_group_role"
          ]
        }
      ]
    },
    {
      "module": "module.iam_role",
      "mode": "managed",
      "type": "aws_iam_role_policy_attachment",
      "name": "worker_node_policy",
      "provider": "provider[\"registry.terraform.io/hashicorp/aws\"]",
      "instances": [
        {
          "schema_version": 0,
          "attributes": {
            "id": "eks-node-group-role-20250405131827479200000003",
            "policy_arn": "arn:aws:iam::aws:policy/AmazonEKSWorkerNodePolicy",
            "role": "eks-node-group-role"
          },
          "sensitive_attributes": [],
          "private": "bnVsbA==",
          "dependencies": [
            "module.iam_role.aws_iam_role.eks_node_group_role"
          ]
        }
      ]
    },
    {
      "module": "module.load-balancer_module",
      "mode": "managed",
      "type": "aws_eip",
      "name": "nlb_eip_1",
      "provider": "provider[\"registry.terraform.io/hashicorp/aws\"]",
      "instances": [
        {
          "schema_version": 0,
          "attributes": {
            "address": null,
            "allocation_id": "eipalloc-0b1ea7c3100368975",
            "associate_with_private_ip": null,
            "association_id": "eipassoc-0b706836c86bea795",
            "carrier_ip": "",
            "customer_owned_ip": "",
            "customer_owned_ipv4_pool": "",
            "domain": "vpc",
            "id": "eipalloc-0b1ea7c3100368975",
            "instance": "",
            "network_border_group": "eu-west-2",
            "network_interface": "eni-09cd735fc8f756ae0",
            "private_dns": "ip-10-123-1-241.eu-west-2.compute.internal",
            "private_ip": "10.123.1.241",
            "public_dns": "ec2-3-11-116-157.eu-west-2.compute.amazonaws.com",
            "public_ip": "3.11.116.157",
            "public_ipv4_pool": "amazon",
            "tags": {},
            "tags_all": {},
            "timeouts": null,
            "vpc": true
          },
          "sensitive_attributes": [],
          "private": "eyJlMmJmYjczMC1lY2FhLTExZTYtOGY4OC0zNDM2M2JjN2M0YzAiOnsiZGVsZXRlIjoxODAwMDAwMDAwMDAsInJlYWQiOjkwMDAwMDAwMDAwMCwidXBkYXRlIjozMDAwMDAwMDAwMDB9fQ=="
        }
      ]
    },
    {
      "module": "module.load-balancer_module",
      "mode": "managed",
      "type": "aws_eip",
      "name": "nlb_eip_2",
      "provider": "provider[\"registry.terraform.io/hashicorp/aws\"]",
      "instances": [
        {
          "schema_version": 0,
          "attributes": {
            "address": null,
            "allocation_id": "eipalloc-04990000cc7cada54",
            "associate_with_private_ip": null,
            "association_id": "eipassoc-074e232348edf4a3c",
            "carrier_ip": "",
            "customer_owned_ip": "",
            "customer_owned_ipv4_pool": "",
            "domain": "vpc",
            "id": "eipalloc-04990000cc7cada54",
            "instance": "",
            "network_border_group": "eu-west-2",
            "network_interface": "eni-09cf7cdc6b2baf9c6",
            "private_dns": "ip-10-123-2-244.eu-west-2.compute.internal",
            "private_ip": "10.123.2.244",
            "public_dns": "ec2-18-175-2-187.eu-west-2.compute.amazonaws.com",
            "public_ip": "18.175.2.187",
            "public_ipv4_pool": "amazon",
            "tags": {},
            "tags_all": {},
            "timeouts": null,
            "vpc": true
          },
          "sensitive_attributes": [],
          "private": "eyJlMmJmYjczMC1lY2FhLTExZTYtOGY4OC0zNDM2M2JjN2M0YzAiOnsiZGVsZXRlIjoxODAwMDAwMDAwMDAsInJlYWQiOjkwMDAwMDAwMDAwMCwidXBkYXRlIjozMDAwMDAwMDAwMDB9fQ=="
        }
      ]
    },
    {
      "module": "module.load-balancer_module",
      "mode": "managed",
      "type": "aws_lb",
      "name": "example",
      "provider": "provider[\"registry.terraform.io/hashicorp/aws\"]",
      "instances": [
        {
          "schema_version": 0,
          "attributes": {
            "access_logs": [
              {
                "bucket": "",
                "enabled": false,
                "prefix": ""
              }
            ],
            "arn": "arn:aws:elasticloadbalancing:eu-west-2:233966445372:loadbalancer/net/example/792596a36f4103b1",
            "arn_suffix": "net/example/792596a36f4103b1",
            "customer_owned_ipv4_pool": "",
            "desync_mitigation_mode": null,
            "dns_name": "example-792596a36f4103b1.elb.eu-west-2.amazonaws.com",
            "drop_invalid_header_fields": null,
            "enable_cross_zone_load_balancing": false,
            "enable_deletion_protection": false,
            "enable_http2": null,
            "enable_waf_fail_open": null,
            "id": "arn:aws:elasticloadbalancing:eu-west-2:233966445372:loadbalancer/net/example/792596a36f4103b1",
            "idle_timeout": null,
            "internal": false,
            "ip_address_type": "ipv4",
            "load_balancer_type": "network",
            "name": "example",
            "name_prefix": null,
            "security_groups": [],
            "subnet_mapping": [
              {
                "allocation_id": "eipalloc-04990000cc7cada54",
                "ipv6_address": "",
                "outpost_id": "",
                "private_ipv4_address": "",
                "subnet_id": "subnet-0d6de0f5a841f0dfc"
              },
              {
                "allocation_id": "eipalloc-0b1ea7c3100368975",
                "ipv6_address": "",
                "outpost_id": "",
                "private_ipv4_address": "",
                "subnet_id": "subnet-0ba82bf06bbaa6879"
              }
            ],
            "subnets": [
              "subnet-0ba82bf06bbaa6879",
              "subnet-0d6de0f5a841f0dfc"
            ],
            "tags": {},
            "tags_all": {},
            "timeouts": null,
            "vpc_id": "vpc-07c1a54015ce2d474",
            "zone_id": "ZD4D7Y8KGAS4G"
          },
          "sensitive_attributes": [],
          "private": "eyJlMmJmYjczMC1lY2FhLTExZTYtOGY4OC0zNDM2M2JjN2M0YzAiOnsiY3JlYXRlIjo2MDAwMDAwMDAwMDAsImRlbGV0ZSI6NjAwMDAwMDAwMDAwLCJ1cGRhdGUiOjYwMDAwMDAwMDAwMH19",
          "dependencies": [
            "module.load-balancer_module.aws_eip.nlb_eip_1",
            "module.load-balancer_module.aws_eip.nlb_eip_2",
            "module.vpc.aws_subnet.mtc_public_subnet",
            "module.vpc.aws_subnet.mtc_public_subnet_2",
            "module.vpc.aws_vpc.mtc_vpc"
          ]
        }
      ]
    },
    {
      "module": "module.node_group",
      "mode": "managed",
      "type": "aws_eks_node_group",
      "name": "example",
      "provider": "provider[\"registry.terraform.io/hashicorp/aws\"]",
      "instances": [
        {
          "schema_version": 0,
          "attributes": {
            "ami_type": "AL2023_x86_64_STANDARD",
            "arn": "arn:aws:eks:eu-west-2:233966445372:nodegroup/KritagyaTerraformEKS/KritagyaNodeGroup/78cb0312-cf76-7051-6002-2f4590c0a12a",
            "capacity_type": "ON_DEMAND",
            "cluster_name": "KritagyaTerraformEKS",
            "disk_size": 20,
            "force_update_version": null,
            "id": "KritagyaTerraformEKS:KritagyaNodeGroup",
            "instance_types": [
              "t2.micro"
            ],
            "labels": {},
            "launch_template": [],
            "node_group_name": "KritagyaNodeGroup",
            "node_group_name_prefix": "",
            "node_role_arn": "arn:aws:iam::233966445372:role/eks-node-group-role",
            "release_version": "1.31.5-20250317",
            "remote_access": [],
            "resources": [
              {
                "autoscaling_groups": [
                  {
                    "name": "eks-KritagyaNodeGroup-78cb0312-cf76-7051-6002-2f4590c0a12a"
                  }
                ],
                "remote_access_security_group_id": ""
              }
            ],
            "scaling_config": [
              {
                "desired_size": 2,
                "max_size": 2,
                "min_size": 2
              }
            ],
            "status": "ACTIVE",
            "subnet_ids": [
              "subnet-0ba82bf06bbaa6879",
              "subnet-0d6de0f5a841f0dfc"
            ],
            "tags": {},
            "tags_all": {},
            "taint": [],
            "timeouts": null,
            "update_config": [
              {
                "max_unavailable": 1,
                "max_unavailable_percentage": 0
              }
            ],
            "version": "1.31"
          },
          "sensitive_attributes": [],
          "private": "eyJlMmJmYjczMC1lY2FhLTExZTYtOGY4OC0zNDM2M2JjN2M0YzAiOnsiY3JlYXRlIjozNjAwMDAwMDAwMDAwLCJkZWxldGUiOjM2MDAwMDAwMDAwMDAsInVwZGF0ZSI6MzYwMDAwMDAwMDAwMH19",
          "dependencies": [
            "module.iam_role.aws_iam_role.eks_node_group_role",
            "module.vpc.aws_subnet.mtc_public_subnet",
            "module.vpc.aws_subnet.mtc_public_subnet_2",
            "module.vpc.aws_vpc.mtc_vpc"
          ]
        }
      ]
    },
    {
      "module": "module.route53",
      "mode": "managed",
      "type": "aws_route53_record",
      "name": "www-dev",
      "provider": "provider[\"registry.terraform.io/hashicorp/aws\"]",
      "instances": [
        {
          "schema_version": 2,
          "attributes": {
            "alias": [],
            "allow_overwrite": null,
            "failover_routing_policy": [],
            "fqdn": "www.kritagya-33.co.uk",
            "geolocation_routing_policy": [],
            "health_check_id": "",
            "id": "Z0856758M4X8LZOTZ1G2_www.kritagya-33.co.uk_CNAME_dev",
            "latency_routing_policy": [],
            "multivalue_answer_routing_policy": null,
            "name": "www.kritagya-33.co.uk",
            "records": [
              "dev.kritagya-33.co.uk"
            ],
            "set_identifier": "dev",
            "ttl": 5,
            "type": "CNAME",
            "weighted_routing_policy": [
              {
                "weight": 10
              }
            ],
            "zone_id": "Z0856758M4X8LZOTZ1G2"
          },
          "sensitive_attributes": [],
          "private": "eyJzY2hlbWFfdmVyc2lvbiI6IjIifQ==",
          "dependencies": [
            "module.route53.aws_route53_zone.primary"
          ]
        }
      ]
    },
    {
      "module": "module.route53",
      "mode": "managed",
      "type": "aws_route53_record",
      "name": "www-live",
      "provider": "provider[\"registry.terraform.io/hashicorp/aws\"]",
      "instances": [
        {
          "schema_version": 2,
          "attributes": {
            "alias": [],
            "allow_overwrite": null,
            "failover_routing_policy": [],
            "fqdn": "www.kritagya-33.co.uk",
            "geolocation_routing_policy": [],
            "health_check_id": "",
            "id": "Z0856758M4X8LZOTZ1G2_www.kritagya-33.co.uk_CNAME_live",
            "latency_routing_policy": [],
            "multivalue_answer_routing_policy": null,
            "name": "www.kritagya-33.co.uk",
            "records": [
              "live.kritagya-33.co.uk"
            ],
            "set_identifier": "live",
            "ttl": 5,
            "type": "CNAME",
            "weighted_routing_policy": [
              {
                "weight": 90
              }
            ],
            "zone_id": "Z0856758M4X8LZOTZ1G2"
          },
          "sensitive_attributes": [],
          "private": "eyJzY2hlbWFfdmVyc2lvbiI6IjIifQ==",
          "dependencies": [
            "module.route53.aws_route53_zone.primary"
          ]
        }
      ]
    },
    {
      "module": "module.route53",
      "mode": "managed",
      "type": "aws_route53_zone",
      "name": "primary",
      "provider": "provider[\"registry.terraform.io/hashicorp/aws\"]",
      "instances": [
        {
          "schema_version": 0,
          "attributes": {
            "arn": "arn:aws:route53:::hostedzone/Z0856758M4X8LZOTZ1G2",
            "comment": "Managed by Terraform",
            "delegation_set_id": "",
            "force_destroy": false,
            "id": "Z0856758M4X8LZOTZ1G2",
            "name": "kritagya-33.co.uk",
            "name_servers": [
              "ns-1069.awsdns-05.org",
              "ns-2029.awsdns-61.co.uk",
              "ns-263.awsdns-32.com",
              "ns-742.awsdns-28.net"
            ],
            "tags": {},
            "tags_all": {},
            "vpc": [],
            "zone_id": "Z0856758M4X8LZOTZ1G2"
          },
          "sensitive_attributes": [],
          "private": "bnVsbA=="
        }
      ]
    },
    {
      "module": "module.s3_bucket",
      "mode": "managed",
      "type": "aws_s3_bucket",
      "name": "example",
      "provider": "provider[\"registry.terraform.io/hashicorp/aws\"]",
      "instances": [
        {
          "schema_version": 0,
          "attributes": {
            "acceleration_status": "",
            "acl": "private",
            "arn": "arn:aws:s3:::kritagya-terraform-bucket",
            "bucket": "kritagya-terraform-bucket",
            "bucket_domain_name": "kritagya-terraform-bucket.s3.amazonaws.com",
            "bucket_prefix": null,
            "bucket_regional_domain_name": "kritagya-terraform-bucket.s3.eu-west-2.amazonaws.com",
            "cors_rule": [],
            "force_destroy": false,
            "grant": [],
            "hosted_zone_id": "Z3GKZC51ZF0DB4",
            "id": "kritagya-terraform-bucket",
            "lifecycle_rule": [],
            "logging": [],
            "object_lock_configuration": [],
            "object_lock_enabled": false,
            "policy": null,
            "region": "eu-west-2",
            "replication_configuration": [],
            "request_payer": "BucketOwner",
            "server_side_encryption_configuration": [
              {
                "rule": [
                  {
                    "apply_server_side_encryption_by_default": [
                      {
                        "kms_master_key_id": "",
                        "sse_algorithm": "AES256"
                      }
                    ],
                    "bucket_key_enabled": false
                  }
                ]
              }
            ],
            "tags": {
              "Environment": "Dev",
              "Name": "My bucket"
            },
            "tags_all": {
              "Environment": "Dev",
              "Name": "My bucket"
            },
            "versioning": [
              {
                "enabled": false,
                "mfa_delete": false
              }
            ],
            "website": [],
            "website_domain": null,
            "website_endpoint": null
          },
          "sensitive_attributes": [],
          "private": "bnVsbA=="
        }
      ]
    },
    {
      "module": "module.sns_module",
      "mode": "managed",
      "type": "aws_sns_topic",
      "name": "user_updates",
      "provider": "provider[\"registry.terraform.io/hashicorp/aws\"]",
      "instances": [
        {
          "schema_version": 0,
          "attributes": {
            "application_failure_feedback_role_arn": "",
            "application_success_feedback_role_arn": "",
            "application_success_feedback_sample_rate": 0,
            "arn": "arn:aws:sns:eu-west-2:233966445372:terraform-topic",
            "content_based_deduplication": false,
            "delivery_policy": "",
            "display_name": "",
            "fifo_topic": false,
            "firehose_failure_feedback_role_arn": "",
            "firehose_success_feedback_role_arn": "",
            "firehose_success_feedback_sample_rate": 0,
            "http_failure_feedback_role_arn": "",
            "http_success_feedback_role_arn": "",
            "http_success_feedback_sample_rate": 0,
            "id": "arn:aws:sns:eu-west-2:233966445372:terraform-topic",
            "kms_master_key_id": "",
            "lambda_failure_feedback_role_arn": "",
            "lambda_success_feedback_role_arn": "",
            "lambda_success_feedback_sample_rate": 0,
            "name": "terraform-topic",
            "name_prefix": "",
            "owner": "233966445372",
            "policy": "{\"Version\":\"2008-10-17\",\"Id\":\"__default_policy_ID\",\"Statement\":[{\"Sid\":\"__default_statement_ID\",\"Effect\":\"Allow\",\"Principal\":{\"AWS\":\"*\"},\"Action\":[\"SNS:GetTopicAttributes\",\"SNS:SetTopicAttributes\",\"SNS:AddPermission\",\"SNS:RemovePermission\",\"SNS:DeleteTopic\",\"SNS:Subscribe\",\"SNS:ListSubscriptionsByTopic\",\"SNS:Publish\"],\"Resource\":\"arn:aws:sns:eu-west-2:233966445372:terraform-topic\",\"Condition\":{\"StringEquals\":{\"AWS:SourceOwner\":\"233966445372\"}}}]}",
            "sqs_failure_feedback_role_arn": "",
            "sqs_success_feedback_role_arn": "",
            "sqs_success_feedback_sample_rate": 0,
            "tags": null,
            "tags_all": {}
          },
          "sensitive_attributes": [],
          "private": "bnVsbA=="
        }
      ]
    },
    {
      "module": "module.vpc",
      "mode": "managed",
      "type": "aws_eip",
      "name": "example",
      "provider": "provider[\"registry.terraform.io/hashicorp/aws\"]",
      "instances": [
        {
          "schema_version": 0,
          "attributes": {
            "address": null,
            "allocation_id": "eipalloc-0f4014fe797fb44e7",
            "associate_with_private_ip": null,
            "association_id": "eipassoc-060c04c1beea99d78",
            "carrier_ip": "",
            "customer_owned_ip": "",
            "customer_owned_ipv4_pool": "",
            "domain": "vpc",
            "id": "eipalloc-0f4014fe797fb44e7",
            "instance": "",
            "network_border_group": "eu-west-2",
            "network_interface": "eni-0f3a81ef177cdc973",
            "private_dns": "ip-10-123-1-183.eu-west-2.compute.internal",
            "private_ip": "10.123.1.183",
            "public_dns": "ec2-3-8-57-255.eu-west-2.compute.amazonaws.com",
            "public_ip": "3.8.57.255",
            "public_ipv4_pool": "amazon",
            "tags": {},
            "tags_all": {},
            "timeouts": null,
            "vpc": true
          },
          "sensitive_attributes": [],
          "private": "eyJlMmJmYjczMC1lY2FhLTExZTYtOGY4OC0zNDM2M2JjN2M0YzAiOnsiZGVsZXRlIjoxODAwMDAwMDAwMDAsInJlYWQiOjkwMDAwMDAwMDAwMCwidXBkYXRlIjozMDAwMDAwMDAwMDB9fQ=="
        }
      ]
    },
    {
      "module": "module.vpc",
      "mode": "managed",
      "type": "aws_internet_gateway",
      "name": "mtc_internet_gateway",
      "provider": "provider[\"registry.terraform.io/hashicorp/aws\"]",
      "instances": [
        {
          "schema_version": 0,
          "attributes": {
            "arn": "arn:aws:ec2:eu-west-2:233966445372:internet-gateway/igw-077bbe6289aee3a36",
            "id": "igw-077bbe6289aee3a36",
            "owner_id": "233966445372",
            "tags": {
              "Name": "dev-igw"
            },
            "tags_all": {
              "Name": "dev-igw"
            },
            "vpc_id": "vpc-07c1a54015ce2d474"
          },
          "sensitive_attributes": [],
          "private": "bnVsbA==",
          "dependencies": [
            "module.vpc.aws_vpc.mtc_vpc"
          ]
        }
      ]
    },
    {
      "module": "module.vpc",
      "mode": "managed",
      "type": "aws_nat_gateway",
      "name": "example",
      "provider": "provider[\"registry.terraform.io/hashicorp/aws\"]",
      "instances": [
        {
          "schema_version": 0,
          "attributes": {
            "allocation_id": "eipalloc-0f4014fe797fb44e7",
            "connectivity_type": "public",
            "id": "nat-0ecb296885adb6e7f",
            "network_interface_id": "eni-0f3a81ef177cdc973",
            "private_ip": "10.123.1.183",
            "public_ip": "3.8.57.255",
            "subnet_id": "subnet-0ba82bf06bbaa6879",
            "tags": {
              "Name": "gw NAT"
            },
            "tags_all": {
              "Name": "gw NAT"
            }
          },
          "sensitive_attributes": [],
          "private": "bnVsbA==",
          "dependencies": [
            "module.vpc.aws_eip.example",
            "module.vpc.aws_internet_gateway.mtc_internet_gateway",
            "module.vpc.aws_subnet.mtc_public_subnet",
            "module.vpc.aws_vpc.mtc_vpc"
          ]
        }
      ]
    },
    {
      "module": "module.vpc",
      "mode": "managed",
      "type": "aws_route_table",
      "name": "private_rt",
      "provider": "provider[\"registry.terraform.io/hashicorp/aws\"]",
      "instances": [
        {
          "schema_version": 0,
          "attributes": {
            "arn": "arn:aws:ec2:eu-west-2:233966445372:route-table/rtb-03617b1bd50f825ba",
            "id": "rtb-03617b1bd50f825ba",
            "owner_id": "233966445372",
            "propagating_vgws": [],
            "route": [
              {
                "carrier_gateway_id": "",
                "cidr_block": "0.0.0.0/0",
                "destination_prefix_list_id": "",
                "egress_only_gateway_id": "",
                "gateway_id": "",
                "instance_id": "",
                "ipv6_cidr_block": "",
                "local_gateway_id": "",
                "nat_gateway_id": "nat-0ecb296885adb6e7f",
                "network_interface_id": "",
                "transit_gateway_id": "",
                "vpc_endpoint_id": "",
                "vpc_peering_connection_id": ""
              }
            ],
            "tags": {
              "Name": "PrivateRouteTable"
            },
            "tags_all": {
              "Name": "PrivateRouteTable"
            },
            "timeouts": null,
            "vpc_id": "vpc-07c1a54015ce2d474"
          },
          "sensitive_attributes": [],
          "private": "eyJlMmJmYjczMC1lY2FhLTExZTYtOGY4OC0zNDM2M2JjN2M0YzAiOnsiY3JlYXRlIjozMDAwMDAwMDAwMDAsImRlbGV0ZSI6MzAwMDAwMDAwMDAwLCJ1cGRhdGUiOjEyMDAwMDAwMDAwMH19",
          "dependencies": [
            "module.vpc.aws_eip.example",
            "module.vpc.aws_internet_gateway.mtc_internet_gateway",
            "module.vpc.aws_nat_gateway.example",
            "module.vpc.aws_subnet.mtc_public_subnet",
            "module.vpc.aws_vpc.mtc_vpc"
          ]
        }
      ]
    },
    {
      "module": "module.vpc",
      "mode": "managed",
      "type": "aws_route_table",
      "name": "public_rt",
      "provider": "provider[\"registry.terraform.io/hashicorp/aws\"]",
      "instances": [
        {
          "schema_version": 0,
          "attributes": {
            "arn": "arn:aws:ec2:eu-west-2:233966445372:route-table/rtb-073f2652e5b3d590d",
            "id": "rtb-073f2652e5b3d590d",
            "owner_id": "233966445372",
            "propagating_vgws": [],
            "route": [
              {
                "carrier_gateway_id": "",
                "cidr_block": "0.0.0.0/0",
                "destination_prefix_list_id": "",
                "egress_only_gateway_id": "",
                "gateway_id": "igw-077bbe6289aee3a36",
                "instance_id": "",
                "ipv6_cidr_block": "",
                "local_gateway_id": "",
                "nat_gateway_id": "",
                "network_interface_id": "",
                "transit_gateway_id": "",
                "vpc_endpoint_id": "",
                "vpc_peering_connection_id": ""
              }
            ],
            "tags": {
              "Name": "PublicRouteTable"
            },
            "tags_all": {
              "Name": "PublicRouteTable"
            },
            "timeouts": null,
            "vpc_id": "vpc-07c1a54015ce2d474"
          },
          "sensitive_attributes": [],
          "private": "eyJlMmJmYjczMC1lY2FhLTExZTYtOGY4OC0zNDM2M2JjN2M0YzAiOnsiY3JlYXRlIjozMDAwMDAwMDAwMDAsImRlbGV0ZSI6MzAwMDAwMDAwMDAwLCJ1cGRhdGUiOjEyMDAwMDAwMDAwMH19",
          "dependencies": [
            "module.vpc.aws_internet_gateway.mtc_internet_gateway",
            "module.vpc.aws_vpc.mtc_vpc"
          ]
        }
      ]
    },
    {
      "module": "module.vpc",
      "mode": "managed",
      "type": "aws_route_table_association",
      "name": "private_subnet_association_1",
      "provider": "provider[\"registry.terraform.io/hashicorp/aws\"]",
      "instances": [
        {
          "schema_version": 0,
          "attributes": {
            "gateway_id": "",
            "id": "rtbassoc-08d4d6362e9f0385f",
            "route_table_id": "rtb-03617b1bd50f825ba",
            "subnet_id": "subnet-04301a13ca8156710"
          },
          "sensitive_attributes": [],
          "private": "bnVsbA==",
          "dependencies": [
            "module.vpc.aws_eip.example",
            "module.vpc.aws_internet_gateway.mtc_internet_gateway",
            "module.vpc.aws_nat_gateway.example",
            "module.vpc.aws_route_table.private_rt",
            "module.vpc.aws_subnet.mtc_private_subnet",
            "module.vpc.aws_subnet.mtc_public_subnet",
            "module.vpc.aws_vpc.mtc_vpc"
          ]
        }
      ]
    },
    {
      "module": "module.vpc",
      "mode": "managed",
      "type": "aws_route_table_association",
      "name": "private_subnet_association_2",
      "provider": "provider[\"registry.terraform.io/hashicorp/aws\"]",
      "instances": [
        {
          "schema_version": 0,
          "attributes": {
            "gateway_id": "",
            "id": "rtbassoc-0b444b6766c79730c",
            "route_table_id": "rtb-03617b1bd50f825ba",
            "subnet_id": "subnet-07ea6a0746d395a28"
          },
          "sensitive_attributes": [],
          "private": "bnVsbA==",
          "dependencies": [
            "module.vpc.aws_eip.example",
            "module.vpc.aws_internet_gateway.mtc_internet_gateway",
            "module.vpc.aws_nat_gateway.example",
            "module.vpc.aws_route_table.private_rt",
            "module.vpc.aws_subnet.mtc_private_subnet2",
            "module.vpc.aws_subnet.mtc_public_subnet",
            "module.vpc.aws_vpc.mtc_vpc"
          ]
        }
      ]
    },
    {
      "module": "module.vpc",
      "mode": "managed",
      "type": "aws_route_table_association",
      "name": "public_subnet_association_1",
      "provider": "provider[\"registry.terraform.io/hashicorp/aws\"]",
      "instances": [
        {
          "schema_version": 0,
          "attributes": {
            "gateway_id": "",
            "id": "rtbassoc-080fbcca9121ab42c",
            "route_table_id": "rtb-073f2652e5b3d590d",
            "subnet_id": "subnet-0ba82bf06bbaa6879"
          },
          "sensitive_attributes": [],
          "private": "bnVsbA==",
          "dependencies": [
            "module.vpc.aws_internet_gateway.mtc_internet_gateway",
            "module.vpc.aws_route_table.public_rt",
            "module.vpc.aws_subnet.mtc_public_subnet",
            "module.vpc.aws_vpc.mtc_vpc"
          ]
        }
      ]
    },
    {
      "module": "module.vpc",
      "mode": "managed",
      "type": "aws_route_table_association",
      "name": "public_subnet_association_2",
      "provider": "provider[\"registry.terraform.io/hashicorp/aws\"]",
      "instances": [
        {
          "schema_version": 0,
          "attributes": {
            "gateway_id": "",
            "id": "rtbassoc-0613401e977af2ff8",
            "route_table_id": "rtb-073f2652e5b3d590d",
            "subnet_id": "subnet-0d6de0f5a841f0dfc"
          },
          "sensitive_attributes": [],
          "private": "bnVsbA==",
          "dependencies": [
            "module.vpc.aws_internet_gateway.mtc_internet_gateway",
            "module.vpc.aws_route_table.public_rt",
            "module.vpc.aws_subnet.mtc_public_subnet_2",
            "module.vpc.aws_vpc.mtc_vpc"
          ]
        }
      ]
    },
    {
      "module": "module.vpc",
      "mode": "managed",
      "type": "aws_security_group",
      "name": "mtc_sg",
      "provider": "provider[\"registry.terraform.io/hashicorp/aws\"]",
      "instances": [
        {
          "schema_version": 1,
          "attributes": {
            "arn": "arn:aws:ec2:eu-west-2:233966445372:security-group/sg-0ee81d5a89440e593",
            "description": "Managed by Terraform",
            "egress": [
              {
                "cidr_blocks": [
                  "0.0.0.0/0"
                ],
                "description": "Allow all outbound traffic",
                "from_port": 0,
                "ipv6_cidr_blocks": [],
                "prefix_list_ids": [],
                "protocol": "-1",
                "security_groups": [],
                "self": false,
                "to_port": 0
              }
            ],
            "id": "sg-0ee81d5a89440e593",
            "ingress": [
              {
                "cidr_blocks": [
                  "0.0.0.0/0"
                ],
                "description": "Allow HTTP traffic",
                "from_port": 80,
                "ipv6_cidr_blocks": [],
                "prefix_list_ids": [],
                "protocol": "tcp",
                "security_groups": [],
                "self": false,
                "to_port": 80
              },
              {
                "cidr_blocks": [
                  "0.0.0.0/0"
                ],
                "description": "Allow HTTPS traffic",
                "from_port": 443,
                "ipv6_cidr_blocks": [],
                "prefix_list_ids": [],
                "protocol": "tcp",
                "security_groups": [],
                "self": false,
                "to_port": 443
              },
              {
                "cidr_blocks": [
                  "0.0.0.0/0"
                ],
                "description": "Allow SSH access",
                "from_port": 22,
                "ipv6_cidr_blocks": [],
                "prefix_list_ids": [],
                "protocol": "tcp",
                "security_groups": [],
                "self": false,
                "to_port": 22
              }
            ],
            "name": "terraform-2025040513183752880000000c",
            "name_prefix": "terraform-",
            "owner_id": "233966445372",
            "revoke_rules_on_delete": false,
            "tags": {
              "Name": "mtc_security_group"
            },
            "tags_all": {
              "Name": "mtc_security_group"
            },
            "timeouts": null,
            "vpc_id": "vpc-07c1a54015ce2d474"
          },
          "sensitive_attributes": [],
          "private": "eyJlMmJmYjczMC1lY2FhLTExZTYtOGY4OC0zNDM2M2JjN2M0YzAiOnsiY3JlYXRlIjo2MDAwMDAwMDAwMDAsImRlbGV0ZSI6OTAwMDAwMDAwMDAwfSwic2NoZW1hX3ZlcnNpb24iOiIxIn0=",
          "dependencies": [
            "module.vpc.aws_vpc.mtc_vpc"
          ]
        }
      ]
    },
    {
      "module": "module.vpc",
      "mode": "managed",
      "type": "aws_subnet",
      "name": "mtc_private_subnet",
      "provider": "provider[\"registry.terraform.io/hashicorp/aws\"]",
      "instances": [
        {
          "schema_version": 1,
          "attributes": {
            "arn": "arn:aws:ec2:eu-west-2:233966445372:subnet/subnet-04301a13ca8156710",
            "assign_ipv6_address_on_creation": false,
            "availability_zone": "eu-west-2a",
            "availability_zone_id": "euw2-az2",
            "cidr_block": "10.123.3.0/24",
            "customer_owned_ipv4_pool": "",
            "enable_dns64": false,
            "enable_resource_name_dns_a_record_on_launch": false,
            "enable_resource_name_dns_aaaa_record_on_launch": false,
            "id": "subnet-04301a13ca8156710",
            "ipv6_cidr_block": "",
            "ipv6_cidr_block_association_id": "",
            "ipv6_native": false,
            "map_customer_owned_ip_on_launch": false,
            "map_public_ip_on_launch": false,
            "outpost_arn": "",
            "owner_id": "233966445372",
            "private_dns_hostname_type_on_launch": "ip-name",
            "tags": {
              "Name": "PrivateSubnet1"
            },
            "tags_all": {
              "Name": "PrivateSubnet1"
            },
            "timeouts": null,
            "vpc_id": "vpc-07c1a54015ce2d474"
          },
          "sensitive_attributes": [],
          "private": "eyJlMmJmYjczMC1lY2FhLTExZTYtOGY4OC0zNDM2M2JjN2M0YzAiOnsiY3JlYXRlIjo2MDAwMDAwMDAwMDAsImRlbGV0ZSI6MTIwMDAwMDAwMDAwMH0sInNjaGVtYV92ZXJzaW9uIjoiMSJ9",
          "dependencies": [
            "module.vpc.aws_vpc.mtc_vpc"
          ]
        }
      ]
    },
    {
      "module": "module.vpc",
      "mode": "managed",
      "type": "aws_subnet",
      "name": "mtc_private_subnet2",
      "provider": "provider[\"registry.terraform.io/hashicorp/aws\"]",
      "instances": [
        {
          "schema_version": 1,
          "attributes": {
            "arn": "arn:aws:ec2:eu-west-2:233966445372:subnet/subnet-07ea6a0746d395a28",
            "assign_ipv6_address_on_creation": false,
            "availability_zone": "eu-west-2b",
            "availability_zone_id": "euw2-az3",
            "cidr_block": "10.123.4.0/24",
            "customer_owned_ipv4_pool": "",
            "enable_dns64": false,
            "enable_resource_name_dns_a_record_on_launch": false,
            "enable_resource_name_dns_aaaa_record_on_launch": false,
            "id": "subnet-07ea6a0746d395a28",
            "ipv6_cidr_block": "",
            "ipv6_cidr_block_association_id": "",
            "ipv6_native": false,
            "map_customer_owned_ip_on_launch": false,
            "map_public_ip_on_launch": false,
            "outpost_arn": "",
            "owner_id": "233966445372",
            "private_dns_hostname_type_on_launch": "ip-name",
            "tags": {
              "Name": "PrivateSubnet2"
            },
            "tags_all": {
              "Name": "PrivateSubnet2"
            },
            "timeouts": null,
            "vpc_id": "vpc-07c1a54015ce2d474"
          },
          "sensitive_attributes": [],
          "private": "eyJlMmJmYjczMC1lY2FhLTExZTYtOGY4OC0zNDM2M2JjN2M0YzAiOnsiY3JlYXRlIjo2MDAwMDAwMDAwMDAsImRlbGV0ZSI6MTIwMDAwMDAwMDAwMH0sInNjaGVtYV92ZXJzaW9uIjoiMSJ9",
          "dependencies": [
            "module.vpc.aws_vpc.mtc_vpc"
          ]
        }
      ]
    },
    {
      "module": "module.vpc",
      "mode": "managed",
      "type": "aws_subnet",
      "name": "mtc_public_subnet",
      "provider": "provider[\"registry.terraform.io/hashicorp/aws\"]",
      "instances": [
        {
          "schema_version": 1,
          "attributes": {
            "arn": "arn:aws:ec2:eu-west-2:233966445372:subnet/subnet-0ba82bf06bbaa6879",
            "assign_ipv6_address_on_creation": false,
            "availability_zone": "eu-west-2a",
            "availability_zone_id": "euw2-az2",
            "cidr_block": "10.123.1.0/24",
            "customer_owned_ipv4_pool": "",
            "enable_dns64": false,
            "enable_resource_name_dns_a_record_on_launch": false,
            "enable_resource_name_dns_aaaa_record_on_launch": false,
            "id": "subnet-0ba82bf06bbaa6879",
            "ipv6_cidr_block": "",
            "ipv6_cidr_block_association_id": "",
            "ipv6_native": false,
            "map_customer_owned_ip_on_launch": false,
            "map_public_ip_on_launch": true,
            "outpost_arn": "",
            "owner_id": "233966445372",
            "private_dns_hostname_type_on_launch": "ip-name",
            "tags": {
              "Name": "PublicSubnet1"
            },
            "tags_all": {
              "Name": "PublicSubnet1"
            },
            "timeouts": null,
            "vpc_id": "vpc-07c1a54015ce2d474"
          },
          "sensitive_attributes": [],
          "private": "eyJlMmJmYjczMC1lY2FhLTExZTYtOGY4OC0zNDM2M2JjN2M0YzAiOnsiY3JlYXRlIjo2MDAwMDAwMDAwMDAsImRlbGV0ZSI6MTIwMDAwMDAwMDAwMH0sInNjaGVtYV92ZXJzaW9uIjoiMSJ9",
          "dependencies": [
            "module.vpc.aws_vpc.mtc_vpc"
          ]
        }
      ]
    },
    {
      "module": "module.vpc",
      "mode": "managed",
      "type": "aws_subnet",
      "name": "mtc_public_subnet_2",
      "provider": "provider[\"registry.terraform.io/hashicorp/aws\"]",
      "instances": [
        {
          "schema_version": 1,
          "attributes": {
            "arn": "arn:aws:ec2:eu-west-2:233966445372:subnet/subnet-0d6de0f5a841f0dfc",
            "assign_ipv6_address_on_creation": false,
            "availability_zone": "eu-west-2b",
            "availability_zone_id": "euw2-az3",
            "cidr_block": "10.123.2.0/24",
            "customer_owned_ipv4_pool": "",
            "enable_dns64": false,
            "enable_resource_name_dns_a_record_on_launch": false,
            "enable_resource_name_dns_aaaa_record_on_launch": false,
            "id": "subnet-0d6de0f5a841f0dfc",
            "ipv6_cidr_block": "",
            "ipv6_cidr_block_association_id": "",
            "ipv6_native": false,
            "map_customer_owned_ip_on_launch": false,
            "map_public_ip_on_launch": true,
            "outpost_arn": "",
            "owner_id": "233966445372",
            "private_dns_hostname_type_on_launch": "ip-name",
            "tags": {
              "Name": "PublicSubnet2"
            },
            "tags_all": {
              "Name": "PublicSubnet2"
            },
            "timeouts": null,
            "vpc_id": "vpc-07c1a54015ce2d474"
          },
          "sensitive_attributes": [],
          "private": "eyJlMmJmYjczMC1lY2FhLTExZTYtOGY4OC0zNDM2M2JjN2M0YzAiOnsiY3JlYXRlIjo2MDAwMDAwMDAwMDAsImRlbGV0ZSI6MTIwMDAwMDAwMDAwMH0sInNjaGVtYV92ZXJzaW9uIjoiMSJ9",
          "dependencies": [
            "module.vpc.aws_vpc.mtc_vpc"
          ]
        }
      ]
    },
    {
      "module": "module.vpc",
      "mode": "managed",
      "type": "aws_vpc",
      "name": "mtc_vpc",
      "provider": "provider[\"registry.terraform.io/hashicorp/aws\"]",
      "instances": [
        {
          "schema_version": 1,
          "attributes": {
            "arn": "arn:aws:ec2:eu-west-2:233966445372:vpc/vpc-07c1a54015ce2d474",
            "assign_generated_ipv6_cidr_block": false,
            "cidr_block": "10.123.0.0/16",
            "default_network_acl_id": "acl-04a9e6acefbfe42df",
            "default_route_table_id": "rtb-02962d115bd0fbfb1",
            "default_security_group_id": "sg-000c26d4ca03a939c",
            "dhcp_options_id": "dopt-08ab0288eb8df5f53",
            "enable_classiclink": false,
            "enable_classiclink_dns_support": false,
            "enable_dns_hostnames": true,
            "enable_dns_support": true,
            "id": "vpc-07c1a54015ce2d474",
            "instance_tenancy": "default",
            "ipv4_ipam_pool_id": null,
            "ipv4_netmask_length": null,
            "ipv6_association_id": "",
            "ipv6_cidr_block": "",
            "ipv6_cidr_block_network_border_group": "",
            "ipv6_ipam_pool_id": "",
            "ipv6_netmask_length": 0,
            "main_route_table_id": "rtb-02962d115bd0fbfb1",
            "owner_id": "233966445372",
            "tags": {
              "Name": "TerraformVPC"
            },
            "tags_all": {
              "Name": "TerraformVPC"
            }
          },
          "sensitive_attributes": [],
          "private": "eyJzY2hlbWFfdmVyc2lvbiI6IjEifQ=="
        }
      ]
    },
    {
      "module": "module.vpc2",
      "mode": "managed",
      "type": "aws_vpc",
      "name": "bar",
      "provider": "provider[\"registry.terraform.io/hashicorp/aws\"]",
      "instances": [
        {
          "schema_version": 1,
          "attributes": {
            "arn": "arn:aws:ec2:eu-west-2:233966445372:vpc/vpc-0dc6e4884be1bd5f8",
            "assign_generated_ipv6_cidr_block": false,
            "cidr_block": "192.168.0.0/16",
            "default_network_acl_id": "acl-09392c44823f486e3",
            "default_route_table_id": "rtb-09fe57bb58f9612df",
            "default_security_group_id": "sg-037e2d303464b4256",
            "dhcp_options_id": "dopt-08ab0288eb8df5f53",
            "enable_classiclink": false,
            "enable_classiclink_dns_support": false,
            "enable_dns_hostnames": false,
            "enable_dns_support": true,
            "id": "vpc-0dc6e4884be1bd5f8",
            "instance_tenancy": "default",
            "ipv4_ipam_pool_id": null,
            "ipv4_netmask_length": null,
            "ipv6_association_id": "",
            "ipv6_cidr_block": "",
            "ipv6_cidr_block_network_border_group": "",
            "ipv6_ipam_pool_id": "",
            "ipv6_netmask_length": 0,
            "main_route_table_id": "rtb-09fe57bb58f9612df",
            "owner_id": "233966445372",
            "tags": {},
            "tags_all": {}
          },
          "sensitive_attributes": [],
          "private": "eyJzY2hlbWFfdmVyc2lvbiI6IjEifQ=="
        }
      ]
    },
    {
      "module": "module.vpc2",
      "mode": "managed",
      "type": "aws_vpc",
      "name": "foo",
      "provider": "provider[\"registry.terraform.io/hashicorp/aws\"]",
      "instances": [
        {
          "schema_version": 1,
          "attributes": {
            "arn": "arn:aws:ec2:eu-west-2:233966445372:vpc/vpc-0de6a9cc67f8ac770",
            "assign_generated_ipv6_cidr_block": false,
            "cidr_block": "10.123.0.0/16",
            "default_network_acl_id": "acl-0bbc2a57df36f77e0",
            "default_route_table_id": "rtb-0f60365629696f204",
            "default_security_group_id": "sg-005f74a50678db0ea",
            "dhcp_options_id": "dopt-08ab0288eb8df5f53",
            "enable_classiclink": false,
            "enable_classiclink_dns_support": false,
            "enable_dns_hostnames": false,
            "enable_dns_support": true,
            "id": "vpc-0de6a9cc67f8ac770",
            "instance_tenancy": "default",
            "ipv4_ipam_pool_id": null,
            "ipv4_netmask_length": null,
            "ipv6_association_id": "",
            "ipv6_cidr_block": "",
            "ipv6_cidr_block_network_border_group": "",
            "ipv6_ipam_pool_id": "",
            "ipv6_netmask_length": 0,
            "main_route_table_id": "rtb-0f60365629696f204",
            "owner_id": "233966445372",
            "tags": {},
            "tags_all": {}
          },
          "sensitive_attributes": [],
          "private": "eyJzY2hlbWFfdmVyc2lvbiI6IjEifQ=="
        }
      ]
    },
    {
      "module": "module.vpc2",
      "mode": "managed",
      "type": "aws_vpc",
      "name": "mtc_vpc",
      "provider": "provider[\"registry.terraform.io/hashicorp/aws\"]",
      "instances": [
        {
          "schema_version": 1,
          "attributes": {
            "arn": "arn:aws:ec2:eu-west-2:233966445372:vpc/vpc-0e0074bef4592127e",
            "assign_generated_ipv6_cidr_block": false,
            "cidr_block": "192.168.0.0/16",
            "default_network_acl_id": "acl-0aa8c59947640a67b",
            "default_route_table_id": "rtb-0eef1c8b1493da589",
            "default_security_group_id": "sg-02fac0cc78425f81b",
            "dhcp_options_id": "dopt-08ab0288eb8df5f53",
            "enable_classiclink": false,
            "enable_classiclink_dns_support": false,
            "enable_dns_hostnames": true,
            "enable_dns_support": true,
            "id": "vpc-0e0074bef4592127e",
            "instance_tenancy": "default",
            "ipv4_ipam_pool_id": null,
            "ipv4_netmask_length": null,
            "ipv6_association_id": "",
            "ipv6_cidr_block": "",
            "ipv6_cidr_block_network_border_group": "",
            "ipv6_ipam_pool_id": "",
            "ipv6_netmask_length": 0,
            "main_route_table_id": "rtb-0eef1c8b1493da589",
            "owner_id": "233966445372",
            "tags": {
              "Name": "TerraformVPC2"
            },
            "tags_all": {
              "Name": "TerraformVPC2"
            }
          },
          "sensitive_attributes": [],
          "private": "eyJzY2hlbWFfdmVyc2lvbiI6IjEifQ=="
        }
      ]
    },
    {
      "module": "module.vpc2",
      "mode": "managed",
      "type": "aws_vpc_peering_connection",
      "name": "foo",
      "provider": "provider[\"registry.terraform.io/hashicorp/aws\"]",
      "instances": [
        {
          "schema_version": 0,
          "attributes": {
            "accept_status": "active",
            "accepter": [
              {
                "allow_classic_link_to_remote_vpc": false,
                "allow_remote_vpc_dns_resolution": false,
                "allow_vpc_to_remote_classic_link": false
              }
            ],
            "auto_accept": true,
            "id": "pcx-0c60236cc7aba333f",
            "peer_owner_id": "233966445372",
            "peer_region": "eu-west-2",
            "peer_vpc_id": "vpc-07c1a54015ce2d474",
            "requester": [
              {
                "allow_classic_link_to_remote_vpc": false,
                "allow_remote_vpc_dns_resolution": false,
                "allow_vpc_to_remote_classic_link": false
              }
            ],
            "tags": {
              "Name": "VPC Peering between foo and bar"
            },
            "tags_all": {
              "Name": "VPC Peering between foo and bar"
            },
            "timeouts": null,
            "vpc_id": "vpc-0e0074bef4592127e"
          },
          "sensitive_attributes": [],
          "private": "eyJlMmJmYjczMC1lY2FhLTExZTYtOGY4OC0zNDM2M2JjN2M0YzAiOnsiY3JlYXRlIjo2MDAwMDAwMDAwMCwiZGVsZXRlIjo2MDAwMDAwMDAwMCwidXBkYXRlIjo2MDAwMDAwMDAwMH19",
          "dependencies": [
            "module.vpc.aws_vpc.mtc_vpc",
            "module.vpc2.aws_vpc.mtc_vpc"
          ]
        }
      ]
    }
  ],
  "check_results": null
}
