{
  "version": 4,
  "terraform_version": "1.10.5",
  "serial": 4388,
  "lineage": "1b003695-6874-2a42-e7f0-b9bc0757bce0",
  "outputs": {},
  "resources": [
    {
      "module": "module.eks",
      "mode": "managed",
      "type": "aws_eks_cluster",
      "name": "example",
      "provider": "provider[\"registry.terraform.io/hashicorp/aws\"]",
      "instances": [
        {
          "schema_version": 0,
          "attributes": {
            "arn": "arn:aws:eks:eu-west-2:233966445372:cluster/KritagyaTerraformEKS",
            "certificate_authority": [
              {
                "data": "LS0tLS1CRUdJTiBDRVJUSUZJQ0FURS0tLS0tCk1JSURCVENDQWUyZ0F3SUJBZ0lJQjRJNHdwQVJHNWd3RFFZSktvWklodmNOQVFFTEJRQXdGVEVUTUJFR0ExVUUKQXhNS2EzVmlaWEp1WlhSbGN6QWVGdzB5TlRBME1UQXhOakkzTUROYUZ3MHpOVEEwTURneE5qTXlNRE5hTUJVeApFekFSQmdOVkJBTVRDbXQxWW1WeWJtVjBaWE13Z2dFaU1BMEdDU3FHU0liM0RRRUJBUVVBQTRJQkR3QXdnZ0VLCkFvSUJBUURMdzlwKzZtaXFyQVhKaUFoRXljM3dSaGNLaFNWT25SbzE0Z0s0UWNJQXhPdkthQndiVnhlNlphUisKcVY4Vkg2NklKL3dUNjRlVUhJWjJHZ2dmNFhWN2NheFgraTJZUTBzT1lEUlZpMDV0YWZWdFJUY0oyMUNnNyttdQpqTWdmZ3JGWmVZUGZySlIzWFZPZlBYVDlOM0M0eTZuVFBlQnExNldkak9nbi9FS2pQaDF5WEdlNFJ4cXRtQWQzCld1WWhzS2ZBQXR1TWtvbllMNVlEK24wLzhGWm9xOGF3dktITzZ1WVo1YkxkdWhZTWg0a0ZoTUVHVUgyVnk0K2YKSnJGYWRzNGVuWUhxQkFJTUM3L0JXVStuTEZ0a3hnMmlRRmRrL1ZFdmhjczcrWFBSQTVtSWsxcTBTM3lkaXJUUApyWk5XV3FWVzlJSm82bjF1bHBzcDBXc090WnAvQWdNQkFBR2pXVEJYTUE0R0ExVWREd0VCL3dRRUF3SUNwREFQCkJnTlZIUk1CQWY4RUJUQURBUUgvTUIwR0ExVWREZ1FXQkJTaHVGcEVsMDRFTWZCTzZ2bE1QaWt4eVc3Z0ZEQVYKQmdOVkhSRUVEakFNZ2dwcmRXSmxjbTVsZEdWek1BMEdDU3FHU0liM0RRRUJDd1VBQTRJQkFRQjYvS0VueDcrOApsTVprQjM2cEl3NGN1VktKUjJpRFFBVElicUNNSUtVS0NGNThmRXNLNWVDYVk1TGZPU2FBZHhSOXVBdWFLMEZYCmpKOWZiZ0xTMTM5UHlDVk9Fd25BZ2FscGh4TkJ2UkVsMGhMa09HbWF1RDlEZlhGRGlTbWE4Y0dsOUVDYjdWVkgKRDhaS1l3T1JSMm1zK0k3YzFSdk5obFFsU1BqNXprc0hXSnYwdWRCTWxrMGdzQVpxNUJtVTFMSXdDVDVZWkZJaQpKQWFLeEJSWVU2WTF4c20vUkhabHJkSkdzbzMwc3pHOWorYS9pTzI3dk9IU216d2hwOVRqbXRSbjN4bzJmMUFlCnMrdjBmRjRxK1BoZnpJZWJoMU9adXg2UE9XM3lCUnQ0TXRVR2Jnc0IxSVdsUXdBTncxU2xzVVd1SGhRcVhlUmYKRTY4L1R4OVMvQitSCi0tLS0tRU5EIENFUlRJRklDQVRFLS0tLS0K"
              }
            ],
            "created_at": "2025-04-10 16:27:57.269 +0000 UTC",
            "enabled_cluster_log_types": [],
            "encryption_config": [],
            "endpoint": "https://B84937F14E528F8A2E34661F43EE1AF6.sk1.eu-west-2.eks.amazonaws.com",
            "id": "KritagyaTerraformEKS",
            "identity": [
              {
                "oidc": [
                  {
                    "issuer": "https://oidc.eks.eu-west-2.amazonaws.com/id/B84937F14E528F8A2E34661F43EE1AF6"
                  }
                ]
              }
            ],
            "kubernetes_network_config": [
              {
                "ip_family": "ipv4",
                "service_ipv4_cidr": "172.20.0.0/16"
              }
            ],
            "name": "KritagyaTerraformEKS",
            "platform_version": "eks.22",
            "role_arn": "arn:aws:iam::233966445372:role/eks-cluster-role",
            "status": "ACTIVE",
            "tags": {},
            "tags_all": {},
            "timeouts": null,
            "version": "1.31",
            "vpc_config": [
              {
                "cluster_security_group_id": "sg-0d54f01ac5f726c6b",
                "endpoint_private_access": false,
                "endpoint_public_access": true,
                "public_access_cidrs": [
                  "0.0.0.0/0"
                ],
                "security_group_ids": [],
                "subnet_ids": [
                  "subnet-012c6b5b2916c2f49",
                  "subnet-012c85f3457f24940",
                  "subnet-070d88678815c63ac"
                ],
                "vpc_id": "vpc-072af66c7159cdcb5"
              }
            ]
          },
          "sensitive_attributes": [],
          "private": "eyJlMmJmYjczMC1lY2FhLTExZTYtOGY4OC0zNDM2M2JjN2M0YzAiOnsiY3JlYXRlIjoxODAwMDAwMDAwMDAwLCJkZWxldGUiOjkwMDAwMDAwMDAwMCwidXBkYXRlIjozNjAwMDAwMDAwMDAwfX0=",
          "dependencies": [
            "module.iam_role.aws_iam_role.eks_cluster_role",
            "module.vpc.aws_subnet.mtc_private_subnet",
            "module.vpc.aws_subnet.mtc_public_subnet",
            "module.vpc.aws_subnet.mtc_public_subnet_2",
            "module.vpc.aws_vpc.mtc_vpc"
          ]
        }
      ]
    },
    {
      "module": "module.iam_role",
      "mode": "managed",
      "type": "aws_iam_role",
      "name": "eks_cluster_role",
      "provider": "provider[\"registry.terraform.io/hashicorp/aws\"]",
      "instances": [
        {
          "schema_version": 0,
          "attributes": {
            "arn": "arn:aws:iam::233966445372:role/eks-cluster-role",
            "assume_role_policy": "{\"Version\":\"2012-10-17\",\"Statement\":[{\"Effect\":\"Allow\",\"Principal\":{\"Service\":\"eks.amazonaws.com\"},\"Action\":\"sts:AssumeRole\"}]}",
            "create_date": "2025-04-10T16:27:29Z",
            "description": "",
            "force_detach_policies": false,
            "id": "eks-cluster-role",
            "inline_policy": [
              {
                "name": "",
                "policy": ""
              }
            ],
            "managed_policy_arns": [],
            "max_session_duration": 3600,
            "name": "eks-cluster-role",
            "name_prefix": "",
            "path": "/",
            "permissions_boundary": null,
            "tags": {},
            "tags_all": {},
            "unique_id": "AROATM6L4UM6CLCXSFJMY"
          },
          "sensitive_attributes": [],
          "private": "bnVsbA=="
        }
      ]
    },
    {
      "module": "module.vpc",
      "mode": "managed",
      "type": "aws_subnet",
      "name": "mtc_private_subnet",
      "provider": "provider[\"registry.terraform.io/hashicorp/aws\"]",
      "instances": [
        {
          "schema_version": 1,
          "attributes": {
            "arn": "arn:aws:ec2:eu-west-2:233966445372:subnet/subnet-012c6b5b2916c2f49",
            "assign_ipv6_address_on_creation": false,
            "availability_zone": "eu-west-2a",
            "availability_zone_id": "euw2-az2",
            "cidr_block": "10.123.3.0/24",
            "customer_owned_ipv4_pool": "",
            "enable_dns64": false,
            "enable_resource_name_dns_a_record_on_launch": false,
            "enable_resource_name_dns_aaaa_record_on_launch": false,
            "id": "subnet-012c6b5b2916c2f49",
            "ipv6_cidr_block": "",
            "ipv6_cidr_block_association_id": "",
            "ipv6_native": false,
            "map_customer_owned_ip_on_launch": false,
            "map_public_ip_on_launch": false,
            "outpost_arn": "",
            "owner_id": "233966445372",
            "private_dns_hostname_type_on_launch": "ip-name",
            "tags": {
              "Name": "PrivateSubnet1"
            },
            "tags_all": {
              "Name": "PrivateSubnet1"
            },
            "timeouts": null,
            "vpc_id": "vpc-072af66c7159cdcb5"
          },
          "sensitive_attributes": [],
          "private": "eyJlMmJmYjczMC1lY2FhLTExZTYtOGY4OC0zNDM2M2JjN2M0YzAiOnsiY3JlYXRlIjo2MDAwMDAwMDAwMDAsImRlbGV0ZSI6MTIwMDAwMDAwMDAwMH0sInNjaGVtYV92ZXJzaW9uIjoiMSJ9",
          "dependencies": [
            "module.vpc.aws_vpc.mtc_vpc"
          ]
        }
      ]
    },
    {
      "module": "module.vpc",
      "mode": "managed",
      "type": "aws_subnet",
      "name": "mtc_public_subnet",
      "provider": "provider[\"registry.terraform.io/hashicorp/aws\"]",
      "instances": [
        {
          "schema_version": 1,
          "attributes": {
            "arn": "arn:aws:ec2:eu-west-2:233966445372:subnet/subnet-012c85f3457f24940",
            "assign_ipv6_address_on_creation": false,
            "availability_zone": "eu-west-2a",
            "availability_zone_id": "euw2-az2",
            "cidr_block": "10.123.1.0/24",
            "customer_owned_ipv4_pool": "",
            "enable_dns64": false,
            "enable_resource_name_dns_a_record_on_launch": false,
            "enable_resource_name_dns_aaaa_record_on_launch": false,
            "id": "subnet-012c85f3457f24940",
            "ipv6_cidr_block": "",
            "ipv6_cidr_block_association_id": "",
            "ipv6_native": false,
            "map_customer_owned_ip_on_launch": false,
            "map_public_ip_on_launch": true,
            "outpost_arn": "",
            "owner_id": "233966445372",
            "private_dns_hostname_type_on_launch": "ip-name",
            "tags": {
              "Name": "PublicSubnet1"
            },
            "tags_all": {
              "Name": "PublicSubnet1"
            },
            "timeouts": null,
            "vpc_id": "vpc-072af66c7159cdcb5"
          },
          "sensitive_attributes": [],
          "private": "eyJlMmJmYjczMC1lY2FhLTExZTYtOGY4OC0zNDM2M2JjN2M0YzAiOnsiY3JlYXRlIjo2MDAwMDAwMDAwMDAsImRlbGV0ZSI6MTIwMDAwMDAwMDAwMH0sInNjaGVtYV92ZXJzaW9uIjoiMSJ9",
          "dependencies": [
            "module.vpc.aws_vpc.mtc_vpc"
          ]
        }
      ]
    },
    {
      "module": "module.vpc",
      "mode": "managed",
      "type": "aws_subnet",
      "name": "mtc_public_subnet_2",
      "provider": "provider[\"registry.terraform.io/hashicorp/aws\"]",
      "instances": [
        {
          "schema_version": 1,
          "attributes": {
            "arn": "arn:aws:ec2:eu-west-2:233966445372:subnet/subnet-070d88678815c63ac",
            "assign_ipv6_address_on_creation": false,
            "availability_zone": "eu-west-2b",
            "availability_zone_id": "euw2-az3",
            "cidr_block": "10.123.2.0/24",
            "customer_owned_ipv4_pool": "",
            "enable_dns64": false,
            "enable_resource_name_dns_a_record_on_launch": false,
            "enable_resource_name_dns_aaaa_record_on_launch": false,
            "id": "subnet-070d88678815c63ac",
            "ipv6_cidr_block": "",
            "ipv6_cidr_block_association_id": "",
            "ipv6_native": false,
            "map_customer_owned_ip_on_launch": false,
            "map_public_ip_on_launch": true,
            "outpost_arn": "",
            "owner_id": "233966445372",
            "private_dns_hostname_type_on_launch": "ip-name",
            "tags": {
              "Name": "PublicSubnet2"
            },
            "tags_all": {
              "Name": "PublicSubnet2"
            },
            "timeouts": null,
            "vpc_id": "vpc-072af66c7159cdcb5"
          },
          "sensitive_attributes": [],
          "private": "eyJlMmJmYjczMC1lY2FhLTExZTYtOGY4OC0zNDM2M2JjN2M0YzAiOnsiY3JlYXRlIjo2MDAwMDAwMDAwMDAsImRlbGV0ZSI6MTIwMDAwMDAwMDAwMH0sInNjaGVtYV92ZXJzaW9uIjoiMSJ9",
          "dependencies": [
            "module.vpc.aws_vpc.mtc_vpc"
          ]
        }
      ]
    },
    {
      "module": "module.vpc",
      "mode": "managed",
      "type": "aws_vpc",
      "name": "mtc_vpc",
      "provider": "provider[\"registry.terraform.io/hashicorp/aws\"]",
      "instances": [
        {
          "schema_version": 1,
          "attributes": {
            "arn": "arn:aws:ec2:eu-west-2:233966445372:vpc/vpc-072af66c7159cdcb5",
            "assign_generated_ipv6_cidr_block": false,
            "cidr_block": "10.123.0.0/16",
            "default_network_acl_id": "acl-038188ad999f2cac7",
            "default_route_table_id": "rtb-0aaa342730e491f65",
            "default_security_group_id": "sg-05b3d269197ab26ae",
            "dhcp_options_id": "dopt-08ab0288eb8df5f53",
            "enable_classiclink": false,
            "enable_classiclink_dns_support": false,
            "enable_dns_hostnames": true,
            "enable_dns_support": true,
            "id": "vpc-072af66c7159cdcb5",
            "instance_tenancy": "default",
            "ipv4_ipam_pool_id": null,
            "ipv4_netmask_length": null,
            "ipv6_association_id": "",
            "ipv6_cidr_block": "",
            "ipv6_cidr_block_network_border_group": "",
            "ipv6_ipam_pool_id": "",
            "ipv6_netmask_length": 0,
            "main_route_table_id": "rtb-0aaa342730e491f65",
            "owner_id": "233966445372",
            "tags": {
              "Name": "TerraformVPC"
            },
            "tags_all": {
              "Name": "TerraformVPC"
            }
          },
          "sensitive_attributes": [],
          "private": "eyJzY2hlbWFfdmVyc2lvbiI6IjEifQ=="
        }
      ]
    }
  ],
  "check_results": null
}
